
Microsoft Visual Studio Solution File, Format Version 12.00
# Visual Studio Version 17
VisualStudioVersion = 17.0.31717.71
MinimumVisualStudioVersion = 10.0.40219.1
Project("{D954291E-2A0B-460D-934E-DC6B0785DB48}") = "LigricUno.Shared", "LigricUno\LigricUno.Shared\LigricUno.Shared.shproj", "{6279C845-92F8-4333-AB99-3D213163593C}"
EndProject
Project("{2150E333-8FDC-42A3-9474-1A3956D46DE8}") = "Platforms", "Platforms", "{4F832A98-4528-4472-8ACC-E60ED99D034D}"
EndProject
Project("{9A19103F-16F7-4668-BE54-9A1E7A4F7556}") = "LigricUno.Mobile", "LigricUno\LigricUno.Mobile\LigricUno.Mobile.csproj", "{80096507-9B45-462A-B7F0-C43BC5B6CEB9}"
EndProject
Project("{FAE04EC0-301F-11D3-BF4B-00C04F79EFBC}") = "LigricUno.UWP", "LigricUno\LigricUno.UWP\LigricUno.UWP.csproj", "{493647CE-BFEF-44C1-96E5-4FB4B32A7786}"
EndProject
Project("{9A19103F-16F7-4668-BE54-9A1E7A4F7556}") = "LigricUno.Wasm", "LigricUno\LigricUno.Wasm\LigricUno.Wasm.csproj", "{BC082DFF-04B6-4D5D-AB5D-35B2AD850AB0}"
EndProject
Project("{9A19103F-16F7-4668-BE54-9A1E7A4F7556}") = "LigricUno.Skia.Wpf.Host", "LigricUno\LigricUno.Skia.Wpf.Host\LigricUno.Skia.Wpf.Host.csproj", "{D83CF4D9-E043-485A-B0AC-EE928BEB5813}"
EndProject
Project("{9A19103F-16F7-4668-BE54-9A1E7A4F7556}") = "LigricUno.Skia.Wpf", "LigricUno\LigricUno.Skia.Wpf\LigricUno.Skia.Wpf.csproj", "{2379E352-5AB4-4BB1-A5DD-651BE8D14966}"
EndProject
Project("{9A19103F-16F7-4668-BE54-9A1E7A4F7556}") = "LigricUno.Skia.Gtk", "LigricUno\LigricUno.Skia.Gtk\LigricUno.Skia.Gtk.csproj", "{37256D90-835E-4230-84B0-039DB32C00CB}"
EndProject
Project("{2150E333-8FDC-42A3-9474-1A3956D46DE8}") = "Uno", "Uno", "{178898B9-4BE6-4076-90FB-0BA455D160CF}"
EndProject
Project("{9A19103F-16F7-4668-BE54-9A1E7A4F7556}") = "LigricCommonTypesMvvm", "LigricCommonTypesMvvm\LigricCommonTypesMvvm.csproj", "{6C48F1BF-065F-4258-AE60-9730755B03F4}"
EndProject
Project("{FAE04EC0-301F-11D3-BF4B-00C04F79EFBC}") = "LigricMvvm", "LigricMvvm\LigricMvvm.csproj", "{C423B4B2-C64A-40B1-A549-C2754299BCC0}"
EndProject
Global
	GlobalSection(SharedMSBuildProjectFiles) = preSolution
		LigricUno\LigricUno.Shared\LigricUno.Shared.projitems*{2379e352-5ab4-4bb1-a5dd-651be8d14966}*SharedItemsImports = 5
		LigricUno\LigricUno.Shared\LigricUno.Shared.projitems*{37256d90-835e-4230-84b0-039db32c00cb}*SharedItemsImports = 5
		LigricUno\LigricUno.Shared\LigricUno.Shared.projitems*{493647ce-bfef-44c1-96e5-4fb4b32a7786}*SharedItemsImports = 4
		LigricUno\LigricUno.Shared\LigricUno.Shared.projitems*{6279c845-92f8-4333-ab99-3d213163593c}*SharedItemsImports = 13
		LigricUno\LigricUno.Shared\LigricUno.Shared.projitems*{80096507-9b45-462a-b7f0-c43bc5b6ceb9}*SharedItemsImports = 5
		LigricUno\LigricUno.Shared\LigricUno.Shared.projitems*{bc082dff-04b6-4d5d-ab5d-35b2ad850ab0}*SharedItemsImports = 5
	EndGlobalSection
	GlobalSection(SolutionConfigurationPlatforms) = preSolution
		Debug|Any CPU = Debug|Any CPU
		Debug|ARM = Debug|ARM
		Debug|ARM64 = Debug|ARM64
		Debug|x64 = Debug|x64
		Debug|x86 = Debug|x86
		Release|Any CPU = Release|Any CPU
		Release|ARM = Release|ARM
		Release|ARM64 = Release|ARM64
		Release|x64 = Release|x64
		Release|x86 = Release|x86
	EndGlobalSection
	GlobalSection(ProjectConfigurationPlatforms) = postSolution
		{80096507-9B45-462A-B7F0-C43BC5B6CEB9}.Debug|Any CPU.ActiveCfg = Debug|Any CPU
		{80096507-9B45-462A-B7F0-C43BC5B6CEB9}.Debug|Any CPU.Build.0 = Debug|Any CPU
		{80096507-9B45-462A-B7F0-C43BC5B6CEB9}.Debug|Any CPU.Deploy.0 = Debug|Any CPU
		{80096507-9B45-462A-B7F0-C43BC5B6CEB9}.Debug|ARM.ActiveCfg = Debug|Any CPU
		{80096507-9B45-462A-B7F0-C43BC5B6CEB9}.Debug|ARM.Build.0 = Debug|Any CPU
		{80096507-9B45-462A-B7F0-C43BC5B6CEB9}.Debug|ARM.Deploy.0 = Debug|Any CPU
		{80096507-9B45-462A-B7F0-C43BC5B6CEB9}.Debug|ARM64.ActiveCfg = Debug|Any CPU
		{80096507-9B45-462A-B7F0-C43BC5B6CEB9}.Debug|ARM64.Build.0 = Debug|Any CPU
		{80096507-9B45-462A-B7F0-C43BC5B6CEB9}.Debug|ARM64.Deploy.0 = Debug|Any CPU
		{80096507-9B45-462A-B7F0-C43BC5B6CEB9}.Debug|x64.ActiveCfg = Debug|Any CPU
		{80096507-9B45-462A-B7F0-C43BC5B6CEB9}.Debug|x64.Build.0 = Debug|Any CPU
		{80096507-9B45-462A-B7F0-C43BC5B6CEB9}.Debug|x64.Deploy.0 = Debug|Any CPU
		{80096507-9B45-462A-B7F0-C43BC5B6CEB9}.Debug|x86.ActiveCfg = Debug|Any CPU
		{80096507-9B45-462A-B7F0-C43BC5B6CEB9}.Debug|x86.Build.0 = Debug|Any CPU
		{80096507-9B45-462A-B7F0-C43BC5B6CEB9}.Debug|x86.Deploy.0 = Debug|Any CPU
		{80096507-9B45-462A-B7F0-C43BC5B6CEB9}.Release|Any CPU.ActiveCfg = Release|Any CPU
		{80096507-9B45-462A-B7F0-C43BC5B6CEB9}.Release|Any CPU.Build.0 = Release|Any CPU
		{80096507-9B45-462A-B7F0-C43BC5B6CEB9}.Release|Any CPU.Deploy.0 = Release|Any CPU
		{80096507-9B45-462A-B7F0-C43BC5B6CEB9}.Release|ARM.ActiveCfg = Release|Any CPU
		{80096507-9B45-462A-B7F0-C43BC5B6CEB9}.Release|ARM.Build.0 = Release|Any CPU
		{80096507-9B45-462A-B7F0-C43BC5B6CEB9}.Release|ARM.Deploy.0 = Release|Any CPU
		{80096507-9B45-462A-B7F0-C43BC5B6CEB9}.Release|ARM64.ActiveCfg = Release|Any CPU
		{80096507-9B45-462A-B7F0-C43BC5B6CEB9}.Release|ARM64.Build.0 = Release|Any CPU
		{80096507-9B45-462A-B7F0-C43BC5B6CEB9}.Release|ARM64.Deploy.0 = Release|Any CPU
		{80096507-9B45-462A-B7F0-C43BC5B6CEB9}.Release|x64.ActiveCfg = Release|Any CPU
		{80096507-9B45-462A-B7F0-C43BC5B6CEB9}.Release|x64.Build.0 = Release|Any CPU
		{80096507-9B45-462A-B7F0-C43BC5B6CEB9}.Release|x64.Deploy.0 = Release|Any CPU
		{80096507-9B45-462A-B7F0-C43BC5B6CEB9}.Release|x86.ActiveCfg = Release|Any CPU
		{80096507-9B45-462A-B7F0-C43BC5B6CEB9}.Release|x86.Build.0 = Release|Any CPU
		{80096507-9B45-462A-B7F0-C43BC5B6CEB9}.Release|x86.Deploy.0 = Release|Any CPU
		{493647CE-BFEF-44C1-96E5-4FB4B32A7786}.Debug|Any CPU.ActiveCfg = Debug|x86
		{493647CE-BFEF-44C1-96E5-4FB4B32A7786}.Debug|Any CPU.Build.0 = Debug|x86
		{493647CE-BFEF-44C1-96E5-4FB4B32A7786}.Debug|Any CPU.Deploy.0 = Debug|x86
		{493647CE-BFEF-44C1-96E5-4FB4B32A7786}.Debug|ARM.ActiveCfg = Debug|ARM
		{493647CE-BFEF-44C1-96E5-4FB4B32A7786}.Debug|ARM.Build.0 = Debug|ARM
		{493647CE-BFEF-44C1-96E5-4FB4B32A7786}.Debug|ARM.Deploy.0 = Debug|ARM
		{493647CE-BFEF-44C1-96E5-4FB4B32A7786}.Debug|ARM64.ActiveCfg = Debug|ARM64
		{493647CE-BFEF-44C1-96E5-4FB4B32A7786}.Debug|ARM64.Build.0 = Debug|ARM64
		{493647CE-BFEF-44C1-96E5-4FB4B32A7786}.Debug|ARM64.Deploy.0 = Debug|ARM64
		{493647CE-BFEF-44C1-96E5-4FB4B32A7786}.Debug|x64.ActiveCfg = Debug|x64
		{493647CE-BFEF-44C1-96E5-4FB4B32A7786}.Debug|x64.Build.0 = Debug|x64
		{493647CE-BFEF-44C1-96E5-4FB4B32A7786}.Debug|x64.Deploy.0 = Debug|x64
		{493647CE-BFEF-44C1-96E5-4FB4B32A7786}.Debug|x86.ActiveCfg = Debug|x86
		{493647CE-BFEF-44C1-96E5-4FB4B32A7786}.Debug|x86.Build.0 = Debug|x86
		{493647CE-BFEF-44C1-96E5-4FB4B32A7786}.Debug|x86.Deploy.0 = Debug|x86
		{493647CE-BFEF-44C1-96E5-4FB4B32A7786}.Release|Any CPU.ActiveCfg = Release|x86
		{493647CE-BFEF-44C1-96E5-4FB4B32A7786}.Release|ARM.ActiveCfg = Release|ARM
		{493647CE-BFEF-44C1-96E5-4FB4B32A7786}.Release|ARM.Build.0 = Release|ARM
		{493647CE-BFEF-44C1-96E5-4FB4B32A7786}.Release|ARM.Deploy.0 = Release|ARM
		{493647CE-BFEF-44C1-96E5-4FB4B32A7786}.Release|ARM64.ActiveCfg = Release|ARM64
		{493647CE-BFEF-44C1-96E5-4FB4B32A7786}.Release|ARM64.Build.0 = Release|ARM64
		{493647CE-BFEF-44C1-96E5-4FB4B32A7786}.Release|ARM64.Deploy.0 = Release|ARM64
		{493647CE-BFEF-44C1-96E5-4FB4B32A7786}.Release|x64.ActiveCfg = Release|x64
		{493647CE-BFEF-44C1-96E5-4FB4B32A7786}.Release|x64.Build.0 = Release|x64
		{493647CE-BFEF-44C1-96E5-4FB4B32A7786}.Release|x64.Deploy.0 = Release|x64
		{493647CE-BFEF-44C1-96E5-4FB4B32A7786}.Release|x86.ActiveCfg = Release|x86
		{493647CE-BFEF-44C1-96E5-4FB4B32A7786}.Release|x86.Build.0 = Release|x86
		{493647CE-BFEF-44C1-96E5-4FB4B32A7786}.Release|x86.Deploy.0 = Release|x86
		{BC082DFF-04B6-4D5D-AB5D-35B2AD850AB0}.Debug|Any CPU.ActiveCfg = Debug|Any CPU
		{BC082DFF-04B6-4D5D-AB5D-35B2AD850AB0}.Debug|Any CPU.Build.0 = Debug|Any CPU
		{BC082DFF-04B6-4D5D-AB5D-35B2AD850AB0}.Debug|ARM.ActiveCfg = Debug|Any CPU
		{BC082DFF-04B6-4D5D-AB5D-35B2AD850AB0}.Debug|ARM.Build.0 = Debug|Any CPU
		{BC082DFF-04B6-4D5D-AB5D-35B2AD850AB0}.Debug|ARM64.ActiveCfg = Debug|Any CPU
		{BC082DFF-04B6-4D5D-AB5D-35B2AD850AB0}.Debug|ARM64.Build.0 = Debug|Any CPU
		{BC082DFF-04B6-4D5D-AB5D-35B2AD850AB0}.Debug|x64.ActiveCfg = Debug|Any CPU
		{BC082DFF-04B6-4D5D-AB5D-35B2AD850AB0}.Debug|x64.Build.0 = Debug|Any CPU
		{BC082DFF-04B6-4D5D-AB5D-35B2AD850AB0}.Debug|x86.ActiveCfg = Debug|Any CPU
		{BC082DFF-04B6-4D5D-AB5D-35B2AD850AB0}.Debug|x86.Build.0 = Debug|Any CPU
		{BC082DFF-04B6-4D5D-AB5D-35B2AD850AB0}.Release|Any CPU.ActiveCfg = Release|Any CPU
		{BC082DFF-04B6-4D5D-AB5D-35B2AD850AB0}.Release|Any CPU.Build.0 = Release|Any CPU
		{BC082DFF-04B6-4D5D-AB5D-35B2AD850AB0}.Release|ARM.ActiveCfg = Release|Any CPU
		{BC082DFF-04B6-4D5D-AB5D-35B2AD850AB0}.Release|ARM.Build.0 = Release|Any CPU
		{BC082DFF-04B6-4D5D-AB5D-35B2AD850AB0}.Release|ARM64.ActiveCfg = Release|Any CPU
		{BC082DFF-04B6-4D5D-AB5D-35B2AD850AB0}.Release|ARM64.Build.0 = Release|Any CPU
		{BC082DFF-04B6-4D5D-AB5D-35B2AD850AB0}.Release|x64.ActiveCfg = Release|Any CPU
		{BC082DFF-04B6-4D5D-AB5D-35B2AD850AB0}.Release|x64.Build.0 = Release|Any CPU
		{BC082DFF-04B6-4D5D-AB5D-35B2AD850AB0}.Release|x86.ActiveCfg = Release|Any CPU
		{BC082DFF-04B6-4D5D-AB5D-35B2AD850AB0}.Release|x86.Build.0 = Release|Any CPU
		{D83CF4D9-E043-485A-B0AC-EE928BEB5813}.Debug|Any CPU.ActiveCfg = Debug|Any CPU
		{D83CF4D9-E043-485A-B0AC-EE928BEB5813}.Debug|Any CPU.Build.0 = Debug|Any CPU
		{D83CF4D9-E043-485A-B0AC-EE928BEB5813}.Debug|ARM.ActiveCfg = Debug|Any CPU
		{D83CF4D9-E043-485A-B0AC-EE928BEB5813}.Debug|ARM.Build.0 = Debug|Any CPU
		{D83CF4D9-E043-485A-B0AC-EE928BEB5813}.Debug|ARM64.ActiveCfg = Debug|Any CPU
		{D83CF4D9-E043-485A-B0AC-EE928BEB5813}.Debug|ARM64.Build.0 = Debug|Any CPU
		{D83CF4D9-E043-485A-B0AC-EE928BEB5813}.Debug|x64.ActiveCfg = Debug|Any CPU
		{D83CF4D9-E043-485A-B0AC-EE928BEB5813}.Debug|x64.Build.0 = Debug|Any CPU
		{D83CF4D9-E043-485A-B0AC-EE928BEB5813}.Debug|x86.ActiveCfg = Debug|Any CPU
		{D83CF4D9-E043-485A-B0AC-EE928BEB5813}.Debug|x86.Build.0 = Debug|Any CPU
		{D83CF4D9-E043-485A-B0AC-EE928BEB5813}.Release|Any CPU.ActiveCfg = Release|Any CPU
		{D83CF4D9-E043-485A-B0AC-EE928BEB5813}.Release|Any CPU.Build.0 = Release|Any CPU
		{D83CF4D9-E043-485A-B0AC-EE928BEB5813}.Release|ARM.ActiveCfg = Release|Any CPU
		{D83CF4D9-E043-485A-B0AC-EE928BEB5813}.Release|ARM.Build.0 = Release|Any CPU
		{D83CF4D9-E043-485A-B0AC-EE928BEB5813}.Release|ARM64.ActiveCfg = Release|Any CPU
		{D83CF4D9-E043-485A-B0AC-EE928BEB5813}.Release|ARM64.Build.0 = Release|Any CPU
		{D83CF4D9-E043-485A-B0AC-EE928BEB5813}.Release|x64.ActiveCfg = Release|Any CPU
		{D83CF4D9-E043-485A-B0AC-EE928BEB5813}.Release|x64.Build.0 = Release|Any CPU
		{D83CF4D9-E043-485A-B0AC-EE928BEB5813}.Release|x86.ActiveCfg = Release|Any CPU
		{D83CF4D9-E043-485A-B0AC-EE928BEB5813}.Release|x86.Build.0 = Release|Any CPU
		{2379E352-5AB4-4BB1-A5DD-651BE8D14966}.Debug|Any CPU.ActiveCfg = Debug|Any CPU
		{2379E352-5AB4-4BB1-A5DD-651BE8D14966}.Debug|Any CPU.Build.0 = Debug|Any CPU
		{2379E352-5AB4-4BB1-A5DD-651BE8D14966}.Debug|ARM.ActiveCfg = Debug|Any CPU
		{2379E352-5AB4-4BB1-A5DD-651BE8D14966}.Debug|ARM.Build.0 = Debug|Any CPU
		{2379E352-5AB4-4BB1-A5DD-651BE8D14966}.Debug|ARM64.ActiveCfg = Debug|Any CPU
		{2379E352-5AB4-4BB1-A5DD-651BE8D14966}.Debug|ARM64.Build.0 = Debug|Any CPU
		{2379E352-5AB4-4BB1-A5DD-651BE8D14966}.Debug|x64.ActiveCfg = Debug|Any CPU
		{2379E352-5AB4-4BB1-A5DD-651BE8D14966}.Debug|x64.Build.0 = Debug|Any CPU
		{2379E352-5AB4-4BB1-A5DD-651BE8D14966}.Debug|x86.ActiveCfg = Debug|Any CPU
		{2379E352-5AB4-4BB1-A5DD-651BE8D14966}.Debug|x86.Build.0 = Debug|Any CPU
		{2379E352-5AB4-4BB1-A5DD-651BE8D14966}.Release|Any CPU.ActiveCfg = Release|Any CPU
		{2379E352-5AB4-4BB1-A5DD-651BE8D14966}.Release|Any CPU.Build.0 = Release|Any CPU
		{2379E352-5AB4-4BB1-A5DD-651BE8D14966}.Release|ARM.ActiveCfg = Release|Any CPU
		{2379E352-5AB4-4BB1-A5DD-651BE8D14966}.Release|ARM.Build.0 = Release|Any CPU
		{2379E352-5AB4-4BB1-A5DD-651BE8D14966}.Release|ARM64.ActiveCfg = Release|Any CPU
		{2379E352-5AB4-4BB1-A5DD-651BE8D14966}.Release|ARM64.Build.0 = Release|Any CPU
		{2379E352-5AB4-4BB1-A5DD-651BE8D14966}.Release|x64.ActiveCfg = Release|Any CPU
		{2379E352-5AB4-4BB1-A5DD-651BE8D14966}.Release|x64.Build.0 = Release|Any CPU
		{2379E352-5AB4-4BB1-A5DD-651BE8D14966}.Release|x86.ActiveCfg = Release|Any CPU
		{2379E352-5AB4-4BB1-A5DD-651BE8D14966}.Release|x86.Build.0 = Release|Any CPU
		{37256D90-835E-4230-84B0-039DB32C00CB}.Debug|Any CPU.ActiveCfg = Debug|Any CPU
		{37256D90-835E-4230-84B0-039DB32C00CB}.Debug|Any CPU.Build.0 = Debug|Any CPU
		{37256D90-835E-4230-84B0-039DB32C00CB}.Debug|ARM.ActiveCfg = Debug|Any CPU
		{37256D90-835E-4230-84B0-039DB32C00CB}.Debug|ARM.Build.0 = Debug|Any CPU
		{37256D90-835E-4230-84B0-039DB32C00CB}.Debug|ARM64.ActiveCfg = Debug|Any CPU
		{37256D90-835E-4230-84B0-039DB32C00CB}.Debug|ARM64.Build.0 = Debug|Any CPU
		{37256D90-835E-4230-84B0-039DB32C00CB}.Debug|x64.ActiveCfg = Debug|Any CPU
		{37256D90-835E-4230-84B0-039DB32C00CB}.Debug|x64.Build.0 = Debug|Any CPU
		{37256D90-835E-4230-84B0-039DB32C00CB}.Debug|x86.ActiveCfg = Debug|Any CPU
		{37256D90-835E-4230-84B0-039DB32C00CB}.Debug|x86.Build.0 = Debug|Any CPU
		{37256D90-835E-4230-84B0-039DB32C00CB}.Release|Any CPU.ActiveCfg = Release|Any CPU
		{37256D90-835E-4230-84B0-039DB32C00CB}.Release|Any CPU.Build.0 = Release|Any CPU
		{37256D90-835E-4230-84B0-039DB32C00CB}.Release|ARM.ActiveCfg = Release|Any CPU
		{37256D90-835E-4230-84B0-039DB32C00CB}.Release|ARM.Build.0 = Release|Any CPU
		{37256D90-835E-4230-84B0-039DB32C00CB}.Release|ARM64.ActiveCfg = Release|Any CPU
		{37256D90-835E-4230-84B0-039DB32C00CB}.Release|ARM64.Build.0 = Release|Any CPU
		{37256D90-835E-4230-84B0-039DB32C00CB}.Release|x64.ActiveCfg = Release|Any CPU
		{37256D90-835E-4230-84B0-039DB32C00CB}.Release|x64.Build.0 = Release|Any CPU
		{37256D90-835E-4230-84B0-039DB32C00CB}.Release|x86.ActiveCfg = Release|Any CPU
		{37256D90-835E-4230-84B0-039DB32C00CB}.Release|x86.Build.0 = Release|Any CPU
		{6C48F1BF-065F-4258-AE60-9730755B03F4}.Debug|Any CPU.ActiveCfg = Debug|Any CPU
		{6C48F1BF-065F-4258-AE60-9730755B03F4}.Debug|Any CPU.Build.0 = Debug|Any CPU
		{6C48F1BF-065F-4258-AE60-9730755B03F4}.Debug|ARM.ActiveCfg = Debug|Any CPU
		{6C48F1BF-065F-4258-AE60-9730755B03F4}.Debug|ARM.Build.0 = Debug|Any CPU
		{6C48F1BF-065F-4258-AE60-9730755B03F4}.Debug|ARM64.ActiveCfg = Debug|Any CPU
		{6C48F1BF-065F-4258-AE60-9730755B03F4}.Debug|ARM64.Build.0 = Debug|Any CPU
		{6C48F1BF-065F-4258-AE60-9730755B03F4}.Debug|x64.ActiveCfg = Debug|Any CPU
		{6C48F1BF-065F-4258-AE60-9730755B03F4}.Debug|x64.Build.0 = Debug|Any CPU
		{6C48F1BF-065F-4258-AE60-9730755B03F4}.Debug|x86.ActiveCfg = Debug|Any CPU
		{6C48F1BF-065F-4258-AE60-9730755B03F4}.Debug|x86.Build.0 = Debug|Any CPU
		{6C48F1BF-065F-4258-AE60-9730755B03F4}.Release|Any CPU.ActiveCfg = Release|Any CPU
		{6C48F1BF-065F-4258-AE60-9730755B03F4}.Release|Any CPU.Build.0 = Release|Any CPU
		{6C48F1BF-065F-4258-AE60-9730755B03F4}.Release|ARM.ActiveCfg = Release|Any CPU
		{6C48F1BF-065F-4258-AE60-9730755B03F4}.Release|ARM.Build.0 = Release|Any CPU
		{6C48F1BF-065F-4258-AE60-9730755B03F4}.Release|ARM64.ActiveCfg = Release|Any CPU
		{6C48F1BF-065F-4258-AE60-9730755B03F4}.Release|ARM64.Build.0 = Release|Any CPU
		{6C48F1BF-065F-4258-AE60-9730755B03F4}.Release|x64.ActiveCfg = Release|Any CPU
		{6C48F1BF-065F-4258-AE60-9730755B03F4}.Release|x64.Build.0 = Release|Any CPU
		{6C48F1BF-065F-4258-AE60-9730755B03F4}.Release|x86.ActiveCfg = Release|Any CPU
		{6C48F1BF-065F-4258-AE60-9730755B03F4}.Release|x86.Build.0 = Release|Any CPU
		{C423B4B2-C64A-40B1-A549-C2754299BCC0}.Debug|Any CPU.ActiveCfg = Debug|Any CPU
		{C423B4B2-C64A-40B1-A549-C2754299BCC0}.Debug|Any CPU.Build.0 = Debug|Any CPU
		{C423B4B2-C64A-40B1-A549-C2754299BCC0}.Debug|ARM.ActiveCfg = Debug|Any CPU
		{C423B4B2-C64A-40B1-A549-C2754299BCC0}.Debug|ARM.Build.0 = Debug|Any CPU
		{C423B4B2-C64A-40B1-A549-C2754299BCC0}.Debug|ARM64.ActiveCfg = Debug|Any CPU
		{C423B4B2-C64A-40B1-A549-C2754299BCC0}.Debug|ARM64.Build.0 = Debug|Any CPU
		{C423B4B2-C64A-40B1-A549-C2754299BCC0}.Debug|x64.ActiveCfg = Debug|Any CPU
		{C423B4B2-C64A-40B1-A549-C2754299BCC0}.Debug|x64.Build.0 = Debug|Any CPU
		{C423B4B2-C64A-40B1-A549-C2754299BCC0}.Debug|x86.ActiveCfg = Debug|Any CPU
		{C423B4B2-C64A-40B1-A549-C2754299BCC0}.Debug|x86.Build.0 = Debug|Any CPU
		{C423B4B2-C64A-40B1-A549-C2754299BCC0}.Release|Any CPU.ActiveCfg = Release|Any CPU
		{C423B4B2-C64A-40B1-A549-C2754299BCC0}.Release|Any CPU.Build.0 = Release|Any CPU
		{C423B4B2-C64A-40B1-A549-C2754299BCC0}.Release|ARM.ActiveCfg = Release|Any CPU
		{C423B4B2-C64A-40B1-A549-C2754299BCC0}.Release|ARM.Build.0 = Release|Any CPU
		{C423B4B2-C64A-40B1-A549-C2754299BCC0}.Release|ARM64.ActiveCfg = Release|Any CPU
		{C423B4B2-C64A-40B1-A549-C2754299BCC0}.Release|ARM64.Build.0 = Release|Any CPU
		{C423B4B2-C64A-40B1-A549-C2754299BCC0}.Release|x64.ActiveCfg = Release|Any CPU
		{C423B4B2-C64A-40B1-A549-C2754299BCC0}.Release|x64.Build.0 = Release|Any CPU
		{C423B4B2-C64A-40B1-A549-C2754299BCC0}.Release|x86.ActiveCfg = Release|Any CPU
		{C423B4B2-C64A-40B1-A549-C2754299BCC0}.Release|x86.Build.0 = Release|Any CPU
	EndGlobalSection
	GlobalSection(SolutionProperties) = preSolution
		HideSolutionNode = FALSE
	EndGlobalSection
	GlobalSection(NestedProjects) = preSolution
		{6279C845-92F8-4333-AB99-3D213163593C} = {178898B9-4BE6-4076-90FB-0BA455D160CF}
		{4F832A98-4528-4472-8ACC-E60ED99D034D} = {178898B9-4BE6-4076-90FB-0BA455D160CF}
		{80096507-9B45-462A-B7F0-C43BC5B6CEB9} = {4F832A98-4528-4472-8ACC-E60ED99D034D}
		{493647CE-BFEF-44C1-96E5-4FB4B32A7786} = {4F832A98-4528-4472-8ACC-E60ED99D034D}
		{BC082DFF-04B6-4D5D-AB5D-35B2AD850AB0} = {4F832A98-4528-4472-8ACC-E60ED99D034D}
		{D83CF4D9-E043-485A-B0AC-EE928BEB5813} = {4F832A98-4528-4472-8ACC-E60ED99D034D}
		{2379E352-5AB4-4BB1-A5DD-651BE8D14966} = {4F832A98-4528-4472-8ACC-E60ED99D034D}
		{37256D90-835E-4230-84B0-039DB32C00CB} = {4F832A98-4528-4472-8ACC-E60ED99D034D}
	EndGlobalSection
	GlobalSection(ExtensibilityGlobals) = postSolution
		SolutionGuid = {A6EC84AE-7617-4BAA-882E-6B258FD15AC3}
	EndGlobalSection
EndGlobal
