
Microsoft Visual Studio Solution File, Format Version 12.00
# Visual Studio Version 17
VisualStudioVersion = 17.0.31710.8
MinimumVisualStudioVersion = 10.0.40219.1
Project("{D954291E-2A0B-460D-934E-DC6B0785DB48}") = "LigricUno.Shared", "LigricUno\LigricUno.Shared\LigricUno.Shared.shproj", "{6279C845-92F8-4333-AB99-3D213163593C}"
EndProject
Project("{2150E333-8FDC-42A3-9474-1A3956D46DE8}") = "Platforms", "Platforms", "{56C856F9-C87D-4E79-A09A-E02D2B8EA75A}"
EndProject
Project("{FAE04EC0-301F-11D3-BF4B-00C04F79EFBC}") = "LigricUno.Mobile", "LigricUno\LigricUno.Mobile\LigricUno.Mobile.csproj", "{CAD2B7F5-92D9-4947-8088-03A2F2B9C61F}"
EndProject
Project("{FAE04EC0-301F-11D3-BF4B-00C04F79EFBC}") = "LigricUno.UWP", "LigricUno\LigricUno.UWP\LigricUno.UWP.csproj", "{0DFADC61-130A-48D5-8608-80240CC44377}"
EndProject
Project("{FAE04EC0-301F-11D3-BF4B-00C04F79EFBC}") = "LigricUno.Wasm", "LigricUno\LigricUno.Wasm\LigricUno.Wasm.csproj", "{D8A8EDF4-9431-4C3C-A599-607A12AA0F8E}"
EndProject
Project("{FAE04EC0-301F-11D3-BF4B-00C04F79EFBC}") = "LigricUno.Skia.Wpf.Host", "LigricUno\LigricUno.Skia.Wpf.Host\LigricUno.Skia.Wpf.Host.csproj", "{FB907DA6-CFDF-4E0F-87D4-CC9ED376B0D3}"
EndProject
Project("{FAE04EC0-301F-11D3-BF4B-00C04F79EFBC}") = "LigricUno.Skia.Wpf", "LigricUno\LigricUno.Skia.Wpf\LigricUno.Skia.Wpf.csproj", "{BC4E308E-6AE9-41F4-9DA2-BB9745D9CF2B}"
EndProject
Project("{FAE04EC0-301F-11D3-BF4B-00C04F79EFBC}") = "LigricUno.Skia.Gtk", "LigricUno\LigricUno.Skia.Gtk\LigricUno.Skia.Gtk.csproj", "{A8920C9F-567F-45A0-BCBD-D814DB355790}"
EndProject
Global
	GlobalSection(SharedMSBuildProjectFiles) = preSolution
		LigricUno\LigricUno.Shared\LigricUno.Shared.projitems*{0dfadc61-130a-48d5-8608-80240cc44377}*SharedItemsImports = 4
		LigricUno\LigricUno.Shared\LigricUno.Shared.projitems*{6279c845-92f8-4333-ab99-3d213163593c}*SharedItemsImports = 13
		LigricUno\LigricUno.Shared\LigricUno.Shared.projitems*{a8920c9f-567f-45a0-bcbd-d814db355790}*SharedItemsImports = 5
		LigricUno\LigricUno.Shared\LigricUno.Shared.projitems*{bc4e308e-6ae9-41f4-9da2-bb9745d9cf2b}*SharedItemsImports = 5
		LigricUno\LigricUno.Shared\LigricUno.Shared.projitems*{cad2b7f5-92d9-4947-8088-03a2f2b9c61f}*SharedItemsImports = 5
		LigricUno\LigricUno.Shared\LigricUno.Shared.projitems*{d8a8edf4-9431-4c3c-a599-607a12aa0f8e}*SharedItemsImports = 5
	EndGlobalSection
	GlobalSection(SolutionConfigurationPlatforms) = preSolution
		Debug|Any CPU = Debug|Any CPU
		Debug|ARM = Debug|ARM
		Debug|ARM64 = Debug|ARM64
		Debug|x64 = Debug|x64
		Debug|x86 = Debug|x86
		Release|Any CPU = Release|Any CPU
		Release|ARM = Release|ARM
		Release|ARM64 = Release|ARM64
		Release|x64 = Release|x64
		Release|x86 = Release|x86
	EndGlobalSection
	GlobalSection(ProjectConfigurationPlatforms) = postSolution
		{CAD2B7F5-92D9-4947-8088-03A2F2B9C61F}.Debug|Any CPU.ActiveCfg = Debug|Any CPU
		{CAD2B7F5-92D9-4947-8088-03A2F2B9C61F}.Debug|Any CPU.Build.0 = Debug|Any CPU
		{CAD2B7F5-92D9-4947-8088-03A2F2B9C61F}.Debug|Any CPU.Deploy.0 = Debug|Any CPU
		{CAD2B7F5-92D9-4947-8088-03A2F2B9C61F}.Debug|ARM.ActiveCfg = Debug|Any CPU
		{CAD2B7F5-92D9-4947-8088-03A2F2B9C61F}.Debug|ARM.Build.0 = Debug|Any CPU
		{CAD2B7F5-92D9-4947-8088-03A2F2B9C61F}.Debug|ARM.Deploy.0 = Debug|Any CPU
		{CAD2B7F5-92D9-4947-8088-03A2F2B9C61F}.Debug|ARM64.ActiveCfg = Debug|Any CPU
		{CAD2B7F5-92D9-4947-8088-03A2F2B9C61F}.Debug|ARM64.Build.0 = Debug|Any CPU
		{CAD2B7F5-92D9-4947-8088-03A2F2B9C61F}.Debug|ARM64.Deploy.0 = Debug|Any CPU
		{CAD2B7F5-92D9-4947-8088-03A2F2B9C61F}.Debug|x64.ActiveCfg = Debug|Any CPU
		{CAD2B7F5-92D9-4947-8088-03A2F2B9C61F}.Debug|x64.Build.0 = Debug|Any CPU
		{CAD2B7F5-92D9-4947-8088-03A2F2B9C61F}.Debug|x64.Deploy.0 = Debug|Any CPU
		{CAD2B7F5-92D9-4947-8088-03A2F2B9C61F}.Debug|x86.ActiveCfg = Debug|Any CPU
		{CAD2B7F5-92D9-4947-8088-03A2F2B9C61F}.Debug|x86.Build.0 = Debug|Any CPU
		{CAD2B7F5-92D9-4947-8088-03A2F2B9C61F}.Debug|x86.Deploy.0 = Debug|Any CPU
		{CAD2B7F5-92D9-4947-8088-03A2F2B9C61F}.Release|Any CPU.ActiveCfg = Release|Any CPU
		{CAD2B7F5-92D9-4947-8088-03A2F2B9C61F}.Release|Any CPU.Build.0 = Release|Any CPU
		{CAD2B7F5-92D9-4947-8088-03A2F2B9C61F}.Release|Any CPU.Deploy.0 = Release|Any CPU
		{CAD2B7F5-92D9-4947-8088-03A2F2B9C61F}.Release|ARM.ActiveCfg = Release|Any CPU
		{CAD2B7F5-92D9-4947-8088-03A2F2B9C61F}.Release|ARM.Build.0 = Release|Any CPU
		{CAD2B7F5-92D9-4947-8088-03A2F2B9C61F}.Release|ARM.Deploy.0 = Release|Any CPU
		{CAD2B7F5-92D9-4947-8088-03A2F2B9C61F}.Release|ARM64.ActiveCfg = Release|Any CPU
		{CAD2B7F5-92D9-4947-8088-03A2F2B9C61F}.Release|ARM64.Build.0 = Release|Any CPU
		{CAD2B7F5-92D9-4947-8088-03A2F2B9C61F}.Release|ARM64.Deploy.0 = Release|Any CPU
		{CAD2B7F5-92D9-4947-8088-03A2F2B9C61F}.Release|x64.ActiveCfg = Release|Any CPU
		{CAD2B7F5-92D9-4947-8088-03A2F2B9C61F}.Release|x64.Build.0 = Release|Any CPU
		{CAD2B7F5-92D9-4947-8088-03A2F2B9C61F}.Release|x64.Deploy.0 = Release|Any CPU
		{CAD2B7F5-92D9-4947-8088-03A2F2B9C61F}.Release|x86.ActiveCfg = Release|Any CPU
		{CAD2B7F5-92D9-4947-8088-03A2F2B9C61F}.Release|x86.Build.0 = Release|Any CPU
		{CAD2B7F5-92D9-4947-8088-03A2F2B9C61F}.Release|x86.Deploy.0 = Release|Any CPU
		{0DFADC61-130A-48D5-8608-80240CC44377}.Debug|Any CPU.ActiveCfg = Debug|x86
		{0DFADC61-130A-48D5-8608-80240CC44377}.Debug|Any CPU.Build.0 = Debug|x86
		{0DFADC61-130A-48D5-8608-80240CC44377}.Debug|Any CPU.Deploy.0 = Debug|x86
		{0DFADC61-130A-48D5-8608-80240CC44377}.Debug|ARM.ActiveCfg = Debug|ARM
		{0DFADC61-130A-48D5-8608-80240CC44377}.Debug|ARM.Build.0 = Debug|ARM
		{0DFADC61-130A-48D5-8608-80240CC44377}.Debug|ARM.Deploy.0 = Debug|ARM
		{0DFADC61-130A-48D5-8608-80240CC44377}.Debug|ARM64.ActiveCfg = Debug|ARM64
		{0DFADC61-130A-48D5-8608-80240CC44377}.Debug|ARM64.Build.0 = Debug|ARM64
		{0DFADC61-130A-48D5-8608-80240CC44377}.Debug|ARM64.Deploy.0 = Debug|ARM64
		{0DFADC61-130A-48D5-8608-80240CC44377}.Debug|x64.ActiveCfg = Debug|x64
		{0DFADC61-130A-48D5-8608-80240CC44377}.Debug|x64.Build.0 = Debug|x64
		{0DFADC61-130A-48D5-8608-80240CC44377}.Debug|x64.Deploy.0 = Debug|x64
		{0DFADC61-130A-48D5-8608-80240CC44377}.Debug|x86.ActiveCfg = Debug|x86
		{0DFADC61-130A-48D5-8608-80240CC44377}.Debug|x86.Build.0 = Debug|x86
		{0DFADC61-130A-48D5-8608-80240CC44377}.Debug|x86.Deploy.0 = Debug|x86
		{0DFADC61-130A-48D5-8608-80240CC44377}.Release|Any CPU.ActiveCfg = Release|x86
		{0DFADC61-130A-48D5-8608-80240CC44377}.Release|ARM.ActiveCfg = Release|ARM
		{0DFADC61-130A-48D5-8608-80240CC44377}.Release|ARM.Build.0 = Release|ARM
		{0DFADC61-130A-48D5-8608-80240CC44377}.Release|ARM.Deploy.0 = Release|ARM
		{0DFADC61-130A-48D5-8608-80240CC44377}.Release|ARM64.ActiveCfg = Release|ARM64
		{0DFADC61-130A-48D5-8608-80240CC44377}.Release|ARM64.Build.0 = Release|ARM64
		{0DFADC61-130A-48D5-8608-80240CC44377}.Release|ARM64.Deploy.0 = Release|ARM64
		{0DFADC61-130A-48D5-8608-80240CC44377}.Release|x64.ActiveCfg = Release|x64
		{0DFADC61-130A-48D5-8608-80240CC44377}.Release|x64.Build.0 = Release|x64
		{0DFADC61-130A-48D5-8608-80240CC44377}.Release|x64.Deploy.0 = Release|x64
		{0DFADC61-130A-48D5-8608-80240CC44377}.Release|x86.ActiveCfg = Release|x86
		{0DFADC61-130A-48D5-8608-80240CC44377}.Release|x86.Build.0 = Release|x86
		{0DFADC61-130A-48D5-8608-80240CC44377}.Release|x86.Deploy.0 = Release|x86
		{D8A8EDF4-9431-4C3C-A599-607A12AA0F8E}.Debug|Any CPU.ActiveCfg = Debug|Any CPU
		{D8A8EDF4-9431-4C3C-A599-607A12AA0F8E}.Debug|Any CPU.Build.0 = Debug|Any CPU
		{D8A8EDF4-9431-4C3C-A599-607A12AA0F8E}.Debug|ARM.ActiveCfg = Debug|Any CPU
		{D8A8EDF4-9431-4C3C-A599-607A12AA0F8E}.Debug|ARM.Build.0 = Debug|Any CPU
		{D8A8EDF4-9431-4C3C-A599-607A12AA0F8E}.Debug|ARM64.ActiveCfg = Debug|Any CPU
		{D8A8EDF4-9431-4C3C-A599-607A12AA0F8E}.Debug|ARM64.Build.0 = Debug|Any CPU
		{D8A8EDF4-9431-4C3C-A599-607A12AA0F8E}.Debug|x64.ActiveCfg = Debug|Any CPU
		{D8A8EDF4-9431-4C3C-A599-607A12AA0F8E}.Debug|x64.Build.0 = Debug|Any CPU
		{D8A8EDF4-9431-4C3C-A599-607A12AA0F8E}.Debug|x86.ActiveCfg = Debug|Any CPU
		{D8A8EDF4-9431-4C3C-A599-607A12AA0F8E}.Debug|x86.Build.0 = Debug|Any CPU
		{D8A8EDF4-9431-4C3C-A599-607A12AA0F8E}.Release|Any CPU.ActiveCfg = Release|Any CPU
		{D8A8EDF4-9431-4C3C-A599-607A12AA0F8E}.Release|Any CPU.Build.0 = Release|Any CPU
		{D8A8EDF4-9431-4C3C-A599-607A12AA0F8E}.Release|ARM.ActiveCfg = Release|Any CPU
		{D8A8EDF4-9431-4C3C-A599-607A12AA0F8E}.Release|ARM.Build.0 = Release|Any CPU
		{D8A8EDF4-9431-4C3C-A599-607A12AA0F8E}.Release|ARM64.ActiveCfg = Release|Any CPU
		{D8A8EDF4-9431-4C3C-A599-607A12AA0F8E}.Release|ARM64.Build.0 = Release|Any CPU
		{D8A8EDF4-9431-4C3C-A599-607A12AA0F8E}.Release|x64.ActiveCfg = Release|Any CPU
		{D8A8EDF4-9431-4C3C-A599-607A12AA0F8E}.Release|x64.Build.0 = Release|Any CPU
		{D8A8EDF4-9431-4C3C-A599-607A12AA0F8E}.Release|x86.ActiveCfg = Release|Any CPU
		{D8A8EDF4-9431-4C3C-A599-607A12AA0F8E}.Release|x86.Build.0 = Release|Any CPU
		{FB907DA6-CFDF-4E0F-87D4-CC9ED376B0D3}.Debug|Any CPU.ActiveCfg = Debug|Any CPU
		{FB907DA6-CFDF-4E0F-87D4-CC9ED376B0D3}.Debug|Any CPU.Build.0 = Debug|Any CPU
		{FB907DA6-CFDF-4E0F-87D4-CC9ED376B0D3}.Debug|ARM.ActiveCfg = Debug|Any CPU
		{FB907DA6-CFDF-4E0F-87D4-CC9ED376B0D3}.Debug|ARM.Build.0 = Debug|Any CPU
		{FB907DA6-CFDF-4E0F-87D4-CC9ED376B0D3}.Debug|ARM64.ActiveCfg = Debug|Any CPU
		{FB907DA6-CFDF-4E0F-87D4-CC9ED376B0D3}.Debug|ARM64.Build.0 = Debug|Any CPU
		{FB907DA6-CFDF-4E0F-87D4-CC9ED376B0D3}.Debug|x64.ActiveCfg = Debug|Any CPU
		{FB907DA6-CFDF-4E0F-87D4-CC9ED376B0D3}.Debug|x64.Build.0 = Debug|Any CPU
		{FB907DA6-CFDF-4E0F-87D4-CC9ED376B0D3}.Debug|x86.ActiveCfg = Debug|Any CPU
		{FB907DA6-CFDF-4E0F-87D4-CC9ED376B0D3}.Debug|x86.Build.0 = Debug|Any CPU
		{FB907DA6-CFDF-4E0F-87D4-CC9ED376B0D3}.Release|Any CPU.ActiveCfg = Release|Any CPU
		{FB907DA6-CFDF-4E0F-87D4-CC9ED376B0D3}.Release|Any CPU.Build.0 = Release|Any CPU
		{FB907DA6-CFDF-4E0F-87D4-CC9ED376B0D3}.Release|ARM.ActiveCfg = Release|Any CPU
		{FB907DA6-CFDF-4E0F-87D4-CC9ED376B0D3}.Release|ARM.Build.0 = Release|Any CPU
		{FB907DA6-CFDF-4E0F-87D4-CC9ED376B0D3}.Release|ARM64.ActiveCfg = Release|Any CPU
		{FB907DA6-CFDF-4E0F-87D4-CC9ED376B0D3}.Release|ARM64.Build.0 = Release|Any CPU
		{FB907DA6-CFDF-4E0F-87D4-CC9ED376B0D3}.Release|x64.ActiveCfg = Release|Any CPU
		{FB907DA6-CFDF-4E0F-87D4-CC9ED376B0D3}.Release|x64.Build.0 = Release|Any CPU
		{FB907DA6-CFDF-4E0F-87D4-CC9ED376B0D3}.Release|x86.ActiveCfg = Release|Any CPU
		{FB907DA6-CFDF-4E0F-87D4-CC9ED376B0D3}.Release|x86.Build.0 = Release|Any CPU
		{BC4E308E-6AE9-41F4-9DA2-BB9745D9CF2B}.Debug|Any CPU.ActiveCfg = Debug|Any CPU
		{BC4E308E-6AE9-41F4-9DA2-BB9745D9CF2B}.Debug|Any CPU.Build.0 = Debug|Any CPU
		{BC4E308E-6AE9-41F4-9DA2-BB9745D9CF2B}.Debug|ARM.ActiveCfg = Debug|Any CPU
		{BC4E308E-6AE9-41F4-9DA2-BB9745D9CF2B}.Debug|ARM.Build.0 = Debug|Any CPU
		{BC4E308E-6AE9-41F4-9DA2-BB9745D9CF2B}.Debug|ARM64.ActiveCfg = Debug|Any CPU
		{BC4E308E-6AE9-41F4-9DA2-BB9745D9CF2B}.Debug|ARM64.Build.0 = Debug|Any CPU
		{BC4E308E-6AE9-41F4-9DA2-BB9745D9CF2B}.Debug|x64.ActiveCfg = Debug|Any CPU
		{BC4E308E-6AE9-41F4-9DA2-BB9745D9CF2B}.Debug|x64.Build.0 = Debug|Any CPU
		{BC4E308E-6AE9-41F4-9DA2-BB9745D9CF2B}.Debug|x86.ActiveCfg = Debug|Any CPU
		{BC4E308E-6AE9-41F4-9DA2-BB9745D9CF2B}.Debug|x86.Build.0 = Debug|Any CPU
		{BC4E308E-6AE9-41F4-9DA2-BB9745D9CF2B}.Release|Any CPU.ActiveCfg = Release|Any CPU
		{BC4E308E-6AE9-41F4-9DA2-BB9745D9CF2B}.Release|Any CPU.Build.0 = Release|Any CPU
		{BC4E308E-6AE9-41F4-9DA2-BB9745D9CF2B}.Release|ARM.ActiveCfg = Release|Any CPU
		{BC4E308E-6AE9-41F4-9DA2-BB9745D9CF2B}.Release|ARM.Build.0 = Release|Any CPU
		{BC4E308E-6AE9-41F4-9DA2-BB9745D9CF2B}.Release|ARM64.ActiveCfg = Release|Any CPU
		{BC4E308E-6AE9-41F4-9DA2-BB9745D9CF2B}.Release|ARM64.Build.0 = Release|Any CPU
		{BC4E308E-6AE9-41F4-9DA2-BB9745D9CF2B}.Release|x64.ActiveCfg = Release|Any CPU
		{BC4E308E-6AE9-41F4-9DA2-BB9745D9CF2B}.Release|x64.Build.0 = Release|Any CPU
		{BC4E308E-6AE9-41F4-9DA2-BB9745D9CF2B}.Release|x86.ActiveCfg = Release|Any CPU
		{BC4E308E-6AE9-41F4-9DA2-BB9745D9CF2B}.Release|x86.Build.0 = Release|Any CPU
		{A8920C9F-567F-45A0-BCBD-D814DB355790}.Debug|Any CPU.ActiveCfg = Debug|Any CPU
		{A8920C9F-567F-45A0-BCBD-D814DB355790}.Debug|Any CPU.Build.0 = Debug|Any CPU
		{A8920C9F-567F-45A0-BCBD-D814DB355790}.Debug|ARM.ActiveCfg = Debug|Any CPU
		{A8920C9F-567F-45A0-BCBD-D814DB355790}.Debug|ARM.Build.0 = Debug|Any CPU
		{A8920C9F-567F-45A0-BCBD-D814DB355790}.Debug|ARM64.ActiveCfg = Debug|Any CPU
		{A8920C9F-567F-45A0-BCBD-D814DB355790}.Debug|ARM64.Build.0 = Debug|Any CPU
		{A8920C9F-567F-45A0-BCBD-D814DB355790}.Debug|x64.ActiveCfg = Debug|Any CPU
		{A8920C9F-567F-45A0-BCBD-D814DB355790}.Debug|x64.Build.0 = Debug|Any CPU
		{A8920C9F-567F-45A0-BCBD-D814DB355790}.Debug|x86.ActiveCfg = Debug|Any CPU
		{A8920C9F-567F-45A0-BCBD-D814DB355790}.Debug|x86.Build.0 = Debug|Any CPU
		{A8920C9F-567F-45A0-BCBD-D814DB355790}.Release|Any CPU.ActiveCfg = Release|Any CPU
		{A8920C9F-567F-45A0-BCBD-D814DB355790}.Release|Any CPU.Build.0 = Release|Any CPU
		{A8920C9F-567F-45A0-BCBD-D814DB355790}.Release|ARM.ActiveCfg = Release|Any CPU
		{A8920C9F-567F-45A0-BCBD-D814DB355790}.Release|ARM.Build.0 = Release|Any CPU
		{A8920C9F-567F-45A0-BCBD-D814DB355790}.Release|ARM64.ActiveCfg = Release|Any CPU
		{A8920C9F-567F-45A0-BCBD-D814DB355790}.Release|ARM64.Build.0 = Release|Any CPU
		{A8920C9F-567F-45A0-BCBD-D814DB355790}.Release|x64.ActiveCfg = Release|Any CPU
		{A8920C9F-567F-45A0-BCBD-D814DB355790}.Release|x64.Build.0 = Release|Any CPU
		{A8920C9F-567F-45A0-BCBD-D814DB355790}.Release|x86.ActiveCfg = Release|Any CPU
		{A8920C9F-567F-45A0-BCBD-D814DB355790}.Release|x86.Build.0 = Release|Any CPU
	EndGlobalSection
	GlobalSection(SolutionProperties) = preSolution
		HideSolutionNode = FALSE
	EndGlobalSection
	GlobalSection(NestedProjects) = preSolution
		{CAD2B7F5-92D9-4947-8088-03A2F2B9C61F} = {56C856F9-C87D-4E79-A09A-E02D2B8EA75A}
		{0DFADC61-130A-48D5-8608-80240CC44377} = {56C856F9-C87D-4E79-A09A-E02D2B8EA75A}
		{D8A8EDF4-9431-4C3C-A599-607A12AA0F8E} = {56C856F9-C87D-4E79-A09A-E02D2B8EA75A}
		{FB907DA6-CFDF-4E0F-87D4-CC9ED376B0D3} = {56C856F9-C87D-4E79-A09A-E02D2B8EA75A}
		{BC4E308E-6AE9-41F4-9DA2-BB9745D9CF2B} = {56C856F9-C87D-4E79-A09A-E02D2B8EA75A}
		{A8920C9F-567F-45A0-BCBD-D814DB355790} = {56C856F9-C87D-4E79-A09A-E02D2B8EA75A}
	EndGlobalSection
	GlobalSection(ExtensibilityGlobals) = postSolution
		SolutionGuid = {A1E21BC6-AA3D-461D-BBB4-D0AE11A38DC5}
	EndGlobalSection
EndGlobal
