
Microsoft Visual Studio Solution File, Format Version 12.00
# Visual Studio Version 17
VisualStudioVersion = 17.0.31612.314
MinimumVisualStudioVersion = 10.0.40219.1
Project("{9A19103F-16F7-4668-BE54-9A1E7A4F7556}") = "ViewMaui", "ViewMaui\ViewMaui\ViewMaui.csproj", "{4C9652B3-F527-4F17-8F42-883A14806EF4}"
EndProject
Project("{2150E333-8FDC-42A3-9474-1A3956D46DE8}") = "Views", "Views", "{65F61343-8719-49CA-9116-EB5C5307D56C}"
EndProject
Project("{9A19103F-16F7-4668-BE54-9A1E7A4F7556}") = "ViewModelEngine", "..\LigricCore\Engine\ViewModelEngine\ViewModelEngine.csproj", "{6740F755-A52A-4E52-AD6D-BF1F5941000D}"
EndProject
Project("{2150E333-8FDC-42A3-9474-1A3956D46DE8}") = "ViewModels", "ViewModels", "{F573594F-F471-45E8-A68F-0C39736F7124}"
EndProject
Project("{2150E333-8FDC-42A3-9474-1A3956D46DE8}") = "ViewModelAbstactions", "ViewModelAbstactions", "{B548C64B-A65A-4E82-9F23-565BB199625D}"
EndProject
Project("{2150E333-8FDC-42A3-9474-1A3956D46DE8}") = "Other", "Other", "{2D5C3A1E-655D-45B8-B0DA-8369DF1721C4}"
EndProject
Project("{9A19103F-16F7-4668-BE54-9A1E7A4F7556}") = "ViewModelUnoRealization", "ViewModelUnoRealization\ViewModelUnoRealization.csproj", "{2569B7C7-C7F5-46E8-AB3D-1D60F221ED1A}"
EndProject
Project("{9A19103F-16F7-4668-BE54-9A1E7A4F7556}") = "ViewModelBoardAbstraction", "ViewModelBoardAbstraction\ViewModelBoardAbstraction.csproj", "{80016E36-9BFA-421B-8A02-2A9436487CE6}"
EndProject
Project("{9A19103F-16F7-4668-BE54-9A1E7A4F7556}") = "Common", "..\LigricCore\Common\Common.csproj", "{A9E4E388-4EDF-43FD-B17B-6C9478B6419B}"
EndProject
Project("{9A19103F-16F7-4668-BE54-9A1E7A4F7556}") = "BoardRepository", "..\LigricCore\Model\ModelBoards\BoardRepository.csproj", "{E86A530E-595F-49FC-BA89-512B8F80BE92}"
EndProject
Project("{2150E333-8FDC-42A3-9474-1A3956D46DE8}") = "Models", "Models", "{4BA4CF38-8598-4970-9FC9-F93051CE2CD1}"
EndProject
Project("{9A19103F-16F7-4668-BE54-9A1E7A4F7556}") = "AbstractionBoardRepository", "..\LigricCore\Abstraction\ModelAbstractions\AbstractionBoardRepository\AbstractionBoardRepository.csproj", "{FDEEFC64-0BB0-433B-990E-EA0403C38AD4}"
EndProject
Project("{9A19103F-16F7-4668-BE54-9A1E7A4F7556}") = "AbstractionBitZlatoRequests", "..\LigricCore\Abstraction\ModelAbstractions\AbstractionBitZlatoRequests\AbstractionBitZlatoRequests.csproj", "{FDC2916E-E9F0-423B-9CE4-E01D196CB9C1}"
EndProject
Project("{9A19103F-16F7-4668-BE54-9A1E7A4F7556}") = "AbstractionRepository", "..\LigricCore\AbstractionRepository\AbstractionRepository.csproj", "{79C2493D-CFFD-43BD-A226-6DFEBC381FCD}"
EndProject
Global
	GlobalSection(SolutionConfigurationPlatforms) = preSolution
		Debug|Any CPU = Debug|Any CPU
		Release|Any CPU = Release|Any CPU
	EndGlobalSection
	GlobalSection(ProjectConfigurationPlatforms) = postSolution
		{4C9652B3-F527-4F17-8F42-883A14806EF4}.Debug|Any CPU.ActiveCfg = Debug|Any CPU
		{4C9652B3-F527-4F17-8F42-883A14806EF4}.Debug|Any CPU.Build.0 = Debug|Any CPU
		{4C9652B3-F527-4F17-8F42-883A14806EF4}.Debug|Any CPU.Deploy.0 = Debug|Any CPU
		{4C9652B3-F527-4F17-8F42-883A14806EF4}.Release|Any CPU.ActiveCfg = Release|Any CPU
		{4C9652B3-F527-4F17-8F42-883A14806EF4}.Release|Any CPU.Build.0 = Release|Any CPU
		{6740F755-A52A-4E52-AD6D-BF1F5941000D}.Debug|Any CPU.ActiveCfg = Debug|Any CPU
		{6740F755-A52A-4E52-AD6D-BF1F5941000D}.Debug|Any CPU.Build.0 = Debug|Any CPU
		{6740F755-A52A-4E52-AD6D-BF1F5941000D}.Release|Any CPU.ActiveCfg = Release|Any CPU
		{6740F755-A52A-4E52-AD6D-BF1F5941000D}.Release|Any CPU.Build.0 = Release|Any CPU
		{2569B7C7-C7F5-46E8-AB3D-1D60F221ED1A}.Debug|Any CPU.ActiveCfg = Debug|Any CPU
		{2569B7C7-C7F5-46E8-AB3D-1D60F221ED1A}.Debug|Any CPU.Build.0 = Debug|Any CPU
		{2569B7C7-C7F5-46E8-AB3D-1D60F221ED1A}.Release|Any CPU.ActiveCfg = Release|Any CPU
		{2569B7C7-C7F5-46E8-AB3D-1D60F221ED1A}.Release|Any CPU.Build.0 = Release|Any CPU
		{80016E36-9BFA-421B-8A02-2A9436487CE6}.Debug|Any CPU.ActiveCfg = Debug|Any CPU
		{80016E36-9BFA-421B-8A02-2A9436487CE6}.Debug|Any CPU.Build.0 = Debug|Any CPU
		{80016E36-9BFA-421B-8A02-2A9436487CE6}.Release|Any CPU.ActiveCfg = Release|Any CPU
		{80016E36-9BFA-421B-8A02-2A9436487CE6}.Release|Any CPU.Build.0 = Release|Any CPU
		{A9E4E388-4EDF-43FD-B17B-6C9478B6419B}.Debug|Any CPU.ActiveCfg = Debug|Any CPU
		{A9E4E388-4EDF-43FD-B17B-6C9478B6419B}.Debug|Any CPU.Build.0 = Debug|Any CPU
		{A9E4E388-4EDF-43FD-B17B-6C9478B6419B}.Release|Any CPU.ActiveCfg = Release|Any CPU
		{A9E4E388-4EDF-43FD-B17B-6C9478B6419B}.Release|Any CPU.Build.0 = Release|Any CPU
		{E86A530E-595F-49FC-BA89-512B8F80BE92}.Debug|Any CPU.ActiveCfg = Debug|Any CPU
		{E86A530E-595F-49FC-BA89-512B8F80BE92}.Debug|Any CPU.Build.0 = Debug|Any CPU
		{E86A530E-595F-49FC-BA89-512B8F80BE92}.Release|Any CPU.ActiveCfg = Release|Any CPU
		{E86A530E-595F-49FC-BA89-512B8F80BE92}.Release|Any CPU.Build.0 = Release|Any CPU
		{FDEEFC64-0BB0-433B-990E-EA0403C38AD4}.Debug|Any CPU.ActiveCfg = Debug|Any CPU
		{FDEEFC64-0BB0-433B-990E-EA0403C38AD4}.Debug|Any CPU.Build.0 = Debug|Any CPU
		{FDEEFC64-0BB0-433B-990E-EA0403C38AD4}.Release|Any CPU.ActiveCfg = Release|Any CPU
		{FDEEFC64-0BB0-433B-990E-EA0403C38AD4}.Release|Any CPU.Build.0 = Release|Any CPU
		{FDC2916E-E9F0-423B-9CE4-E01D196CB9C1}.Debug|Any CPU.ActiveCfg = Debug|Any CPU
		{FDC2916E-E9F0-423B-9CE4-E01D196CB9C1}.Debug|Any CPU.Build.0 = Debug|Any CPU
		{FDC2916E-E9F0-423B-9CE4-E01D196CB9C1}.Release|Any CPU.ActiveCfg = Release|Any CPU
		{FDC2916E-E9F0-423B-9CE4-E01D196CB9C1}.Release|Any CPU.Build.0 = Release|Any CPU
		{79C2493D-CFFD-43BD-A226-6DFEBC381FCD}.Debug|Any CPU.ActiveCfg = Debug|Any CPU
		{79C2493D-CFFD-43BD-A226-6DFEBC381FCD}.Debug|Any CPU.Build.0 = Debug|Any CPU
		{79C2493D-CFFD-43BD-A226-6DFEBC381FCD}.Release|Any CPU.ActiveCfg = Release|Any CPU
		{79C2493D-CFFD-43BD-A226-6DFEBC381FCD}.Release|Any CPU.Build.0 = Release|Any CPU
	EndGlobalSection
	GlobalSection(SolutionProperties) = preSolution
		HideSolutionNode = FALSE
	EndGlobalSection
	GlobalSection(NestedProjects) = preSolution
		{4C9652B3-F527-4F17-8F42-883A14806EF4} = {65F61343-8719-49CA-9116-EB5C5307D56C}
		{6740F755-A52A-4E52-AD6D-BF1F5941000D} = {2D5C3A1E-655D-45B8-B0DA-8369DF1721C4}
		{2569B7C7-C7F5-46E8-AB3D-1D60F221ED1A} = {2D5C3A1E-655D-45B8-B0DA-8369DF1721C4}
		{80016E36-9BFA-421B-8A02-2A9436487CE6} = {B548C64B-A65A-4E82-9F23-565BB199625D}
		{E86A530E-595F-49FC-BA89-512B8F80BE92} = {4BA4CF38-8598-4970-9FC9-F93051CE2CD1}
		{FDEEFC64-0BB0-433B-990E-EA0403C38AD4} = {4BA4CF38-8598-4970-9FC9-F93051CE2CD1}
		{FDC2916E-E9F0-423B-9CE4-E01D196CB9C1} = {4BA4CF38-8598-4970-9FC9-F93051CE2CD1}
		{79C2493D-CFFD-43BD-A226-6DFEBC381FCD} = {4BA4CF38-8598-4970-9FC9-F93051CE2CD1}
	EndGlobalSection
	GlobalSection(ExtensibilityGlobals) = postSolution
		SolutionGuid = {AC728145-D8D7-49DC-A781-4AF67D940948}
	EndGlobalSection
EndGlobal
