
Microsoft Visual Studio Solution File, Format Version 12.00
# Visual Studio Version 17
VisualStudioVersion = 17.4.33213.308
MinimumVisualStudioVersion = 10.0.40219.1
Project("{9A19103F-16F7-4668-BE54-9A1E7A4F7556}") = "Ligric.Business", "Ligric.Business\Ligric.Business.csproj", "{1601AAD1-28D9-45AA-8F2D-CB4B0E5EA38E}"
EndProject
Project("{9A19103F-16F7-4668-BE54-9A1E7A4F7556}") = "Ligric.UI", "Ligric.UI\Ligric.UI.csproj", "{A9CC94A8-F8D8-4242-B7FC-7898CDA0B2BE}"
EndProject
Project("{9A19103F-16F7-4668-BE54-9A1E7A4F7556}") = "Ligric.UI.Infrastructure", "Ligric.UI.Infrastructure\Ligric.UI.Infrastructure.csproj", "{A7E5AA82-1757-4481-9C39-C1949C1FBC0F}"
EndProject
Project("{9A19103F-16F7-4668-BE54-9A1E7A4F7556}") = "Ligric.UI.Mobile", "Ligric.UI.Mobile\Ligric.UI.Mobile.csproj", "{42E980C4-033E-40EF-A990-F9A80C29F608}"
EndProject
Project("{9A19103F-16F7-4668-BE54-9A1E7A4F7556}") = "Ligric.UI.Skia.Gtk", "Ligric.UI.Skia.Gtk\Ligric.UI.Skia.Gtk.csproj", "{4CDFF2E1-71EB-4B21-A74F-5932F9D7E543}"
EndProject
Project("{9A19103F-16F7-4668-BE54-9A1E7A4F7556}") = "Ligric.UI.Skia.Linux.FrameBuffer", "Ligric.UI.Skia.Linux.FrameBuffer\Ligric.UI.Skia.Linux.FrameBuffer.csproj", "{EED06523-611E-4BF4-A5DB-DA8E8DD45748}"
EndProject
Project("{9A19103F-16F7-4668-BE54-9A1E7A4F7556}") = "Ligric.UI.Skia.Wpf", "Ligric.UI.Skia.Wpf\Ligric.UI.Skia.Wpf.csproj", "{905FB4BC-5243-4FBA-860C-0D354A8DB893}"
EndProject
Project("{9A19103F-16F7-4668-BE54-9A1E7A4F7556}") = "Ligric.UI.ViewModels", "Ligric.UI.ViewModels\Ligric.UI.ViewModels.csproj", "{70A6CA04-F997-4A39-8843-5A5B2C8DF905}"
EndProject
Project("{9A19103F-16F7-4668-BE54-9A1E7A4F7556}") = "Ligric.UI.Wasm", "Ligric.UI.Wasm\Ligric.UI.Wasm.csproj", "{B6B4D9D6-DAF6-4617-AA67-9563CA990ADF}"
EndProject
Project("{9A19103F-16F7-4668-BE54-9A1E7A4F7556}") = "Ligric.UI.Windows", "Ligric.UI.Windows\Ligric.UI.Windows.csproj", "{15DD14B9-234F-4034-B8F2-D57A12A34186}"
EndProject
Project("{2150E333-8FDC-42A3-9474-1A3956D46DE8}") = "platforms", "platforms", "{1D10F067-B98E-4116-8117-66E8C5899B83}"
EndProject
Global
	GlobalSection(SolutionConfigurationPlatforms) = preSolution
		Debug|Any CPU = Debug|Any CPU
		Debug|arm64 = Debug|arm64
		Debug|x64 = Debug|x64
		Debug|x86 = Debug|x86
		Release|Any CPU = Release|Any CPU
		Release|arm64 = Release|arm64
		Release|x64 = Release|x64
		Release|x86 = Release|x86
	EndGlobalSection
	GlobalSection(ProjectConfigurationPlatforms) = postSolution
		{1601AAD1-28D9-45AA-8F2D-CB4B0E5EA38E}.Debug|Any CPU.ActiveCfg = Debug|Any CPU
		{1601AAD1-28D9-45AA-8F2D-CB4B0E5EA38E}.Debug|Any CPU.Build.0 = Debug|Any CPU
		{1601AAD1-28D9-45AA-8F2D-CB4B0E5EA38E}.Debug|arm64.ActiveCfg = Debug|Any CPU
		{1601AAD1-28D9-45AA-8F2D-CB4B0E5EA38E}.Debug|arm64.Build.0 = Debug|Any CPU
		{1601AAD1-28D9-45AA-8F2D-CB4B0E5EA38E}.Debug|x64.ActiveCfg = Debug|Any CPU
		{1601AAD1-28D9-45AA-8F2D-CB4B0E5EA38E}.Debug|x64.Build.0 = Debug|Any CPU
		{1601AAD1-28D9-45AA-8F2D-CB4B0E5EA38E}.Debug|x86.ActiveCfg = Debug|Any CPU
		{1601AAD1-28D9-45AA-8F2D-CB4B0E5EA38E}.Debug|x86.Build.0 = Debug|Any CPU
		{1601AAD1-28D9-45AA-8F2D-CB4B0E5EA38E}.Release|Any CPU.ActiveCfg = Release|Any CPU
		{1601AAD1-28D9-45AA-8F2D-CB4B0E5EA38E}.Release|Any CPU.Build.0 = Release|Any CPU
		{1601AAD1-28D9-45AA-8F2D-CB4B0E5EA38E}.Release|arm64.ActiveCfg = Release|Any CPU
		{1601AAD1-28D9-45AA-8F2D-CB4B0E5EA38E}.Release|arm64.Build.0 = Release|Any CPU
		{1601AAD1-28D9-45AA-8F2D-CB4B0E5EA38E}.Release|x64.ActiveCfg = Release|Any CPU
		{1601AAD1-28D9-45AA-8F2D-CB4B0E5EA38E}.Release|x64.Build.0 = Release|Any CPU
		{1601AAD1-28D9-45AA-8F2D-CB4B0E5EA38E}.Release|x86.ActiveCfg = Release|Any CPU
		{1601AAD1-28D9-45AA-8F2D-CB4B0E5EA38E}.Release|x86.Build.0 = Release|Any CPU
		{A9CC94A8-F8D8-4242-B7FC-7898CDA0B2BE}.Debug|Any CPU.ActiveCfg = Debug|x64
		{A9CC94A8-F8D8-4242-B7FC-7898CDA0B2BE}.Debug|Any CPU.Build.0 = Debug|x64
		{A9CC94A8-F8D8-4242-B7FC-7898CDA0B2BE}.Debug|arm64.ActiveCfg = Debug|Any CPU
		{A9CC94A8-F8D8-4242-B7FC-7898CDA0B2BE}.Debug|arm64.Build.0 = Debug|Any CPU
		{A9CC94A8-F8D8-4242-B7FC-7898CDA0B2BE}.Debug|x64.ActiveCfg = Debug|Any CPU
		{A9CC94A8-F8D8-4242-B7FC-7898CDA0B2BE}.Debug|x64.Build.0 = Debug|Any CPU
		{A9CC94A8-F8D8-4242-B7FC-7898CDA0B2BE}.Debug|x86.ActiveCfg = Debug|x86
		{A9CC94A8-F8D8-4242-B7FC-7898CDA0B2BE}.Debug|x86.Build.0 = Debug|x86
		{A9CC94A8-F8D8-4242-B7FC-7898CDA0B2BE}.Release|Any CPU.ActiveCfg = Release|Any CPU
		{A9CC94A8-F8D8-4242-B7FC-7898CDA0B2BE}.Release|Any CPU.Build.0 = Release|Any CPU
		{A9CC94A8-F8D8-4242-B7FC-7898CDA0B2BE}.Release|arm64.ActiveCfg = Release|Any CPU
		{A9CC94A8-F8D8-4242-B7FC-7898CDA0B2BE}.Release|arm64.Build.0 = Release|Any CPU
		{A9CC94A8-F8D8-4242-B7FC-7898CDA0B2BE}.Release|x64.ActiveCfg = Release|Any CPU
		{A9CC94A8-F8D8-4242-B7FC-7898CDA0B2BE}.Release|x64.Build.0 = Release|Any CPU
		{A9CC94A8-F8D8-4242-B7FC-7898CDA0B2BE}.Release|x86.ActiveCfg = Release|Any CPU
		{A9CC94A8-F8D8-4242-B7FC-7898CDA0B2BE}.Release|x86.Build.0 = Release|Any CPU
		{A7E5AA82-1757-4481-9C39-C1949C1FBC0F}.Debug|Any CPU.ActiveCfg = Debug|Any CPU
		{A7E5AA82-1757-4481-9C39-C1949C1FBC0F}.Debug|Any CPU.Build.0 = Debug|Any CPU
		{A7E5AA82-1757-4481-9C39-C1949C1FBC0F}.Debug|arm64.ActiveCfg = Debug|Any CPU
		{A7E5AA82-1757-4481-9C39-C1949C1FBC0F}.Debug|arm64.Build.0 = Debug|Any CPU
		{A7E5AA82-1757-4481-9C39-C1949C1FBC0F}.Debug|x64.ActiveCfg = Debug|Any CPU
		{A7E5AA82-1757-4481-9C39-C1949C1FBC0F}.Debug|x64.Build.0 = Debug|Any CPU
		{A7E5AA82-1757-4481-9C39-C1949C1FBC0F}.Debug|x86.ActiveCfg = Debug|Any CPU
		{A7E5AA82-1757-4481-9C39-C1949C1FBC0F}.Debug|x86.Build.0 = Debug|Any CPU
		{A7E5AA82-1757-4481-9C39-C1949C1FBC0F}.Release|Any CPU.ActiveCfg = Release|Any CPU
		{A7E5AA82-1757-4481-9C39-C1949C1FBC0F}.Release|Any CPU.Build.0 = Release|Any CPU
		{A7E5AA82-1757-4481-9C39-C1949C1FBC0F}.Release|arm64.ActiveCfg = Release|Any CPU
		{A7E5AA82-1757-4481-9C39-C1949C1FBC0F}.Release|arm64.Build.0 = Release|Any CPU
		{A7E5AA82-1757-4481-9C39-C1949C1FBC0F}.Release|x64.ActiveCfg = Release|Any CPU
		{A7E5AA82-1757-4481-9C39-C1949C1FBC0F}.Release|x64.Build.0 = Release|Any CPU
		{A7E5AA82-1757-4481-9C39-C1949C1FBC0F}.Release|x86.ActiveCfg = Release|Any CPU
		{A7E5AA82-1757-4481-9C39-C1949C1FBC0F}.Release|x86.Build.0 = Release|Any CPU
		{42E980C4-033E-40EF-A990-F9A80C29F608}.Debug|Any CPU.ActiveCfg = Debug|Any CPU
		{42E980C4-033E-40EF-A990-F9A80C29F608}.Debug|Any CPU.Build.0 = Debug|Any CPU
		{42E980C4-033E-40EF-A990-F9A80C29F608}.Debug|Any CPU.Deploy.0 = Debug|Any CPU
		{42E980C4-033E-40EF-A990-F9A80C29F608}.Debug|arm64.ActiveCfg = Debug|Any CPU
		{42E980C4-033E-40EF-A990-F9A80C29F608}.Debug|arm64.Build.0 = Debug|Any CPU
		{42E980C4-033E-40EF-A990-F9A80C29F608}.Debug|x64.ActiveCfg = Debug|Any CPU
		{42E980C4-033E-40EF-A990-F9A80C29F608}.Debug|x64.Build.0 = Debug|Any CPU
		{42E980C4-033E-40EF-A990-F9A80C29F608}.Debug|x86.ActiveCfg = Debug|Any CPU
		{42E980C4-033E-40EF-A990-F9A80C29F608}.Debug|x86.Build.0 = Debug|Any CPU
		{42E980C4-033E-40EF-A990-F9A80C29F608}.Release|Any CPU.ActiveCfg = Release|Any CPU
		{42E980C4-033E-40EF-A990-F9A80C29F608}.Release|Any CPU.Build.0 = Release|Any CPU
		{42E980C4-033E-40EF-A990-F9A80C29F608}.Release|Any CPU.Deploy.0 = Release|Any CPU
		{42E980C4-033E-40EF-A990-F9A80C29F608}.Release|arm64.ActiveCfg = Release|Any CPU
		{42E980C4-033E-40EF-A990-F9A80C29F608}.Release|arm64.Build.0 = Release|Any CPU
		{42E980C4-033E-40EF-A990-F9A80C29F608}.Release|x64.ActiveCfg = Release|Any CPU
		{42E980C4-033E-40EF-A990-F9A80C29F608}.Release|x64.Build.0 = Release|Any CPU
		{42E980C4-033E-40EF-A990-F9A80C29F608}.Release|x86.ActiveCfg = Release|Any CPU
		{42E980C4-033E-40EF-A990-F9A80C29F608}.Release|x86.Build.0 = Release|Any CPU
		{4CDFF2E1-71EB-4B21-A74F-5932F9D7E543}.Debug|Any CPU.ActiveCfg = Debug|Any CPU
		{4CDFF2E1-71EB-4B21-A74F-5932F9D7E543}.Debug|Any CPU.Build.0 = Debug|Any CPU
		{4CDFF2E1-71EB-4B21-A74F-5932F9D7E543}.Debug|arm64.ActiveCfg = Debug|Any CPU
		{4CDFF2E1-71EB-4B21-A74F-5932F9D7E543}.Debug|arm64.Build.0 = Debug|Any CPU
		{4CDFF2E1-71EB-4B21-A74F-5932F9D7E543}.Debug|x64.ActiveCfg = Debug|Any CPU
		{4CDFF2E1-71EB-4B21-A74F-5932F9D7E543}.Debug|x64.Build.0 = Debug|Any CPU
		{4CDFF2E1-71EB-4B21-A74F-5932F9D7E543}.Debug|x86.ActiveCfg = Debug|Any CPU
		{4CDFF2E1-71EB-4B21-A74F-5932F9D7E543}.Debug|x86.Build.0 = Debug|Any CPU
		{4CDFF2E1-71EB-4B21-A74F-5932F9D7E543}.Release|Any CPU.ActiveCfg = Release|Any CPU
		{4CDFF2E1-71EB-4B21-A74F-5932F9D7E543}.Release|Any CPU.Build.0 = Release|Any CPU
		{4CDFF2E1-71EB-4B21-A74F-5932F9D7E543}.Release|arm64.ActiveCfg = Release|Any CPU
		{4CDFF2E1-71EB-4B21-A74F-5932F9D7E543}.Release|arm64.Build.0 = Release|Any CPU
		{4CDFF2E1-71EB-4B21-A74F-5932F9D7E543}.Release|x64.ActiveCfg = Release|Any CPU
		{4CDFF2E1-71EB-4B21-A74F-5932F9D7E543}.Release|x64.Build.0 = Release|Any CPU
		{4CDFF2E1-71EB-4B21-A74F-5932F9D7E543}.Release|x86.ActiveCfg = Release|Any CPU
		{4CDFF2E1-71EB-4B21-A74F-5932F9D7E543}.Release|x86.Build.0 = Release|Any CPU
		{EED06523-611E-4BF4-A5DB-DA8E8DD45748}.Debug|Any CPU.ActiveCfg = Debug|Any CPU
		{EED06523-611E-4BF4-A5DB-DA8E8DD45748}.Debug|Any CPU.Build.0 = Debug|Any CPU
		{EED06523-611E-4BF4-A5DB-DA8E8DD45748}.Debug|arm64.ActiveCfg = Debug|Any CPU
		{EED06523-611E-4BF4-A5DB-DA8E8DD45748}.Debug|arm64.Build.0 = Debug|Any CPU
		{EED06523-611E-4BF4-A5DB-DA8E8DD45748}.Debug|x64.ActiveCfg = Debug|Any CPU
		{EED06523-611E-4BF4-A5DB-DA8E8DD45748}.Debug|x64.Build.0 = Debug|Any CPU
		{EED06523-611E-4BF4-A5DB-DA8E8DD45748}.Debug|x86.ActiveCfg = Debug|Any CPU
		{EED06523-611E-4BF4-A5DB-DA8E8DD45748}.Debug|x86.Build.0 = Debug|Any CPU
		{EED06523-611E-4BF4-A5DB-DA8E8DD45748}.Release|Any CPU.ActiveCfg = Release|Any CPU
		{EED06523-611E-4BF4-A5DB-DA8E8DD45748}.Release|Any CPU.Build.0 = Release|Any CPU
		{EED06523-611E-4BF4-A5DB-DA8E8DD45748}.Release|arm64.ActiveCfg = Release|Any CPU
		{EED06523-611E-4BF4-A5DB-DA8E8DD45748}.Release|arm64.Build.0 = Release|Any CPU
		{EED06523-611E-4BF4-A5DB-DA8E8DD45748}.Release|x64.ActiveCfg = Release|Any CPU
		{EED06523-611E-4BF4-A5DB-DA8E8DD45748}.Release|x64.Build.0 = Release|Any CPU
		{EED06523-611E-4BF4-A5DB-DA8E8DD45748}.Release|x86.ActiveCfg = Release|Any CPU
		{EED06523-611E-4BF4-A5DB-DA8E8DD45748}.Release|x86.Build.0 = Release|Any CPU
		{905FB4BC-5243-4FBA-860C-0D354A8DB893}.Debug|Any CPU.ActiveCfg = Debug|Any CPU
		{905FB4BC-5243-4FBA-860C-0D354A8DB893}.Debug|Any CPU.Build.0 = Debug|Any CPU
		{905FB4BC-5243-4FBA-860C-0D354A8DB893}.Debug|arm64.ActiveCfg = Debug|Any CPU
		{905FB4BC-5243-4FBA-860C-0D354A8DB893}.Debug|arm64.Build.0 = Debug|Any CPU
		{905FB4BC-5243-4FBA-860C-0D354A8DB893}.Debug|x64.ActiveCfg = Debug|Any CPU
		{905FB4BC-5243-4FBA-860C-0D354A8DB893}.Debug|x64.Build.0 = Debug|Any CPU
		{905FB4BC-5243-4FBA-860C-0D354A8DB893}.Debug|x86.ActiveCfg = Debug|Any CPU
		{905FB4BC-5243-4FBA-860C-0D354A8DB893}.Debug|x86.Build.0 = Debug|Any CPU
		{905FB4BC-5243-4FBA-860C-0D354A8DB893}.Release|Any CPU.ActiveCfg = Release|Any CPU
		{905FB4BC-5243-4FBA-860C-0D354A8DB893}.Release|Any CPU.Build.0 = Release|Any CPU
		{905FB4BC-5243-4FBA-860C-0D354A8DB893}.Release|arm64.ActiveCfg = Release|Any CPU
		{905FB4BC-5243-4FBA-860C-0D354A8DB893}.Release|arm64.Build.0 = Release|Any CPU
		{905FB4BC-5243-4FBA-860C-0D354A8DB893}.Release|x64.ActiveCfg = Release|Any CPU
		{905FB4BC-5243-4FBA-860C-0D354A8DB893}.Release|x64.Build.0 = Release|Any CPU
		{905FB4BC-5243-4FBA-860C-0D354A8DB893}.Release|x86.ActiveCfg = Release|Any CPU
		{905FB4BC-5243-4FBA-860C-0D354A8DB893}.Release|x86.Build.0 = Release|Any CPU
		{70A6CA04-F997-4A39-8843-5A5B2C8DF905}.Debug|Any CPU.ActiveCfg = Debug|x64
		{70A6CA04-F997-4A39-8843-5A5B2C8DF905}.Debug|Any CPU.Build.0 = Debug|x64
		{70A6CA04-F997-4A39-8843-5A5B2C8DF905}.Debug|arm64.ActiveCfg = Debug|Any CPU
		{70A6CA04-F997-4A39-8843-5A5B2C8DF905}.Debug|arm64.Build.0 = Debug|Any CPU
		{70A6CA04-F997-4A39-8843-5A5B2C8DF905}.Debug|x64.ActiveCfg = Debug|Any CPU
		{70A6CA04-F997-4A39-8843-5A5B2C8DF905}.Debug|x64.Build.0 = Debug|Any CPU
		{70A6CA04-F997-4A39-8843-5A5B2C8DF905}.Debug|x86.ActiveCfg = Debug|x86
		{70A6CA04-F997-4A39-8843-5A5B2C8DF905}.Debug|x86.Build.0 = Debug|x86
		{70A6CA04-F997-4A39-8843-5A5B2C8DF905}.Release|Any CPU.ActiveCfg = Release|Any CPU
		{70A6CA04-F997-4A39-8843-5A5B2C8DF905}.Release|Any CPU.Build.0 = Release|Any CPU
		{70A6CA04-F997-4A39-8843-5A5B2C8DF905}.Release|arm64.ActiveCfg = Release|Any CPU
		{70A6CA04-F997-4A39-8843-5A5B2C8DF905}.Release|arm64.Build.0 = Release|Any CPU
		{70A6CA04-F997-4A39-8843-5A5B2C8DF905}.Release|x64.ActiveCfg = Release|Any CPU
		{70A6CA04-F997-4A39-8843-5A5B2C8DF905}.Release|x64.Build.0 = Release|Any CPU
		{70A6CA04-F997-4A39-8843-5A5B2C8DF905}.Release|x86.ActiveCfg = Release|Any CPU
		{70A6CA04-F997-4A39-8843-5A5B2C8DF905}.Release|x86.Build.0 = Release|Any CPU
		{B6B4D9D6-DAF6-4617-AA67-9563CA990ADF}.Debug|Any CPU.ActiveCfg = Debug|Any CPU
		{B6B4D9D6-DAF6-4617-AA67-9563CA990ADF}.Debug|Any CPU.Build.0 = Debug|Any CPU
		{B6B4D9D6-DAF6-4617-AA67-9563CA990ADF}.Debug|arm64.ActiveCfg = Debug|Any CPU
		{B6B4D9D6-DAF6-4617-AA67-9563CA990ADF}.Debug|arm64.Build.0 = Debug|Any CPU
		{B6B4D9D6-DAF6-4617-AA67-9563CA990ADF}.Debug|x64.ActiveCfg = Debug|Any CPU
		{B6B4D9D6-DAF6-4617-AA67-9563CA990ADF}.Debug|x64.Build.0 = Debug|Any CPU
		{B6B4D9D6-DAF6-4617-AA67-9563CA990ADF}.Debug|x86.ActiveCfg = Debug|Any CPU
		{B6B4D9D6-DAF6-4617-AA67-9563CA990ADF}.Debug|x86.Build.0 = Debug|Any CPU
		{B6B4D9D6-DAF6-4617-AA67-9563CA990ADF}.Release|Any CPU.ActiveCfg = Release|Any CPU
		{B6B4D9D6-DAF6-4617-AA67-9563CA990ADF}.Release|Any CPU.Build.0 = Release|Any CPU
		{B6B4D9D6-DAF6-4617-AA67-9563CA990ADF}.Release|arm64.ActiveCfg = Release|Any CPU
		{B6B4D9D6-DAF6-4617-AA67-9563CA990ADF}.Release|arm64.Build.0 = Release|Any CPU
		{B6B4D9D6-DAF6-4617-AA67-9563CA990ADF}.Release|x64.ActiveCfg = Release|Any CPU
		{B6B4D9D6-DAF6-4617-AA67-9563CA990ADF}.Release|x64.Build.0 = Release|Any CPU
		{B6B4D9D6-DAF6-4617-AA67-9563CA990ADF}.Release|x86.ActiveCfg = Release|Any CPU
		{B6B4D9D6-DAF6-4617-AA67-9563CA990ADF}.Release|x86.Build.0 = Release|Any CPU
		{15DD14B9-234F-4034-B8F2-D57A12A34186}.Debug|Any CPU.ActiveCfg = Debug|x64
		{15DD14B9-234F-4034-B8F2-D57A12A34186}.Debug|Any CPU.Build.0 = Debug|x64
		{15DD14B9-234F-4034-B8F2-D57A12A34186}.Debug|Any CPU.Deploy.0 = Debug|x64
		{15DD14B9-234F-4034-B8F2-D57A12A34186}.Debug|arm64.ActiveCfg = Debug|arm64
		{15DD14B9-234F-4034-B8F2-D57A12A34186}.Debug|arm64.Build.0 = Debug|arm64
		{15DD14B9-234F-4034-B8F2-D57A12A34186}.Debug|arm64.Deploy.0 = Debug|arm64
		{15DD14B9-234F-4034-B8F2-D57A12A34186}.Debug|x64.ActiveCfg = Debug|x64
		{15DD14B9-234F-4034-B8F2-D57A12A34186}.Debug|x64.Build.0 = Debug|x64
		{15DD14B9-234F-4034-B8F2-D57A12A34186}.Debug|x64.Deploy.0 = Debug|x64
		{15DD14B9-234F-4034-B8F2-D57A12A34186}.Debug|x86.ActiveCfg = Debug|x86
		{15DD14B9-234F-4034-B8F2-D57A12A34186}.Debug|x86.Build.0 = Debug|x86
		{15DD14B9-234F-4034-B8F2-D57A12A34186}.Debug|x86.Deploy.0 = Debug|x86
		{15DD14B9-234F-4034-B8F2-D57A12A34186}.Release|Any CPU.ActiveCfg = Release|x64
		{15DD14B9-234F-4034-B8F2-D57A12A34186}.Release|Any CPU.Build.0 = Release|x64
		{15DD14B9-234F-4034-B8F2-D57A12A34186}.Release|Any CPU.Deploy.0 = Release|x64
		{15DD14B9-234F-4034-B8F2-D57A12A34186}.Release|arm64.ActiveCfg = Release|arm64
		{15DD14B9-234F-4034-B8F2-D57A12A34186}.Release|arm64.Build.0 = Release|arm64
		{15DD14B9-234F-4034-B8F2-D57A12A34186}.Release|arm64.Deploy.0 = Release|arm64
		{15DD14B9-234F-4034-B8F2-D57A12A34186}.Release|x64.ActiveCfg = Release|x64
		{15DD14B9-234F-4034-B8F2-D57A12A34186}.Release|x64.Build.0 = Release|x64
		{15DD14B9-234F-4034-B8F2-D57A12A34186}.Release|x64.Deploy.0 = Release|x64
		{15DD14B9-234F-4034-B8F2-D57A12A34186}.Release|x86.ActiveCfg = Release|x86
		{15DD14B9-234F-4034-B8F2-D57A12A34186}.Release|x86.Build.0 = Release|x86
		{15DD14B9-234F-4034-B8F2-D57A12A34186}.Release|x86.Deploy.0 = Release|x86
	EndGlobalSection
	GlobalSection(SolutionProperties) = preSolution
		HideSolutionNode = FALSE
	EndGlobalSection
	GlobalSection(NestedProjects) = preSolution
		{42E980C4-033E-40EF-A990-F9A80C29F608} = {1D10F067-B98E-4116-8117-66E8C5899B83}
		{4CDFF2E1-71EB-4B21-A74F-5932F9D7E543} = {1D10F067-B98E-4116-8117-66E8C5899B83}
		{EED06523-611E-4BF4-A5DB-DA8E8DD45748} = {1D10F067-B98E-4116-8117-66E8C5899B83}
		{905FB4BC-5243-4FBA-860C-0D354A8DB893} = {1D10F067-B98E-4116-8117-66E8C5899B83}
		{B6B4D9D6-DAF6-4617-AA67-9563CA990ADF} = {1D10F067-B98E-4116-8117-66E8C5899B83}
		{15DD14B9-234F-4034-B8F2-D57A12A34186} = {1D10F067-B98E-4116-8117-66E8C5899B83}
	EndGlobalSection
	GlobalSection(ExtensibilityGlobals) = postSolution
		SolutionGuid = {6D52DCE2-95C8-4DFD-8D06-0DD97A1580FB}
	EndGlobalSection
EndGlobal
