
Microsoft Visual Studio Solution File, Format Version 12.00
# Visual Studio Version 17
VisualStudioVersion = 17.0.31717.71
MinimumVisualStudioVersion = 10.0.40219.1
Project("{2150E333-8FDC-42A3-9474-1A3956D46DE8}") = "Platforms", "Platforms", "{4F832A98-4528-4472-8ACC-E60ED99D034D}"
EndProject
Project("{2150E333-8FDC-42A3-9474-1A3956D46DE8}") = "Views", "Views", "{178898B9-4BE6-4076-90FB-0BA455D160CF}"
EndProject
Project("{2150E333-8FDC-42A3-9474-1A3956D46DE8}") = "Core", "Core", "{F4D251CB-897E-4451-8BF0-CCBB39D05179}"
EndProject
Project("{9A19103F-16F7-4668-BE54-9A1E7A4F7556}") = "BitZlatoApi", "..\LigricCore\DataProviders\Api's\BitZlatoApi\BitZlatoApi.csproj", "{51C7BBAA-DA17-4C82-951E-47161B11CC2E}"
EndProject
Project("{9A19103F-16F7-4668-BE54-9A1E7A4F7556}") = "AbstractionRequestSender", "..\LigricCore\DataProviders\Api's\AbstractionRequestSender\AbstractionRequestSender.csproj", "{2FC726B9-2D3B-4D6A-8485-1266112DD17B}"
EndProject
Project("{9A19103F-16F7-4668-BE54-9A1E7A4F7556}") = "LigricUno.Skia.Gtk", "View\LigricUno\LigricUno.Skia.Gtk\LigricUno.Skia.Gtk.csproj", "{5B9CFBE7-C4AF-4BF9-80D7-EC2967B84CA4}"
EndProject
Project("{9A19103F-16F7-4668-BE54-9A1E7A4F7556}") = "LigricUno.Mobile", "View\LigricUno\LigricUno.Mobile\LigricUno.Mobile.csproj", "{162A5143-D9BD-4CF6-BD5E-330FC25B8E46}"
EndProject
Project("{FAE04EC0-301F-11D3-BF4B-00C04F79EFBC}") = "LigricUno.UWP", "View\LigricUno\LigricUno.UWP\LigricUno.UWP.csproj", "{493647CE-BFEF-44C1-96E5-4FB4B32A7786}"
EndProject
Project("{D954291E-2A0B-460D-934E-DC6B0785DB48}") = "LigricUno.Shared", "View\LigricUno\LigricUno.Shared\LigricUno.Shared.shproj", "{6279C845-92F8-4333-AB99-3D213163593C}"
EndProject
Project("{9A19103F-16F7-4668-BE54-9A1E7A4F7556}") = "LigricUno.Skia.Wpf", "View\LigricUno\LigricUno.Skia.Wpf\LigricUno.Skia.Wpf.csproj", "{35B37389-7CC6-465E-9B24-7FF04D5EC4C6}"
EndProject
Project("{9A19103F-16F7-4668-BE54-9A1E7A4F7556}") = "LigricUno.Skia.Wpf.Host", "View\LigricUno\LigricUno.Skia.Wpf.Host\LigricUno.Skia.Wpf.Host.csproj", "{60BB8612-260E-4B14-ACB5-4730A2872F77}"
EndProject
Project("{9A19103F-16F7-4668-BE54-9A1E7A4F7556}") = "LigricUno.Wasm", "View\LigricUno\LigricUno.Wasm\LigricUno.Wasm.csproj", "{7E8EFBD1-7102-4413-86F0-EC435417475D}"
EndProject
Project("{2150E333-8FDC-42A3-9474-1A3956D46DE8}") = "ViewModels", "ViewModels", "{1CA43461-088E-4500-AFC8-4981ED702E43}"
EndProject
Project("{9A19103F-16F7-4668-BE54-9A1E7A4F7556}") = "LigricMvvmToolkit", "ViewModel\LigricMvvmToolkit\LigricMvvmToolkit.csproj", "{67A3FA98-D1F0-4069-89B8-6869B25D4351}"
EndProject
Project("{9A19103F-16F7-4668-BE54-9A1E7A4F7556}") = "LigricMvvmTypes", "ViewModel\LigricMvvmTypes\LigricMvvmTypes.csproj", "{C75D6A21-9F02-4215-A226-2CB9ACA4D598}"
EndProject
Project("{2150E333-8FDC-42A3-9474-1A3956D46DE8}") = "Models", "Models", "{36F7085B-E45E-4115-BC6F-45195DCEC8A9}"
EndProject
Project("{9A19103F-16F7-4668-BE54-9A1E7A4F7556}") = "BoardModels", "Model\BoardModels\BoardModels.csproj", "{FA32BC91-B97D-42EF-BA11-94C3A79F989D}"
EndProject
Project("{9A19103F-16F7-4668-BE54-9A1E7A4F7556}") = "Common", "..\LigricCore\Common\Common.csproj", "{39F003B7-5BCF-4E99-AF7A-A67E90585658}"
EndProject
Project("{9A19103F-16F7-4668-BE54-9A1E7A4F7556}") = "BoardRepositories", "..\LigricCore\DataProviders\Repositories\BoardRepositories\BoardRepositories.csproj", "{1F327B5E-70BB-4442-BB6B-D86F714BD5D4}"
EndProject
Global
	GlobalSection(SharedMSBuildProjectFiles) = preSolution
		View\LigricUno\LigricUno.Shared\LigricUno.Shared.projitems*{162a5143-d9bd-4cf6-bd5e-330fc25b8e46}*SharedItemsImports = 5
		View\LigricUno\LigricUno.Shared\LigricUno.Shared.projitems*{35b37389-7cc6-465e-9b24-7ff04d5ec4c6}*SharedItemsImports = 5
		View\LigricUno\LigricUno.Shared\LigricUno.Shared.projitems*{493647ce-bfef-44c1-96e5-4fb4b32a7786}*SharedItemsImports = 4
		View\LigricUno\LigricUno.Shared\LigricUno.Shared.projitems*{5b9cfbe7-c4af-4bf9-80d7-ec2967b84ca4}*SharedItemsImports = 5
		View\LigricUno\LigricUno.Shared\LigricUno.Shared.projitems*{6279c845-92f8-4333-ab99-3d213163593c}*SharedItemsImports = 13
		View\LigricUno\LigricUno.Shared\LigricUno.Shared.projitems*{7e8efbd1-7102-4413-86f0-ec435417475d}*SharedItemsImports = 5
	EndGlobalSection
	GlobalSection(SolutionConfigurationPlatforms) = preSolution
		Debug|Any CPU = Debug|Any CPU
		Debug|ARM = Debug|ARM
		Debug|ARM64 = Debug|ARM64
		Debug|x64 = Debug|x64
		Debug|x86 = Debug|x86
		Release|Any CPU = Release|Any CPU
		Release|ARM = Release|ARM
		Release|ARM64 = Release|ARM64
		Release|x64 = Release|x64
		Release|x86 = Release|x86
	EndGlobalSection
	GlobalSection(ProjectConfigurationPlatforms) = postSolution
		{51C7BBAA-DA17-4C82-951E-47161B11CC2E}.Debug|Any CPU.ActiveCfg = Debug|Any CPU
		{51C7BBAA-DA17-4C82-951E-47161B11CC2E}.Debug|Any CPU.Build.0 = Debug|Any CPU
		{51C7BBAA-DA17-4C82-951E-47161B11CC2E}.Debug|ARM.ActiveCfg = Debug|Any CPU
		{51C7BBAA-DA17-4C82-951E-47161B11CC2E}.Debug|ARM.Build.0 = Debug|Any CPU
		{51C7BBAA-DA17-4C82-951E-47161B11CC2E}.Debug|ARM64.ActiveCfg = Debug|Any CPU
		{51C7BBAA-DA17-4C82-951E-47161B11CC2E}.Debug|ARM64.Build.0 = Debug|Any CPU
		{51C7BBAA-DA17-4C82-951E-47161B11CC2E}.Debug|x64.ActiveCfg = Debug|Any CPU
		{51C7BBAA-DA17-4C82-951E-47161B11CC2E}.Debug|x64.Build.0 = Debug|Any CPU
		{51C7BBAA-DA17-4C82-951E-47161B11CC2E}.Debug|x86.ActiveCfg = Debug|Any CPU
		{51C7BBAA-DA17-4C82-951E-47161B11CC2E}.Debug|x86.Build.0 = Debug|Any CPU
		{51C7BBAA-DA17-4C82-951E-47161B11CC2E}.Release|Any CPU.ActiveCfg = Release|Any CPU
		{51C7BBAA-DA17-4C82-951E-47161B11CC2E}.Release|Any CPU.Build.0 = Release|Any CPU
		{51C7BBAA-DA17-4C82-951E-47161B11CC2E}.Release|ARM.ActiveCfg = Release|Any CPU
		{51C7BBAA-DA17-4C82-951E-47161B11CC2E}.Release|ARM.Build.0 = Release|Any CPU
		{51C7BBAA-DA17-4C82-951E-47161B11CC2E}.Release|ARM64.ActiveCfg = Release|Any CPU
		{51C7BBAA-DA17-4C82-951E-47161B11CC2E}.Release|ARM64.Build.0 = Release|Any CPU
		{51C7BBAA-DA17-4C82-951E-47161B11CC2E}.Release|x64.ActiveCfg = Release|Any CPU
		{51C7BBAA-DA17-4C82-951E-47161B11CC2E}.Release|x64.Build.0 = Release|Any CPU
		{51C7BBAA-DA17-4C82-951E-47161B11CC2E}.Release|x86.ActiveCfg = Release|Any CPU
		{51C7BBAA-DA17-4C82-951E-47161B11CC2E}.Release|x86.Build.0 = Release|Any CPU
		{2FC726B9-2D3B-4D6A-8485-1266112DD17B}.Debug|Any CPU.ActiveCfg = Debug|Any CPU
		{2FC726B9-2D3B-4D6A-8485-1266112DD17B}.Debug|Any CPU.Build.0 = Debug|Any CPU
		{2FC726B9-2D3B-4D6A-8485-1266112DD17B}.Debug|ARM.ActiveCfg = Debug|Any CPU
		{2FC726B9-2D3B-4D6A-8485-1266112DD17B}.Debug|ARM.Build.0 = Debug|Any CPU
		{2FC726B9-2D3B-4D6A-8485-1266112DD17B}.Debug|ARM64.ActiveCfg = Debug|Any CPU
		{2FC726B9-2D3B-4D6A-8485-1266112DD17B}.Debug|ARM64.Build.0 = Debug|Any CPU
		{2FC726B9-2D3B-4D6A-8485-1266112DD17B}.Debug|x64.ActiveCfg = Debug|Any CPU
		{2FC726B9-2D3B-4D6A-8485-1266112DD17B}.Debug|x64.Build.0 = Debug|Any CPU
		{2FC726B9-2D3B-4D6A-8485-1266112DD17B}.Debug|x86.ActiveCfg = Debug|Any CPU
		{2FC726B9-2D3B-4D6A-8485-1266112DD17B}.Debug|x86.Build.0 = Debug|Any CPU
		{2FC726B9-2D3B-4D6A-8485-1266112DD17B}.Release|Any CPU.ActiveCfg = Release|Any CPU
		{2FC726B9-2D3B-4D6A-8485-1266112DD17B}.Release|Any CPU.Build.0 = Release|Any CPU
		{2FC726B9-2D3B-4D6A-8485-1266112DD17B}.Release|ARM.ActiveCfg = Release|Any CPU
		{2FC726B9-2D3B-4D6A-8485-1266112DD17B}.Release|ARM.Build.0 = Release|Any CPU
		{2FC726B9-2D3B-4D6A-8485-1266112DD17B}.Release|ARM64.ActiveCfg = Release|Any CPU
		{2FC726B9-2D3B-4D6A-8485-1266112DD17B}.Release|ARM64.Build.0 = Release|Any CPU
		{2FC726B9-2D3B-4D6A-8485-1266112DD17B}.Release|x64.ActiveCfg = Release|Any CPU
		{2FC726B9-2D3B-4D6A-8485-1266112DD17B}.Release|x64.Build.0 = Release|Any CPU
		{2FC726B9-2D3B-4D6A-8485-1266112DD17B}.Release|x86.ActiveCfg = Release|Any CPU
		{2FC726B9-2D3B-4D6A-8485-1266112DD17B}.Release|x86.Build.0 = Release|Any CPU
		{5B9CFBE7-C4AF-4BF9-80D7-EC2967B84CA4}.Debug|Any CPU.ActiveCfg = Debug|Any CPU
		{5B9CFBE7-C4AF-4BF9-80D7-EC2967B84CA4}.Debug|Any CPU.Build.0 = Debug|Any CPU
		{5B9CFBE7-C4AF-4BF9-80D7-EC2967B84CA4}.Debug|ARM.ActiveCfg = Debug|Any CPU
		{5B9CFBE7-C4AF-4BF9-80D7-EC2967B84CA4}.Debug|ARM.Build.0 = Debug|Any CPU
		{5B9CFBE7-C4AF-4BF9-80D7-EC2967B84CA4}.Debug|ARM64.ActiveCfg = Debug|Any CPU
		{5B9CFBE7-C4AF-4BF9-80D7-EC2967B84CA4}.Debug|ARM64.Build.0 = Debug|Any CPU
		{5B9CFBE7-C4AF-4BF9-80D7-EC2967B84CA4}.Debug|x64.ActiveCfg = Debug|Any CPU
		{5B9CFBE7-C4AF-4BF9-80D7-EC2967B84CA4}.Debug|x64.Build.0 = Debug|Any CPU
		{5B9CFBE7-C4AF-4BF9-80D7-EC2967B84CA4}.Debug|x86.ActiveCfg = Debug|Any CPU
		{5B9CFBE7-C4AF-4BF9-80D7-EC2967B84CA4}.Debug|x86.Build.0 = Debug|Any CPU
		{5B9CFBE7-C4AF-4BF9-80D7-EC2967B84CA4}.Release|Any CPU.ActiveCfg = Release|Any CPU
		{5B9CFBE7-C4AF-4BF9-80D7-EC2967B84CA4}.Release|Any CPU.Build.0 = Release|Any CPU
		{5B9CFBE7-C4AF-4BF9-80D7-EC2967B84CA4}.Release|ARM.ActiveCfg = Release|Any CPU
		{5B9CFBE7-C4AF-4BF9-80D7-EC2967B84CA4}.Release|ARM.Build.0 = Release|Any CPU
		{5B9CFBE7-C4AF-4BF9-80D7-EC2967B84CA4}.Release|ARM64.ActiveCfg = Release|Any CPU
		{5B9CFBE7-C4AF-4BF9-80D7-EC2967B84CA4}.Release|ARM64.Build.0 = Release|Any CPU
		{5B9CFBE7-C4AF-4BF9-80D7-EC2967B84CA4}.Release|x64.ActiveCfg = Release|Any CPU
		{5B9CFBE7-C4AF-4BF9-80D7-EC2967B84CA4}.Release|x64.Build.0 = Release|Any CPU
		{5B9CFBE7-C4AF-4BF9-80D7-EC2967B84CA4}.Release|x86.ActiveCfg = Release|Any CPU
		{5B9CFBE7-C4AF-4BF9-80D7-EC2967B84CA4}.Release|x86.Build.0 = Release|Any CPU
		{162A5143-D9BD-4CF6-BD5E-330FC25B8E46}.Debug|Any CPU.ActiveCfg = Debug|Any CPU
		{162A5143-D9BD-4CF6-BD5E-330FC25B8E46}.Debug|Any CPU.Build.0 = Debug|Any CPU
		{162A5143-D9BD-4CF6-BD5E-330FC25B8E46}.Debug|ARM.ActiveCfg = Debug|Any CPU
		{162A5143-D9BD-4CF6-BD5E-330FC25B8E46}.Debug|ARM.Build.0 = Debug|Any CPU
		{162A5143-D9BD-4CF6-BD5E-330FC25B8E46}.Debug|ARM64.ActiveCfg = Debug|Any CPU
		{162A5143-D9BD-4CF6-BD5E-330FC25B8E46}.Debug|ARM64.Build.0 = Debug|Any CPU
		{162A5143-D9BD-4CF6-BD5E-330FC25B8E46}.Debug|x64.ActiveCfg = Debug|Any CPU
		{162A5143-D9BD-4CF6-BD5E-330FC25B8E46}.Debug|x64.Build.0 = Debug|Any CPU
		{162A5143-D9BD-4CF6-BD5E-330FC25B8E46}.Debug|x86.ActiveCfg = Debug|Any CPU
		{162A5143-D9BD-4CF6-BD5E-330FC25B8E46}.Debug|x86.Build.0 = Debug|Any CPU
		{162A5143-D9BD-4CF6-BD5E-330FC25B8E46}.Release|Any CPU.ActiveCfg = Release|Any CPU
		{162A5143-D9BD-4CF6-BD5E-330FC25B8E46}.Release|Any CPU.Build.0 = Release|Any CPU
		{162A5143-D9BD-4CF6-BD5E-330FC25B8E46}.Release|ARM.ActiveCfg = Release|Any CPU
		{162A5143-D9BD-4CF6-BD5E-330FC25B8E46}.Release|ARM.Build.0 = Release|Any CPU
		{162A5143-D9BD-4CF6-BD5E-330FC25B8E46}.Release|ARM64.ActiveCfg = Release|Any CPU
		{162A5143-D9BD-4CF6-BD5E-330FC25B8E46}.Release|ARM64.Build.0 = Release|Any CPU
		{162A5143-D9BD-4CF6-BD5E-330FC25B8E46}.Release|x64.ActiveCfg = Release|Any CPU
		{162A5143-D9BD-4CF6-BD5E-330FC25B8E46}.Release|x64.Build.0 = Release|Any CPU
		{162A5143-D9BD-4CF6-BD5E-330FC25B8E46}.Release|x86.ActiveCfg = Release|Any CPU
		{162A5143-D9BD-4CF6-BD5E-330FC25B8E46}.Release|x86.Build.0 = Release|Any CPU
		{493647CE-BFEF-44C1-96E5-4FB4B32A7786}.Debug|Any CPU.ActiveCfg = Debug|x64
		{493647CE-BFEF-44C1-96E5-4FB4B32A7786}.Debug|Any CPU.Build.0 = Debug|x64
		{493647CE-BFEF-44C1-96E5-4FB4B32A7786}.Debug|Any CPU.Deploy.0 = Debug|x64
		{493647CE-BFEF-44C1-96E5-4FB4B32A7786}.Debug|ARM.ActiveCfg = Debug|ARM
		{493647CE-BFEF-44C1-96E5-4FB4B32A7786}.Debug|ARM.Build.0 = Debug|ARM
		{493647CE-BFEF-44C1-96E5-4FB4B32A7786}.Debug|ARM.Deploy.0 = Debug|ARM
		{493647CE-BFEF-44C1-96E5-4FB4B32A7786}.Debug|ARM64.ActiveCfg = Debug|ARM64
		{493647CE-BFEF-44C1-96E5-4FB4B32A7786}.Debug|ARM64.Build.0 = Debug|ARM64
		{493647CE-BFEF-44C1-96E5-4FB4B32A7786}.Debug|ARM64.Deploy.0 = Debug|ARM64
		{493647CE-BFEF-44C1-96E5-4FB4B32A7786}.Debug|x64.ActiveCfg = Debug|x64
		{493647CE-BFEF-44C1-96E5-4FB4B32A7786}.Debug|x64.Build.0 = Debug|x64
		{493647CE-BFEF-44C1-96E5-4FB4B32A7786}.Debug|x64.Deploy.0 = Debug|x64
		{493647CE-BFEF-44C1-96E5-4FB4B32A7786}.Debug|x86.ActiveCfg = Debug|x86
		{493647CE-BFEF-44C1-96E5-4FB4B32A7786}.Debug|x86.Build.0 = Debug|x86
		{493647CE-BFEF-44C1-96E5-4FB4B32A7786}.Debug|x86.Deploy.0 = Debug|x86
		{493647CE-BFEF-44C1-96E5-4FB4B32A7786}.Release|Any CPU.ActiveCfg = Release|x64
		{493647CE-BFEF-44C1-96E5-4FB4B32A7786}.Release|Any CPU.Build.0 = Release|x64
		{493647CE-BFEF-44C1-96E5-4FB4B32A7786}.Release|Any CPU.Deploy.0 = Release|x64
		{493647CE-BFEF-44C1-96E5-4FB4B32A7786}.Release|ARM.ActiveCfg = Release|ARM
		{493647CE-BFEF-44C1-96E5-4FB4B32A7786}.Release|ARM.Build.0 = Release|ARM
		{493647CE-BFEF-44C1-96E5-4FB4B32A7786}.Release|ARM.Deploy.0 = Release|ARM
		{493647CE-BFEF-44C1-96E5-4FB4B32A7786}.Release|ARM64.ActiveCfg = Release|ARM64
		{493647CE-BFEF-44C1-96E5-4FB4B32A7786}.Release|ARM64.Build.0 = Release|ARM64
		{493647CE-BFEF-44C1-96E5-4FB4B32A7786}.Release|ARM64.Deploy.0 = Release|ARM64
		{493647CE-BFEF-44C1-96E5-4FB4B32A7786}.Release|x64.ActiveCfg = Release|x64
		{493647CE-BFEF-44C1-96E5-4FB4B32A7786}.Release|x64.Build.0 = Release|x64
		{493647CE-BFEF-44C1-96E5-4FB4B32A7786}.Release|x64.Deploy.0 = Release|x64
		{493647CE-BFEF-44C1-96E5-4FB4B32A7786}.Release|x86.ActiveCfg = Release|x86
		{493647CE-BFEF-44C1-96E5-4FB4B32A7786}.Release|x86.Build.0 = Release|x86
		{493647CE-BFEF-44C1-96E5-4FB4B32A7786}.Release|x86.Deploy.0 = Release|x86
		{35B37389-7CC6-465E-9B24-7FF04D5EC4C6}.Debug|Any CPU.ActiveCfg = Debug|Any CPU
		{35B37389-7CC6-465E-9B24-7FF04D5EC4C6}.Debug|Any CPU.Build.0 = Debug|Any CPU
		{35B37389-7CC6-465E-9B24-7FF04D5EC4C6}.Debug|ARM.ActiveCfg = Debug|Any CPU
		{35B37389-7CC6-465E-9B24-7FF04D5EC4C6}.Debug|ARM.Build.0 = Debug|Any CPU
		{35B37389-7CC6-465E-9B24-7FF04D5EC4C6}.Debug|ARM64.ActiveCfg = Debug|Any CPU
		{35B37389-7CC6-465E-9B24-7FF04D5EC4C6}.Debug|ARM64.Build.0 = Debug|Any CPU
		{35B37389-7CC6-465E-9B24-7FF04D5EC4C6}.Debug|x64.ActiveCfg = Debug|Any CPU
		{35B37389-7CC6-465E-9B24-7FF04D5EC4C6}.Debug|x64.Build.0 = Debug|Any CPU
		{35B37389-7CC6-465E-9B24-7FF04D5EC4C6}.Debug|x86.ActiveCfg = Debug|Any CPU
		{35B37389-7CC6-465E-9B24-7FF04D5EC4C6}.Debug|x86.Build.0 = Debug|Any CPU
		{35B37389-7CC6-465E-9B24-7FF04D5EC4C6}.Release|Any CPU.ActiveCfg = Release|Any CPU
		{35B37389-7CC6-465E-9B24-7FF04D5EC4C6}.Release|Any CPU.Build.0 = Release|Any CPU
		{35B37389-7CC6-465E-9B24-7FF04D5EC4C6}.Release|ARM.ActiveCfg = Release|Any CPU
		{35B37389-7CC6-465E-9B24-7FF04D5EC4C6}.Release|ARM.Build.0 = Release|Any CPU
		{35B37389-7CC6-465E-9B24-7FF04D5EC4C6}.Release|ARM64.ActiveCfg = Release|Any CPU
		{35B37389-7CC6-465E-9B24-7FF04D5EC4C6}.Release|ARM64.Build.0 = Release|Any CPU
		{35B37389-7CC6-465E-9B24-7FF04D5EC4C6}.Release|x64.ActiveCfg = Release|Any CPU
		{35B37389-7CC6-465E-9B24-7FF04D5EC4C6}.Release|x64.Build.0 = Release|Any CPU
		{35B37389-7CC6-465E-9B24-7FF04D5EC4C6}.Release|x86.ActiveCfg = Release|Any CPU
		{35B37389-7CC6-465E-9B24-7FF04D5EC4C6}.Release|x86.Build.0 = Release|Any CPU
		{60BB8612-260E-4B14-ACB5-4730A2872F77}.Debug|Any CPU.ActiveCfg = Debug|Any CPU
		{60BB8612-260E-4B14-ACB5-4730A2872F77}.Debug|Any CPU.Build.0 = Debug|Any CPU
		{60BB8612-260E-4B14-ACB5-4730A2872F77}.Debug|ARM.ActiveCfg = Debug|Any CPU
		{60BB8612-260E-4B14-ACB5-4730A2872F77}.Debug|ARM.Build.0 = Debug|Any CPU
		{60BB8612-260E-4B14-ACB5-4730A2872F77}.Debug|ARM64.ActiveCfg = Debug|Any CPU
		{60BB8612-260E-4B14-ACB5-4730A2872F77}.Debug|ARM64.Build.0 = Debug|Any CPU
		{60BB8612-260E-4B14-ACB5-4730A2872F77}.Debug|x64.ActiveCfg = Debug|Any CPU
		{60BB8612-260E-4B14-ACB5-4730A2872F77}.Debug|x64.Build.0 = Debug|Any CPU
		{60BB8612-260E-4B14-ACB5-4730A2872F77}.Debug|x86.ActiveCfg = Debug|Any CPU
		{60BB8612-260E-4B14-ACB5-4730A2872F77}.Debug|x86.Build.0 = Debug|Any CPU
		{60BB8612-260E-4B14-ACB5-4730A2872F77}.Release|Any CPU.ActiveCfg = Release|Any CPU
		{60BB8612-260E-4B14-ACB5-4730A2872F77}.Release|Any CPU.Build.0 = Release|Any CPU
		{60BB8612-260E-4B14-ACB5-4730A2872F77}.Release|ARM.ActiveCfg = Release|Any CPU
		{60BB8612-260E-4B14-ACB5-4730A2872F77}.Release|ARM.Build.0 = Release|Any CPU
		{60BB8612-260E-4B14-ACB5-4730A2872F77}.Release|ARM64.ActiveCfg = Release|Any CPU
		{60BB8612-260E-4B14-ACB5-4730A2872F77}.Release|ARM64.Build.0 = Release|Any CPU
		{60BB8612-260E-4B14-ACB5-4730A2872F77}.Release|x64.ActiveCfg = Release|Any CPU
		{60BB8612-260E-4B14-ACB5-4730A2872F77}.Release|x64.Build.0 = Release|Any CPU
		{60BB8612-260E-4B14-ACB5-4730A2872F77}.Release|x86.ActiveCfg = Release|Any CPU
		{60BB8612-260E-4B14-ACB5-4730A2872F77}.Release|x86.Build.0 = Release|Any CPU
		{7E8EFBD1-7102-4413-86F0-EC435417475D}.Debug|Any CPU.ActiveCfg = Debug|Any CPU
		{7E8EFBD1-7102-4413-86F0-EC435417475D}.Debug|Any CPU.Build.0 = Debug|Any CPU
		{7E8EFBD1-7102-4413-86F0-EC435417475D}.Debug|ARM.ActiveCfg = Debug|Any CPU
		{7E8EFBD1-7102-4413-86F0-EC435417475D}.Debug|ARM.Build.0 = Debug|Any CPU
		{7E8EFBD1-7102-4413-86F0-EC435417475D}.Debug|ARM64.ActiveCfg = Debug|Any CPU
		{7E8EFBD1-7102-4413-86F0-EC435417475D}.Debug|ARM64.Build.0 = Debug|Any CPU
		{7E8EFBD1-7102-4413-86F0-EC435417475D}.Debug|x64.ActiveCfg = Debug|Any CPU
		{7E8EFBD1-7102-4413-86F0-EC435417475D}.Debug|x64.Build.0 = Debug|Any CPU
		{7E8EFBD1-7102-4413-86F0-EC435417475D}.Debug|x86.ActiveCfg = Debug|Any CPU
		{7E8EFBD1-7102-4413-86F0-EC435417475D}.Debug|x86.Build.0 = Debug|Any CPU
		{7E8EFBD1-7102-4413-86F0-EC435417475D}.Release|Any CPU.ActiveCfg = Release|Any CPU
		{7E8EFBD1-7102-4413-86F0-EC435417475D}.Release|Any CPU.Build.0 = Release|Any CPU
		{7E8EFBD1-7102-4413-86F0-EC435417475D}.Release|ARM.ActiveCfg = Release|Any CPU
		{7E8EFBD1-7102-4413-86F0-EC435417475D}.Release|ARM.Build.0 = Release|Any CPU
		{7E8EFBD1-7102-4413-86F0-EC435417475D}.Release|ARM64.ActiveCfg = Release|Any CPU
		{7E8EFBD1-7102-4413-86F0-EC435417475D}.Release|ARM64.Build.0 = Release|Any CPU
		{7E8EFBD1-7102-4413-86F0-EC435417475D}.Release|x64.ActiveCfg = Release|Any CPU
		{7E8EFBD1-7102-4413-86F0-EC435417475D}.Release|x64.Build.0 = Release|Any CPU
		{7E8EFBD1-7102-4413-86F0-EC435417475D}.Release|x86.ActiveCfg = Release|Any CPU
		{7E8EFBD1-7102-4413-86F0-EC435417475D}.Release|x86.Build.0 = Release|Any CPU
		{67A3FA98-D1F0-4069-89B8-6869B25D4351}.Debug|Any CPU.ActiveCfg = Debug|Any CPU
		{67A3FA98-D1F0-4069-89B8-6869B25D4351}.Debug|Any CPU.Build.0 = Debug|Any CPU
		{67A3FA98-D1F0-4069-89B8-6869B25D4351}.Debug|ARM.ActiveCfg = Debug|Any CPU
		{67A3FA98-D1F0-4069-89B8-6869B25D4351}.Debug|ARM.Build.0 = Debug|Any CPU
		{67A3FA98-D1F0-4069-89B8-6869B25D4351}.Debug|ARM64.ActiveCfg = Debug|Any CPU
		{67A3FA98-D1F0-4069-89B8-6869B25D4351}.Debug|ARM64.Build.0 = Debug|Any CPU
		{67A3FA98-D1F0-4069-89B8-6869B25D4351}.Debug|x64.ActiveCfg = Debug|Any CPU
		{67A3FA98-D1F0-4069-89B8-6869B25D4351}.Debug|x64.Build.0 = Debug|Any CPU
		{67A3FA98-D1F0-4069-89B8-6869B25D4351}.Debug|x86.ActiveCfg = Debug|Any CPU
		{67A3FA98-D1F0-4069-89B8-6869B25D4351}.Debug|x86.Build.0 = Debug|Any CPU
		{67A3FA98-D1F0-4069-89B8-6869B25D4351}.Release|Any CPU.ActiveCfg = Release|Any CPU
		{67A3FA98-D1F0-4069-89B8-6869B25D4351}.Release|Any CPU.Build.0 = Release|Any CPU
		{67A3FA98-D1F0-4069-89B8-6869B25D4351}.Release|ARM.ActiveCfg = Release|Any CPU
		{67A3FA98-D1F0-4069-89B8-6869B25D4351}.Release|ARM.Build.0 = Release|Any CPU
		{67A3FA98-D1F0-4069-89B8-6869B25D4351}.Release|ARM64.ActiveCfg = Release|Any CPU
		{67A3FA98-D1F0-4069-89B8-6869B25D4351}.Release|ARM64.Build.0 = Release|Any CPU
		{67A3FA98-D1F0-4069-89B8-6869B25D4351}.Release|x64.ActiveCfg = Release|Any CPU
		{67A3FA98-D1F0-4069-89B8-6869B25D4351}.Release|x64.Build.0 = Release|Any CPU
		{67A3FA98-D1F0-4069-89B8-6869B25D4351}.Release|x86.ActiveCfg = Release|Any CPU
		{67A3FA98-D1F0-4069-89B8-6869B25D4351}.Release|x86.Build.0 = Release|Any CPU
		{C75D6A21-9F02-4215-A226-2CB9ACA4D598}.Debug|Any CPU.ActiveCfg = Debug|Any CPU
		{C75D6A21-9F02-4215-A226-2CB9ACA4D598}.Debug|Any CPU.Build.0 = Debug|Any CPU
		{C75D6A21-9F02-4215-A226-2CB9ACA4D598}.Debug|ARM.ActiveCfg = Debug|Any CPU
		{C75D6A21-9F02-4215-A226-2CB9ACA4D598}.Debug|ARM.Build.0 = Debug|Any CPU
		{C75D6A21-9F02-4215-A226-2CB9ACA4D598}.Debug|ARM64.ActiveCfg = Debug|Any CPU
		{C75D6A21-9F02-4215-A226-2CB9ACA4D598}.Debug|ARM64.Build.0 = Debug|Any CPU
		{C75D6A21-9F02-4215-A226-2CB9ACA4D598}.Debug|x64.ActiveCfg = Debug|Any CPU
		{C75D6A21-9F02-4215-A226-2CB9ACA4D598}.Debug|x64.Build.0 = Debug|Any CPU
		{C75D6A21-9F02-4215-A226-2CB9ACA4D598}.Debug|x86.ActiveCfg = Debug|Any CPU
		{C75D6A21-9F02-4215-A226-2CB9ACA4D598}.Debug|x86.Build.0 = Debug|Any CPU
		{C75D6A21-9F02-4215-A226-2CB9ACA4D598}.Release|Any CPU.ActiveCfg = Release|Any CPU
		{C75D6A21-9F02-4215-A226-2CB9ACA4D598}.Release|Any CPU.Build.0 = Release|Any CPU
		{C75D6A21-9F02-4215-A226-2CB9ACA4D598}.Release|ARM.ActiveCfg = Release|Any CPU
		{C75D6A21-9F02-4215-A226-2CB9ACA4D598}.Release|ARM.Build.0 = Release|Any CPU
		{C75D6A21-9F02-4215-A226-2CB9ACA4D598}.Release|ARM64.ActiveCfg = Release|Any CPU
		{C75D6A21-9F02-4215-A226-2CB9ACA4D598}.Release|ARM64.Build.0 = Release|Any CPU
		{C75D6A21-9F02-4215-A226-2CB9ACA4D598}.Release|x64.ActiveCfg = Release|Any CPU
		{C75D6A21-9F02-4215-A226-2CB9ACA4D598}.Release|x64.Build.0 = Release|Any CPU
		{C75D6A21-9F02-4215-A226-2CB9ACA4D598}.Release|x86.ActiveCfg = Release|Any CPU
		{C75D6A21-9F02-4215-A226-2CB9ACA4D598}.Release|x86.Build.0 = Release|Any CPU
		{FA32BC91-B97D-42EF-BA11-94C3A79F989D}.Debug|Any CPU.ActiveCfg = Debug|Any CPU
		{FA32BC91-B97D-42EF-BA11-94C3A79F989D}.Debug|Any CPU.Build.0 = Debug|Any CPU
		{FA32BC91-B97D-42EF-BA11-94C3A79F989D}.Debug|ARM.ActiveCfg = Debug|Any CPU
		{FA32BC91-B97D-42EF-BA11-94C3A79F989D}.Debug|ARM.Build.0 = Debug|Any CPU
		{FA32BC91-B97D-42EF-BA11-94C3A79F989D}.Debug|ARM64.ActiveCfg = Debug|Any CPU
		{FA32BC91-B97D-42EF-BA11-94C3A79F989D}.Debug|ARM64.Build.0 = Debug|Any CPU
		{FA32BC91-B97D-42EF-BA11-94C3A79F989D}.Debug|x64.ActiveCfg = Debug|Any CPU
		{FA32BC91-B97D-42EF-BA11-94C3A79F989D}.Debug|x64.Build.0 = Debug|Any CPU
		{FA32BC91-B97D-42EF-BA11-94C3A79F989D}.Debug|x86.ActiveCfg = Debug|Any CPU
		{FA32BC91-B97D-42EF-BA11-94C3A79F989D}.Debug|x86.Build.0 = Debug|Any CPU
		{FA32BC91-B97D-42EF-BA11-94C3A79F989D}.Release|Any CPU.ActiveCfg = Release|Any CPU
		{FA32BC91-B97D-42EF-BA11-94C3A79F989D}.Release|Any CPU.Build.0 = Release|Any CPU
		{FA32BC91-B97D-42EF-BA11-94C3A79F989D}.Release|ARM.ActiveCfg = Release|Any CPU
		{FA32BC91-B97D-42EF-BA11-94C3A79F989D}.Release|ARM.Build.0 = Release|Any CPU
		{FA32BC91-B97D-42EF-BA11-94C3A79F989D}.Release|ARM64.ActiveCfg = Release|Any CPU
		{FA32BC91-B97D-42EF-BA11-94C3A79F989D}.Release|ARM64.Build.0 = Release|Any CPU
		{FA32BC91-B97D-42EF-BA11-94C3A79F989D}.Release|x64.ActiveCfg = Release|Any CPU
		{FA32BC91-B97D-42EF-BA11-94C3A79F989D}.Release|x64.Build.0 = Release|Any CPU
		{FA32BC91-B97D-42EF-BA11-94C3A79F989D}.Release|x86.ActiveCfg = Release|Any CPU
		{FA32BC91-B97D-42EF-BA11-94C3A79F989D}.Release|x86.Build.0 = Release|Any CPU
		{39F003B7-5BCF-4E99-AF7A-A67E90585658}.Debug|Any CPU.ActiveCfg = Debug|Any CPU
		{39F003B7-5BCF-4E99-AF7A-A67E90585658}.Debug|Any CPU.Build.0 = Debug|Any CPU
		{39F003B7-5BCF-4E99-AF7A-A67E90585658}.Debug|ARM.ActiveCfg = Debug|Any CPU
		{39F003B7-5BCF-4E99-AF7A-A67E90585658}.Debug|ARM.Build.0 = Debug|Any CPU
		{39F003B7-5BCF-4E99-AF7A-A67E90585658}.Debug|ARM64.ActiveCfg = Debug|Any CPU
		{39F003B7-5BCF-4E99-AF7A-A67E90585658}.Debug|ARM64.Build.0 = Debug|Any CPU
		{39F003B7-5BCF-4E99-AF7A-A67E90585658}.Debug|x64.ActiveCfg = Debug|Any CPU
		{39F003B7-5BCF-4E99-AF7A-A67E90585658}.Debug|x64.Build.0 = Debug|Any CPU
		{39F003B7-5BCF-4E99-AF7A-A67E90585658}.Debug|x86.ActiveCfg = Debug|Any CPU
		{39F003B7-5BCF-4E99-AF7A-A67E90585658}.Debug|x86.Build.0 = Debug|Any CPU
		{39F003B7-5BCF-4E99-AF7A-A67E90585658}.Release|Any CPU.ActiveCfg = Release|Any CPU
		{39F003B7-5BCF-4E99-AF7A-A67E90585658}.Release|Any CPU.Build.0 = Release|Any CPU
		{39F003B7-5BCF-4E99-AF7A-A67E90585658}.Release|ARM.ActiveCfg = Release|Any CPU
		{39F003B7-5BCF-4E99-AF7A-A67E90585658}.Release|ARM.Build.0 = Release|Any CPU
		{39F003B7-5BCF-4E99-AF7A-A67E90585658}.Release|ARM64.ActiveCfg = Release|Any CPU
		{39F003B7-5BCF-4E99-AF7A-A67E90585658}.Release|ARM64.Build.0 = Release|Any CPU
		{39F003B7-5BCF-4E99-AF7A-A67E90585658}.Release|x64.ActiveCfg = Release|Any CPU
		{39F003B7-5BCF-4E99-AF7A-A67E90585658}.Release|x64.Build.0 = Release|Any CPU
		{39F003B7-5BCF-4E99-AF7A-A67E90585658}.Release|x86.ActiveCfg = Release|Any CPU
		{39F003B7-5BCF-4E99-AF7A-A67E90585658}.Release|x86.Build.0 = Release|Any CPU
		{1F327B5E-70BB-4442-BB6B-D86F714BD5D4}.Debug|Any CPU.ActiveCfg = Debug|Any CPU
		{1F327B5E-70BB-4442-BB6B-D86F714BD5D4}.Debug|Any CPU.Build.0 = Debug|Any CPU
		{1F327B5E-70BB-4442-BB6B-D86F714BD5D4}.Debug|ARM.ActiveCfg = Debug|Any CPU
		{1F327B5E-70BB-4442-BB6B-D86F714BD5D4}.Debug|ARM.Build.0 = Debug|Any CPU
		{1F327B5E-70BB-4442-BB6B-D86F714BD5D4}.Debug|ARM64.ActiveCfg = Debug|Any CPU
		{1F327B5E-70BB-4442-BB6B-D86F714BD5D4}.Debug|ARM64.Build.0 = Debug|Any CPU
		{1F327B5E-70BB-4442-BB6B-D86F714BD5D4}.Debug|x64.ActiveCfg = Debug|Any CPU
		{1F327B5E-70BB-4442-BB6B-D86F714BD5D4}.Debug|x64.Build.0 = Debug|Any CPU
		{1F327B5E-70BB-4442-BB6B-D86F714BD5D4}.Debug|x86.ActiveCfg = Debug|Any CPU
		{1F327B5E-70BB-4442-BB6B-D86F714BD5D4}.Debug|x86.Build.0 = Debug|Any CPU
		{1F327B5E-70BB-4442-BB6B-D86F714BD5D4}.Release|Any CPU.ActiveCfg = Release|Any CPU
		{1F327B5E-70BB-4442-BB6B-D86F714BD5D4}.Release|Any CPU.Build.0 = Release|Any CPU
		{1F327B5E-70BB-4442-BB6B-D86F714BD5D4}.Release|ARM.ActiveCfg = Release|Any CPU
		{1F327B5E-70BB-4442-BB6B-D86F714BD5D4}.Release|ARM.Build.0 = Release|Any CPU
		{1F327B5E-70BB-4442-BB6B-D86F714BD5D4}.Release|ARM64.ActiveCfg = Release|Any CPU
		{1F327B5E-70BB-4442-BB6B-D86F714BD5D4}.Release|ARM64.Build.0 = Release|Any CPU
		{1F327B5E-70BB-4442-BB6B-D86F714BD5D4}.Release|x64.ActiveCfg = Release|Any CPU
		{1F327B5E-70BB-4442-BB6B-D86F714BD5D4}.Release|x64.Build.0 = Release|Any CPU
		{1F327B5E-70BB-4442-BB6B-D86F714BD5D4}.Release|x86.ActiveCfg = Release|Any CPU
		{1F327B5E-70BB-4442-BB6B-D86F714BD5D4}.Release|x86.Build.0 = Release|Any CPU
	EndGlobalSection
	GlobalSection(SolutionProperties) = preSolution
		HideSolutionNode = FALSE
	EndGlobalSection
	GlobalSection(NestedProjects) = preSolution
		{4F832A98-4528-4472-8ACC-E60ED99D034D} = {178898B9-4BE6-4076-90FB-0BA455D160CF}
		{51C7BBAA-DA17-4C82-951E-47161B11CC2E} = {F4D251CB-897E-4451-8BF0-CCBB39D05179}
		{2FC726B9-2D3B-4D6A-8485-1266112DD17B} = {F4D251CB-897E-4451-8BF0-CCBB39D05179}
		{5B9CFBE7-C4AF-4BF9-80D7-EC2967B84CA4} = {4F832A98-4528-4472-8ACC-E60ED99D034D}
		{162A5143-D9BD-4CF6-BD5E-330FC25B8E46} = {4F832A98-4528-4472-8ACC-E60ED99D034D}
		{493647CE-BFEF-44C1-96E5-4FB4B32A7786} = {4F832A98-4528-4472-8ACC-E60ED99D034D}
		{6279C845-92F8-4333-AB99-3D213163593C} = {178898B9-4BE6-4076-90FB-0BA455D160CF}
		{35B37389-7CC6-465E-9B24-7FF04D5EC4C6} = {4F832A98-4528-4472-8ACC-E60ED99D034D}
		{60BB8612-260E-4B14-ACB5-4730A2872F77} = {4F832A98-4528-4472-8ACC-E60ED99D034D}
		{7E8EFBD1-7102-4413-86F0-EC435417475D} = {4F832A98-4528-4472-8ACC-E60ED99D034D}
		{67A3FA98-D1F0-4069-89B8-6869B25D4351} = {1CA43461-088E-4500-AFC8-4981ED702E43}
		{C75D6A21-9F02-4215-A226-2CB9ACA4D598} = {1CA43461-088E-4500-AFC8-4981ED702E43}
		{FA32BC91-B97D-42EF-BA11-94C3A79F989D} = {36F7085B-E45E-4115-BC6F-45195DCEC8A9}
		{39F003B7-5BCF-4E99-AF7A-A67E90585658} = {F4D251CB-897E-4451-8BF0-CCBB39D05179}
		{1F327B5E-70BB-4442-BB6B-D86F714BD5D4} = {F4D251CB-897E-4451-8BF0-CCBB39D05179}
	EndGlobalSection
	GlobalSection(ExtensibilityGlobals) = postSolution
		SolutionGuid = {A6EC84AE-7617-4BAA-882E-6B258FD15AC3}
	EndGlobalSection
EndGlobal
