
Microsoft Visual Studio Solution File, Format Version 12.00
# Visual Studio Version 17
VisualStudioVersion = 17.2.32317.152
MinimumVisualStudioVersion = 10.0.40219.1
Project("{9A19103F-16F7-4668-BE54-9A1E7A4F7556}") = "CheburchayNavigation.Native", "NavigationNative\CheburchayNavigation.Native.csproj", "{FC107CF9-321B-4CD9-B09B-51A9CE3320AB}"
EndProject
Project("{9A19103F-16F7-4668-BE54-9A1E7A4F7556}") = "Uno.CheburchayNavigation", "Uno.CheburchayNavigation\Uno.CheburchayNavigation.csproj", "{F80E54F4-100F-473F-B3FA-9CFDC9F04A41}"
EndProject
Project("{FAE04EC0-301F-11D3-BF4B-00C04F79EFBC}") = "CheburchayNavigation.Common", "CheburchayNavigation.Common\CheburchayNavigation.Common.csproj", "{D6EC3DB8-768E-487A-95E7-5A1F6D1695C0}"
EndProject
Global
	GlobalSection(SolutionConfigurationPlatforms) = preSolution
		Debug|Any CPU = Debug|Any CPU
		Release|Any CPU = Release|Any CPU
	EndGlobalSection
	GlobalSection(ProjectConfigurationPlatforms) = postSolution
		{FC107CF9-321B-4CD9-B09B-51A9CE3320AB}.Debug|Any CPU.ActiveCfg = Debug|Any CPU
		{FC107CF9-321B-4CD9-B09B-51A9CE3320AB}.Debug|Any CPU.Build.0 = Debug|Any CPU
		{FC107CF9-321B-4CD9-B09B-51A9CE3320AB}.Release|Any CPU.ActiveCfg = Release|Any CPU
		{FC107CF9-321B-4CD9-B09B-51A9CE3320AB}.Release|Any CPU.Build.0 = Release|Any CPU
		{F80E54F4-100F-473F-B3FA-9CFDC9F04A41}.Debug|Any CPU.ActiveCfg = Debug|Any CPU
		{F80E54F4-100F-473F-B3FA-9CFDC9F04A41}.Debug|Any CPU.Build.0 = Debug|Any CPU
		{F80E54F4-100F-473F-B3FA-9CFDC9F04A41}.Release|Any CPU.ActiveCfg = Release|Any CPU
		{F80E54F4-100F-473F-B3FA-9CFDC9F04A41}.Release|Any CPU.Build.0 = Release|Any CPU
		{D6EC3DB8-768E-487A-95E7-5A1F6D1695C0}.Debug|Any CPU.ActiveCfg = Debug|Any CPU
		{D6EC3DB8-768E-487A-95E7-5A1F6D1695C0}.Debug|Any CPU.Build.0 = Debug|Any CPU
		{D6EC3DB8-768E-487A-95E7-5A1F6D1695C0}.Release|Any CPU.ActiveCfg = Release|Any CPU
		{D6EC3DB8-768E-487A-95E7-5A1F6D1695C0}.Release|Any CPU.Build.0 = Release|Any CPU
	EndGlobalSection
	GlobalSection(SolutionProperties) = preSolution
		HideSolutionNode = FALSE
	EndGlobalSection
	GlobalSection(ExtensibilityGlobals) = postSolution
		SolutionGuid = {0AAF7FAD-4AD0-49C3-B418-FEE3C956DF89}
	EndGlobalSection
EndGlobal
