
Microsoft Visual Studio Solution File, Format Version 12.00
# Visual Studio Version 17
VisualStudioVersion = 17.4.33213.308
MinimumVisualStudioVersion = 10.0.40219.1
Project("{9A19103F-16F7-4668-BE54-9A1E7A4F7556}") = "Ligric.Service.AuthService.Domain", "Ligric.Service.AuthService.Domain\Ligric.Service.AuthService.Domain.csproj", "{9441E7A1-3E87-46A4-A13F-6FEB57AB1777}"
EndProject
Project("{9A19103F-16F7-4668-BE54-9A1E7A4F7556}") = "Ligric.Service.AuthService.Application", "Ligric.Service.AuthService.Application\Ligric.Service.AuthService.Application.csproj", "{6BB9BB6D-F02D-486D-8BA0-51665AE76E0C}"
EndProject
Project("{9A19103F-16F7-4668-BE54-9A1E7A4F7556}") = "Ligric.Service.AuthService.Infrastructure", "Ligric.Service.AuthService.Infrastructure\Ligric.Service.AuthService.Infrastructure.csproj", "{DE8625B5-4954-4BA5-A67A-1AE2754E1184}"
EndProject
Project("{9A19103F-16F7-4668-BE54-9A1E7A4F7556}") = "Ligric.Service.AuthService.Tests", "Ligric.Service.AuthService.Tests\Ligric.Service.AuthService.Tests.csproj", "{A9B74E45-F718-4208-A4A7-7452E3BADE5B}"
EndProject
Project("{9A19103F-16F7-4668-BE54-9A1E7A4F7556}") = "Ligric.Service.AuthService.Api", "Ligric.Service.AuthService.Api\Ligric.Service.AuthService.Api.csproj", "{A4CAA2BF-C32F-4D05-80B4-331E8398FC21}"
EndProject
Project("{9A19103F-16F7-4668-BE54-9A1E7A4F7556}") = "Ligric.Service.AuthService.Infrastructure.Jwt", "Ligric.Service.AuthService.Infrastructure.Jwt\Ligric.Service.AuthService.Infrastructure.Jwt.csproj", "{65A5ECF9-149C-45C4-8BA4-5DBE36B10485}"
EndProject
Project("{9A19103F-16F7-4668-BE54-9A1E7A4F7556}") = "Ligric.Service.AuthService.Infrastructure.Nhibernate", "Ligric.Service.AuthService.Infrastructure.Nhibernate\Ligric.Service.AuthService.Infrastructure.Nhibernate.csproj", "{F9B6A3A3-DABB-4E53-9010-E7C685942980}"
EndProject
Project("{9A19103F-16F7-4668-BE54-9A1E7A4F7556}") = "Ligric.Server.Auth.Infrastructure.RabbitMq.Subscribers", "Ligric.Service.AuthService.Infrastructure.RabbitMq.Subscribers\Ligric.Server.Auth.Infrastructure.RabbitMq.Subscribers.csproj", "{8647875C-71E8-448F-B4C6-4772BC6DA05B}"
EndProject
Project("{9A19103F-16F7-4668-BE54-9A1E7A4F7556}") = "Ligric.Service.AuthService.UseCase", "Ligric.Service.AuthService.UseCase\Ligric.Service.AuthService.UseCase.csproj", "{4496B4FF-46DA-4509-BD45-7B94720D6851}"
EndProject
Project("{9A19103F-16F7-4668-BE54-9A1E7A4F7556}") = "Ligric.Service.AuthService.IoC", "Ligric.Service.AuthService.IoC\Ligric.Service.AuthService.IoC.csproj", "{FAE5C106-8089-44F2-BD92-3E754F898C93}"
EndProject
Project("{9A19103F-16F7-4668-BE54-9A1E7A4F7556}") = "Utils", "..\..\shared\Utils\Utils.csproj", "{A1E8DC15-E5D4-447E-A7AD-EC21A4543B72}"
EndProject
Project("{9A19103F-16F7-4668-BE54-9A1E7A4F7556}") = "Ligric.Rpc.Contracts", "..\..\shared\Ligric.Rpc.Contracts\Ligric.Rpc.Contracts.csproj", "{E39761B0-1881-4C93-BD5D-D36AF47DB4A6}"
EndProject
Global
	GlobalSection(SolutionConfigurationPlatforms) = preSolution
		Debug|Any CPU = Debug|Any CPU
		Release|Any CPU = Release|Any CPU
	EndGlobalSection
	GlobalSection(ProjectConfigurationPlatforms) = postSolution
		{9441E7A1-3E87-46A4-A13F-6FEB57AB1777}.Debug|Any CPU.ActiveCfg = Debug|Any CPU
		{9441E7A1-3E87-46A4-A13F-6FEB57AB1777}.Debug|Any CPU.Build.0 = Debug|Any CPU
		{9441E7A1-3E87-46A4-A13F-6FEB57AB1777}.Release|Any CPU.ActiveCfg = Release|Any CPU
		{9441E7A1-3E87-46A4-A13F-6FEB57AB1777}.Release|Any CPU.Build.0 = Release|Any CPU
		{6BB9BB6D-F02D-486D-8BA0-51665AE76E0C}.Debug|Any CPU.ActiveCfg = Debug|Any CPU
		{6BB9BB6D-F02D-486D-8BA0-51665AE76E0C}.Debug|Any CPU.Build.0 = Debug|Any CPU
		{6BB9BB6D-F02D-486D-8BA0-51665AE76E0C}.Release|Any CPU.ActiveCfg = Release|Any CPU
		{6BB9BB6D-F02D-486D-8BA0-51665AE76E0C}.Release|Any CPU.Build.0 = Release|Any CPU
		{DE8625B5-4954-4BA5-A67A-1AE2754E1184}.Debug|Any CPU.ActiveCfg = Debug|Any CPU
		{DE8625B5-4954-4BA5-A67A-1AE2754E1184}.Debug|Any CPU.Build.0 = Debug|Any CPU
		{DE8625B5-4954-4BA5-A67A-1AE2754E1184}.Release|Any CPU.ActiveCfg = Release|Any CPU
		{DE8625B5-4954-4BA5-A67A-1AE2754E1184}.Release|Any CPU.Build.0 = Release|Any CPU
		{A9B74E45-F718-4208-A4A7-7452E3BADE5B}.Debug|Any CPU.ActiveCfg = Debug|Any CPU
		{A9B74E45-F718-4208-A4A7-7452E3BADE5B}.Debug|Any CPU.Build.0 = Debug|Any CPU
		{A9B74E45-F718-4208-A4A7-7452E3BADE5B}.Release|Any CPU.ActiveCfg = Release|Any CPU
		{A9B74E45-F718-4208-A4A7-7452E3BADE5B}.Release|Any CPU.Build.0 = Release|Any CPU
		{A4CAA2BF-C32F-4D05-80B4-331E8398FC21}.Debug|Any CPU.ActiveCfg = Debug|Any CPU
		{A4CAA2BF-C32F-4D05-80B4-331E8398FC21}.Debug|Any CPU.Build.0 = Debug|Any CPU
		{A4CAA2BF-C32F-4D05-80B4-331E8398FC21}.Release|Any CPU.ActiveCfg = Release|Any CPU
		{A4CAA2BF-C32F-4D05-80B4-331E8398FC21}.Release|Any CPU.Build.0 = Release|Any CPU
		{65A5ECF9-149C-45C4-8BA4-5DBE36B10485}.Debug|Any CPU.ActiveCfg = Debug|Any CPU
		{65A5ECF9-149C-45C4-8BA4-5DBE36B10485}.Debug|Any CPU.Build.0 = Debug|Any CPU
		{65A5ECF9-149C-45C4-8BA4-5DBE36B10485}.Release|Any CPU.ActiveCfg = Release|Any CPU
		{65A5ECF9-149C-45C4-8BA4-5DBE36B10485}.Release|Any CPU.Build.0 = Release|Any CPU
		{F9B6A3A3-DABB-4E53-9010-E7C685942980}.Debug|Any CPU.ActiveCfg = Debug|Any CPU
		{F9B6A3A3-DABB-4E53-9010-E7C685942980}.Debug|Any CPU.Build.0 = Debug|Any CPU
		{F9B6A3A3-DABB-4E53-9010-E7C685942980}.Release|Any CPU.ActiveCfg = Release|Any CPU
		{F9B6A3A3-DABB-4E53-9010-E7C685942980}.Release|Any CPU.Build.0 = Release|Any CPU
		{8647875C-71E8-448F-B4C6-4772BC6DA05B}.Debug|Any CPU.ActiveCfg = Debug|Any CPU
		{8647875C-71E8-448F-B4C6-4772BC6DA05B}.Debug|Any CPU.Build.0 = Debug|Any CPU
		{8647875C-71E8-448F-B4C6-4772BC6DA05B}.Release|Any CPU.ActiveCfg = Release|Any CPU
		{8647875C-71E8-448F-B4C6-4772BC6DA05B}.Release|Any CPU.Build.0 = Release|Any CPU
		{4496B4FF-46DA-4509-BD45-7B94720D6851}.Debug|Any CPU.ActiveCfg = Debug|Any CPU
		{4496B4FF-46DA-4509-BD45-7B94720D6851}.Debug|Any CPU.Build.0 = Debug|Any CPU
		{4496B4FF-46DA-4509-BD45-7B94720D6851}.Release|Any CPU.ActiveCfg = Release|Any CPU
		{4496B4FF-46DA-4509-BD45-7B94720D6851}.Release|Any CPU.Build.0 = Release|Any CPU
		{FAE5C106-8089-44F2-BD92-3E754F898C93}.Debug|Any CPU.ActiveCfg = Debug|Any CPU
		{FAE5C106-8089-44F2-BD92-3E754F898C93}.Debug|Any CPU.Build.0 = Debug|Any CPU
		{FAE5C106-8089-44F2-BD92-3E754F898C93}.Release|Any CPU.ActiveCfg = Release|Any CPU
		{FAE5C106-8089-44F2-BD92-3E754F898C93}.Release|Any CPU.Build.0 = Release|Any CPU
		{A1E8DC15-E5D4-447E-A7AD-EC21A4543B72}.Debug|Any CPU.ActiveCfg = Debug|Any CPU
		{A1E8DC15-E5D4-447E-A7AD-EC21A4543B72}.Debug|Any CPU.Build.0 = Debug|Any CPU
		{A1E8DC15-E5D4-447E-A7AD-EC21A4543B72}.Release|Any CPU.ActiveCfg = Release|Any CPU
		{A1E8DC15-E5D4-447E-A7AD-EC21A4543B72}.Release|Any CPU.Build.0 = Release|Any CPU
		{E39761B0-1881-4C93-BD5D-D36AF47DB4A6}.Debug|Any CPU.ActiveCfg = Debug|Any CPU
		{E39761B0-1881-4C93-BD5D-D36AF47DB4A6}.Debug|Any CPU.Build.0 = Debug|Any CPU
		{E39761B0-1881-4C93-BD5D-D36AF47DB4A6}.Release|Any CPU.ActiveCfg = Release|Any CPU
		{E39761B0-1881-4C93-BD5D-D36AF47DB4A6}.Release|Any CPU.Build.0 = Release|Any CPU
	EndGlobalSection
	GlobalSection(SolutionProperties) = preSolution
		HideSolutionNode = FALSE
	EndGlobalSection
	GlobalSection(ExtensibilityGlobals) = postSolution
		SolutionGuid = {FDDCA71B-9336-4567-8496-3935986BA5A1}
	EndGlobalSection
EndGlobal
