
Microsoft Visual Studio Solution File, Format Version 12.00
# Visual Studio Version 17
VisualStudioVersion = 17.5.33103.201
MinimumVisualStudioVersion = 10.0.40219.1
Project("{2150E333-8FDC-42A3-9474-1A3956D46DE8}") = "Platforms", "Platforms", "{4C58AE60-E887-489A-B332-ECFD7DC20F4D}"
EndProject
Project("{9A19103F-16F7-4668-BE54-9A1E7A4F7556}") = "Ligric.UI.Windows", "Ligric.UI.Windows\Ligric.UI.Windows.csproj", "{5A03EEC4-4EAA-4C9F-9E34-8CADD2D7FBD9}"
EndProject
Project("{9A19103F-16F7-4668-BE54-9A1E7A4F7556}") = "Ligric.UI.Mobile", "Ligric.UI.Mobile\Ligric.UI.Mobile.csproj", "{5BE31DF9-7A4E-4612-9650-FAE9BF68FBC4}"
EndProject
Project("{9A19103F-16F7-4668-BE54-9A1E7A4F7556}") = "Ligric.UI.Skia.Gtk", "Ligric.UI.Skia.Gtk\Ligric.UI.Skia.Gtk.csproj", "{4DB07D95-627F-4CE4-9790-97C9BDF142D9}"
EndProject
Project("{9A19103F-16F7-4668-BE54-9A1E7A4F7556}") = "Ligric.UI.Skia.Linux.FrameBuffer", "Ligric.UI.Skia.Linux.FrameBuffer\Ligric.UI.Skia.Linux.FrameBuffer.csproj", "{D7F75F70-70EC-47D7-8FB8-F953052DC96D}"
EndProject
Project("{9A19103F-16F7-4668-BE54-9A1E7A4F7556}") = "Ligric.UI.Skia.Wpf", "Ligric.UI.Skia.Wpf\Ligric.UI.Skia.Wpf.csproj", "{23B58928-C04D-45EF-97F4-307A50FFACE4}"
EndProject
Project("{9A19103F-16F7-4668-BE54-9A1E7A4F7556}") = "Ligric.UI.Wasm", "Ligric.UI.Wasm\Ligric.UI.Wasm.csproj", "{BE56CEA5-F2B8-47B9-A969-D0235E88A35A}"
EndProject
Project("{D954291E-2A0B-460D-934E-DC6B0785DB48}") = "Ligric.UI.Shared", "Ligric.UI.Shared\Ligric.UI.Shared.shproj", "{6279C845-92F8-4333-AB99-3D213163593C}"
EndProject
Project("{9A19103F-16F7-4668-BE54-9A1E7A4F7556}") = "Ligric.UI.Infrastructure", "Ligric.UI.Infrastructure\Ligric.UI.Infrastructure.csproj", "{AF2D8B5B-0A6C-401D-9045-E9572D8A64C7}"
EndProject
Project("{2150E333-8FDC-42A3-9474-1A3956D46DE8}") = "Services", "Services", "{ADAF8BB1-AB66-41E2-A623-BB8E5D4745B5}"
EndProject
Project("{2150E333-8FDC-42A3-9474-1A3956D46DE8}") = "Shared", "Shared", "{DE356FB2-F2B6-4D5D-9B96-579A4DFC770D}"
EndProject
Project("{9A19103F-16F7-4668-BE54-9A1E7A4F7556}") = "Ligric.Protos", "Ligric.Protos\Ligric.Protos.csproj", "{96FD0B40-3A8C-4E49-899F-260A41364EF6}"
EndProject
Project("{9A19103F-16F7-4668-BE54-9A1E7A4F7556}") = "Utils", "Utils\Utils.csproj", "{7DA54956-0EA7-428F-B2F8-28EEBE61FE4B}"
EndProject
Project("{2150E333-8FDC-42A3-9474-1A3956D46DE8}") = "Clients", "Clients", "{8CD6F17A-69DF-4950-958B-57206FD36B5E}"
EndProject
Project("{2150E333-8FDC-42A3-9474-1A3956D46DE8}") = "Solution Items", "Solution Items", "{C19B13E6-7F3B-4C2F-9CEA-6C648C79FAEC}"
	ProjectSection(SolutionItems) = preProject
		Directory.Build.Props = Directory.Build.Props
		Directory.Build.targets = Directory.Build.targets
		Extensions.props = Extensions.props
		Extensions.winui.props = Extensions.winui.props
	EndProjectSection
EndProject
Project("{2150E333-8FDC-42A3-9474-1A3956D46DE8}") = "Tests", "Tests", "{6BE5EC5E-7045-4B3A-9486-44C07DEC247E}"
EndProject
Project("{9A19103F-16F7-4668-BE54-9A1E7A4F7556}") = "Ligric.UI.ViewModels", "Ligric.UI.ViewModels\Ligric.UI.ViewModels.csproj", "{7F6DA9BF-5637-4EF1-9E6D-4D24396757B8}"
EndProject
Project("{9A19103F-16F7-4668-BE54-9A1E7A4F7556}") = "Ligric.Business", "Ligric.Business\Ligric.Business.csproj", "{937928F8-F1BD-452B-B502-C7EE24DD57C6}"
EndProject
Project("{9A19103F-16F7-4668-BE54-9A1E7A4F7556}") = "Ligric.Crypto.Tests", "Ligric.Crypto.Tests\Ligric.Crypto.Tests.csproj", "{C00695B4-21C2-4A86-A83C-3ED045AC5DD2}"
EndProject
Project("{9A19103F-16F7-4668-BE54-9A1E7A4F7556}") = "Ligric.CryptoObserver", "Ligric.CryptoObserver\Ligric.CryptoObserver.csproj", "{0E164451-7D03-4C74-8C36-CB5E7692FBB1}"
EndProject
Project("{2150E333-8FDC-42A3-9474-1A3956D46DE8}") = "BuildingBlocks", "BuildingBlocks", "{6FC5203C-B525-4E29-AD3C-6E0CA96677A7}"
EndProject
Project("{9A19103F-16F7-4668-BE54-9A1E7A4F7556}") = "Ligric.Domain.Base", "Ligric.Domain.Base\Ligric.Domain.Base.csproj", "{6EE927B7-0671-467A-8EF5-444CB13E606A}"
EndProject
Project("{9A19103F-16F7-4668-BE54-9A1E7A4F7556}") = "Ligric.Domain", "Ligric.Domain\Ligric.Domain.csproj", "{F8F0001C-B985-4C23-87CC-40778EF82943}"
EndProject
Project("{9A19103F-16F7-4668-BE54-9A1E7A4F7556}") = "Ligric.Application", "Ligric.Application\Ligric.Application.csproj", "{4145ACC8-507D-4F65-94B1-D770412E908C}"
EndProject
Project("{9A19103F-16F7-4668-BE54-9A1E7A4F7556}") = "Ligric.Infrastructure", "Ligric.Infrastructure\Ligric.Infrastructure.csproj", "{AE4508BA-9C79-4773-9F7A-E9FC2EF1FFA2}"
EndProject
Project("{9A19103F-16F7-4668-BE54-9A1E7A4F7556}") = "Ligric.Core", "Ligric.Core\Ligric.Core.csproj", "{3B5B9088-9DCA-4044-8D6A-87179DA7A816}"
EndProject
Project("{9A19103F-16F7-4668-BE54-9A1E7A4F7556}") = "Ligric.Grpc", "Ligric.Grpc\Ligric.Grpc.csproj", "{17E79B6F-DC0D-4C55-8989-D57E7AE53A90}"
EndProject
Project("{9A19103F-16F7-4668-BE54-9A1E7A4F7556}") = "Ligric.Configuration", "Ligric.Configuration\Ligric.Configuration.csproj", "{83AEFD8C-A669-40EB-9DE1-41078793FD38}"
EndProject
Project("{9A19103F-16F7-4668-BE54-9A1E7A4F7556}") = "Ligric.Service", "Ligric.Service\Ligric.Service.csproj", "{3CB2F226-75F9-44D5-B5DA-41F1D9383786}"
EndProject
Project("{9A19103F-16F7-4668-BE54-9A1E7A4F7556}") = "Ligric.Service.Gateway", "Ligric.Service.Gateway\Ligric.Service.Gateway.csproj", "{F435655E-9DD6-4B87-8D98-E48708B243B1}"
EndProject
Project("{9A19103F-16F7-4668-BE54-9A1E7A4F7556}") = "Ligric.Service.FuturesService", "Ligric.Service.FuturesService\Ligric.Service.FuturesService.csproj", "{C019403C-F55D-43C8-A120-FC72B2270919}"
EndProject
Project("{9A19103F-16F7-4668-BE54-9A1E7A4F7556}") = "Ligric.Service.CryptoApiService", "Ligric.Service.CryptoApiService\Ligric.Service.CryptoApiService.csproj", "{5A738DAD-0CAD-48FB-AA9E-87B2D1F282BA}"
EndProject
Project("{2150E333-8FDC-42A3-9474-1A3956D46DE8}") = "Auth", "Auth", "{4B0435A7-AFAB-4970-BE22-896991B52AB0}"
EndProject
Global
	GlobalSection(SolutionConfigurationPlatforms) = preSolution
		Debug|Any CPU = Debug|Any CPU
		Debug|arm64 = Debug|arm64
		Debug|x64 = Debug|x64
		Debug|x86 = Debug|x86
		Release|Any CPU = Release|Any CPU
		Release|arm64 = Release|arm64
		Release|x64 = Release|x64
		Release|x86 = Release|x86
	EndGlobalSection
	GlobalSection(ProjectConfigurationPlatforms) = postSolution
		{5A03EEC4-4EAA-4C9F-9E34-8CADD2D7FBD9}.Debug|Any CPU.ActiveCfg = Debug|x64
		{5A03EEC4-4EAA-4C9F-9E34-8CADD2D7FBD9}.Debug|Any CPU.Build.0 = Debug|x64
		{5A03EEC4-4EAA-4C9F-9E34-8CADD2D7FBD9}.Debug|Any CPU.Deploy.0 = Debug|x64
		{5A03EEC4-4EAA-4C9F-9E34-8CADD2D7FBD9}.Debug|arm64.ActiveCfg = Debug|arm64
		{5A03EEC4-4EAA-4C9F-9E34-8CADD2D7FBD9}.Debug|arm64.Build.0 = Debug|arm64
		{5A03EEC4-4EAA-4C9F-9E34-8CADD2D7FBD9}.Debug|arm64.Deploy.0 = Debug|arm64
		{5A03EEC4-4EAA-4C9F-9E34-8CADD2D7FBD9}.Debug|x64.ActiveCfg = Debug|x64
		{5A03EEC4-4EAA-4C9F-9E34-8CADD2D7FBD9}.Debug|x64.Build.0 = Debug|x64
		{5A03EEC4-4EAA-4C9F-9E34-8CADD2D7FBD9}.Debug|x64.Deploy.0 = Debug|x64
		{5A03EEC4-4EAA-4C9F-9E34-8CADD2D7FBD9}.Debug|x86.ActiveCfg = Debug|x86
		{5A03EEC4-4EAA-4C9F-9E34-8CADD2D7FBD9}.Debug|x86.Build.0 = Debug|x86
		{5A03EEC4-4EAA-4C9F-9E34-8CADD2D7FBD9}.Debug|x86.Deploy.0 = Debug|x86
		{5A03EEC4-4EAA-4C9F-9E34-8CADD2D7FBD9}.Release|Any CPU.ActiveCfg = Release|x64
		{5A03EEC4-4EAA-4C9F-9E34-8CADD2D7FBD9}.Release|Any CPU.Build.0 = Release|x64
		{5A03EEC4-4EAA-4C9F-9E34-8CADD2D7FBD9}.Release|Any CPU.Deploy.0 = Release|x64
		{5A03EEC4-4EAA-4C9F-9E34-8CADD2D7FBD9}.Release|arm64.ActiveCfg = Release|arm64
		{5A03EEC4-4EAA-4C9F-9E34-8CADD2D7FBD9}.Release|arm64.Build.0 = Release|arm64
		{5A03EEC4-4EAA-4C9F-9E34-8CADD2D7FBD9}.Release|arm64.Deploy.0 = Release|arm64
		{5A03EEC4-4EAA-4C9F-9E34-8CADD2D7FBD9}.Release|x64.ActiveCfg = Release|x64
		{5A03EEC4-4EAA-4C9F-9E34-8CADD2D7FBD9}.Release|x64.Build.0 = Release|x64
		{5A03EEC4-4EAA-4C9F-9E34-8CADD2D7FBD9}.Release|x64.Deploy.0 = Release|x64
		{5A03EEC4-4EAA-4C9F-9E34-8CADD2D7FBD9}.Release|x86.ActiveCfg = Release|x86
		{5A03EEC4-4EAA-4C9F-9E34-8CADD2D7FBD9}.Release|x86.Build.0 = Release|x86
		{5A03EEC4-4EAA-4C9F-9E34-8CADD2D7FBD9}.Release|x86.Deploy.0 = Release|x86
		{5BE31DF9-7A4E-4612-9650-FAE9BF68FBC4}.Debug|Any CPU.ActiveCfg = Debug|Any CPU
		{5BE31DF9-7A4E-4612-9650-FAE9BF68FBC4}.Debug|Any CPU.Build.0 = Debug|Any CPU
		{5BE31DF9-7A4E-4612-9650-FAE9BF68FBC4}.Debug|arm64.ActiveCfg = Debug|Any CPU
		{5BE31DF9-7A4E-4612-9650-FAE9BF68FBC4}.Debug|arm64.Build.0 = Debug|Any CPU
		{5BE31DF9-7A4E-4612-9650-FAE9BF68FBC4}.Debug|x64.ActiveCfg = Debug|Any CPU
		{5BE31DF9-7A4E-4612-9650-FAE9BF68FBC4}.Debug|x64.Build.0 = Debug|Any CPU
		{5BE31DF9-7A4E-4612-9650-FAE9BF68FBC4}.Debug|x86.ActiveCfg = Debug|Any CPU
		{5BE31DF9-7A4E-4612-9650-FAE9BF68FBC4}.Debug|x86.Build.0 = Debug|Any CPU
		{5BE31DF9-7A4E-4612-9650-FAE9BF68FBC4}.Debug|x86.Deploy.0 = Debug|Any CPU
		{5BE31DF9-7A4E-4612-9650-FAE9BF68FBC4}.Release|Any CPU.ActiveCfg = Release|Any CPU
		{5BE31DF9-7A4E-4612-9650-FAE9BF68FBC4}.Release|Any CPU.Build.0 = Release|Any CPU
		{5BE31DF9-7A4E-4612-9650-FAE9BF68FBC4}.Release|arm64.ActiveCfg = Release|Any CPU
		{5BE31DF9-7A4E-4612-9650-FAE9BF68FBC4}.Release|arm64.Build.0 = Release|Any CPU
		{5BE31DF9-7A4E-4612-9650-FAE9BF68FBC4}.Release|x64.ActiveCfg = Release|Any CPU
		{5BE31DF9-7A4E-4612-9650-FAE9BF68FBC4}.Release|x64.Build.0 = Release|Any CPU
		{5BE31DF9-7A4E-4612-9650-FAE9BF68FBC4}.Release|x86.ActiveCfg = Release|Any CPU
		{5BE31DF9-7A4E-4612-9650-FAE9BF68FBC4}.Release|x86.Build.0 = Release|Any CPU
		{4DB07D95-627F-4CE4-9790-97C9BDF142D9}.Debug|Any CPU.ActiveCfg = Debug|Any CPU
		{4DB07D95-627F-4CE4-9790-97C9BDF142D9}.Debug|Any CPU.Build.0 = Debug|Any CPU
		{4DB07D95-627F-4CE4-9790-97C9BDF142D9}.Debug|arm64.ActiveCfg = Debug|Any CPU
		{4DB07D95-627F-4CE4-9790-97C9BDF142D9}.Debug|arm64.Build.0 = Debug|Any CPU
		{4DB07D95-627F-4CE4-9790-97C9BDF142D9}.Debug|x64.ActiveCfg = Debug|Any CPU
		{4DB07D95-627F-4CE4-9790-97C9BDF142D9}.Debug|x64.Build.0 = Debug|Any CPU
		{4DB07D95-627F-4CE4-9790-97C9BDF142D9}.Debug|x86.ActiveCfg = Debug|Any CPU
		{4DB07D95-627F-4CE4-9790-97C9BDF142D9}.Debug|x86.Build.0 = Debug|Any CPU
		{4DB07D95-627F-4CE4-9790-97C9BDF142D9}.Release|Any CPU.ActiveCfg = Release|Any CPU
		{4DB07D95-627F-4CE4-9790-97C9BDF142D9}.Release|Any CPU.Build.0 = Release|Any CPU
		{4DB07D95-627F-4CE4-9790-97C9BDF142D9}.Release|arm64.ActiveCfg = Release|Any CPU
		{4DB07D95-627F-4CE4-9790-97C9BDF142D9}.Release|arm64.Build.0 = Release|Any CPU
		{4DB07D95-627F-4CE4-9790-97C9BDF142D9}.Release|x64.ActiveCfg = Release|Any CPU
		{4DB07D95-627F-4CE4-9790-97C9BDF142D9}.Release|x64.Build.0 = Release|Any CPU
		{4DB07D95-627F-4CE4-9790-97C9BDF142D9}.Release|x86.ActiveCfg = Release|Any CPU
		{4DB07D95-627F-4CE4-9790-97C9BDF142D9}.Release|x86.Build.0 = Release|Any CPU
		{D7F75F70-70EC-47D7-8FB8-F953052DC96D}.Debug|Any CPU.ActiveCfg = Debug|Any CPU
		{D7F75F70-70EC-47D7-8FB8-F953052DC96D}.Debug|Any CPU.Build.0 = Debug|Any CPU
		{D7F75F70-70EC-47D7-8FB8-F953052DC96D}.Debug|arm64.ActiveCfg = Debug|Any CPU
		{D7F75F70-70EC-47D7-8FB8-F953052DC96D}.Debug|arm64.Build.0 = Debug|Any CPU
		{D7F75F70-70EC-47D7-8FB8-F953052DC96D}.Debug|x64.ActiveCfg = Debug|Any CPU
		{D7F75F70-70EC-47D7-8FB8-F953052DC96D}.Debug|x64.Build.0 = Debug|Any CPU
		{D7F75F70-70EC-47D7-8FB8-F953052DC96D}.Debug|x86.ActiveCfg = Debug|Any CPU
		{D7F75F70-70EC-47D7-8FB8-F953052DC96D}.Debug|x86.Build.0 = Debug|Any CPU
		{D7F75F70-70EC-47D7-8FB8-F953052DC96D}.Release|Any CPU.ActiveCfg = Release|Any CPU
		{D7F75F70-70EC-47D7-8FB8-F953052DC96D}.Release|Any CPU.Build.0 = Release|Any CPU
		{D7F75F70-70EC-47D7-8FB8-F953052DC96D}.Release|arm64.ActiveCfg = Release|Any CPU
		{D7F75F70-70EC-47D7-8FB8-F953052DC96D}.Release|arm64.Build.0 = Release|Any CPU
		{D7F75F70-70EC-47D7-8FB8-F953052DC96D}.Release|x64.ActiveCfg = Release|Any CPU
		{D7F75F70-70EC-47D7-8FB8-F953052DC96D}.Release|x64.Build.0 = Release|Any CPU
		{D7F75F70-70EC-47D7-8FB8-F953052DC96D}.Release|x86.ActiveCfg = Release|Any CPU
		{D7F75F70-70EC-47D7-8FB8-F953052DC96D}.Release|x86.Build.0 = Release|Any CPU
		{23B58928-C04D-45EF-97F4-307A50FFACE4}.Debug|Any CPU.ActiveCfg = Debug|Any CPU
		{23B58928-C04D-45EF-97F4-307A50FFACE4}.Debug|Any CPU.Build.0 = Debug|Any CPU
		{23B58928-C04D-45EF-97F4-307A50FFACE4}.Debug|arm64.ActiveCfg = Debug|Any CPU
		{23B58928-C04D-45EF-97F4-307A50FFACE4}.Debug|arm64.Build.0 = Debug|Any CPU
		{23B58928-C04D-45EF-97F4-307A50FFACE4}.Debug|x64.ActiveCfg = Debug|Any CPU
		{23B58928-C04D-45EF-97F4-307A50FFACE4}.Debug|x64.Build.0 = Debug|Any CPU
		{23B58928-C04D-45EF-97F4-307A50FFACE4}.Debug|x86.ActiveCfg = Debug|Any CPU
		{23B58928-C04D-45EF-97F4-307A50FFACE4}.Debug|x86.Build.0 = Debug|Any CPU
		{23B58928-C04D-45EF-97F4-307A50FFACE4}.Release|Any CPU.ActiveCfg = Release|Any CPU
		{23B58928-C04D-45EF-97F4-307A50FFACE4}.Release|Any CPU.Build.0 = Release|Any CPU
		{23B58928-C04D-45EF-97F4-307A50FFACE4}.Release|arm64.ActiveCfg = Release|Any CPU
		{23B58928-C04D-45EF-97F4-307A50FFACE4}.Release|arm64.Build.0 = Release|Any CPU
		{23B58928-C04D-45EF-97F4-307A50FFACE4}.Release|x64.ActiveCfg = Release|Any CPU
		{23B58928-C04D-45EF-97F4-307A50FFACE4}.Release|x64.Build.0 = Release|Any CPU
		{23B58928-C04D-45EF-97F4-307A50FFACE4}.Release|x86.ActiveCfg = Release|Any CPU
		{23B58928-C04D-45EF-97F4-307A50FFACE4}.Release|x86.Build.0 = Release|Any CPU
		{BE56CEA5-F2B8-47B9-A969-D0235E88A35A}.Debug|Any CPU.ActiveCfg = Debug|Any CPU
		{BE56CEA5-F2B8-47B9-A969-D0235E88A35A}.Debug|Any CPU.Build.0 = Debug|Any CPU
		{BE56CEA5-F2B8-47B9-A969-D0235E88A35A}.Debug|arm64.ActiveCfg = Debug|Any CPU
		{BE56CEA5-F2B8-47B9-A969-D0235E88A35A}.Debug|arm64.Build.0 = Debug|Any CPU
		{BE56CEA5-F2B8-47B9-A969-D0235E88A35A}.Debug|x64.ActiveCfg = Debug|Any CPU
		{BE56CEA5-F2B8-47B9-A969-D0235E88A35A}.Debug|x64.Build.0 = Debug|Any CPU
		{BE56CEA5-F2B8-47B9-A969-D0235E88A35A}.Debug|x86.ActiveCfg = Debug|Any CPU
		{BE56CEA5-F2B8-47B9-A969-D0235E88A35A}.Debug|x86.Build.0 = Debug|Any CPU
		{BE56CEA5-F2B8-47B9-A969-D0235E88A35A}.Release|Any CPU.ActiveCfg = Release|Any CPU
		{BE56CEA5-F2B8-47B9-A969-D0235E88A35A}.Release|Any CPU.Build.0 = Release|Any CPU
		{BE56CEA5-F2B8-47B9-A969-D0235E88A35A}.Release|arm64.ActiveCfg = Release|Any CPU
		{BE56CEA5-F2B8-47B9-A969-D0235E88A35A}.Release|arm64.Build.0 = Release|Any CPU
		{BE56CEA5-F2B8-47B9-A969-D0235E88A35A}.Release|x64.ActiveCfg = Release|Any CPU
		{BE56CEA5-F2B8-47B9-A969-D0235E88A35A}.Release|x64.Build.0 = Release|Any CPU
		{BE56CEA5-F2B8-47B9-A969-D0235E88A35A}.Release|x86.ActiveCfg = Release|Any CPU
		{BE56CEA5-F2B8-47B9-A969-D0235E88A35A}.Release|x86.Build.0 = Release|Any CPU
		{AF2D8B5B-0A6C-401D-9045-E9572D8A64C7}.Debug|Any CPU.ActiveCfg = Debug|Any CPU
		{AF2D8B5B-0A6C-401D-9045-E9572D8A64C7}.Debug|Any CPU.Build.0 = Debug|Any CPU
		{AF2D8B5B-0A6C-401D-9045-E9572D8A64C7}.Debug|arm64.ActiveCfg = Debug|Any CPU
		{AF2D8B5B-0A6C-401D-9045-E9572D8A64C7}.Debug|arm64.Build.0 = Debug|Any CPU
		{AF2D8B5B-0A6C-401D-9045-E9572D8A64C7}.Debug|x64.ActiveCfg = Debug|Any CPU
		{AF2D8B5B-0A6C-401D-9045-E9572D8A64C7}.Debug|x64.Build.0 = Debug|Any CPU
		{AF2D8B5B-0A6C-401D-9045-E9572D8A64C7}.Debug|x86.ActiveCfg = Debug|Any CPU
		{AF2D8B5B-0A6C-401D-9045-E9572D8A64C7}.Debug|x86.Build.0 = Debug|Any CPU
		{AF2D8B5B-0A6C-401D-9045-E9572D8A64C7}.Release|Any CPU.ActiveCfg = Release|Any CPU
		{AF2D8B5B-0A6C-401D-9045-E9572D8A64C7}.Release|Any CPU.Build.0 = Release|Any CPU
		{AF2D8B5B-0A6C-401D-9045-E9572D8A64C7}.Release|arm64.ActiveCfg = Release|Any CPU
		{AF2D8B5B-0A6C-401D-9045-E9572D8A64C7}.Release|arm64.Build.0 = Release|Any CPU
		{AF2D8B5B-0A6C-401D-9045-E9572D8A64C7}.Release|x64.ActiveCfg = Release|Any CPU
		{AF2D8B5B-0A6C-401D-9045-E9572D8A64C7}.Release|x64.Build.0 = Release|Any CPU
		{AF2D8B5B-0A6C-401D-9045-E9572D8A64C7}.Release|x86.ActiveCfg = Release|Any CPU
		{AF2D8B5B-0A6C-401D-9045-E9572D8A64C7}.Release|x86.Build.0 = Release|Any CPU
		{96FD0B40-3A8C-4E49-899F-260A41364EF6}.Debug|Any CPU.ActiveCfg = Debug|Any CPU
		{96FD0B40-3A8C-4E49-899F-260A41364EF6}.Debug|Any CPU.Build.0 = Debug|Any CPU
		{96FD0B40-3A8C-4E49-899F-260A41364EF6}.Debug|arm64.ActiveCfg = Debug|Any CPU
		{96FD0B40-3A8C-4E49-899F-260A41364EF6}.Debug|arm64.Build.0 = Debug|Any CPU
		{96FD0B40-3A8C-4E49-899F-260A41364EF6}.Debug|x64.ActiveCfg = Debug|Any CPU
		{96FD0B40-3A8C-4E49-899F-260A41364EF6}.Debug|x64.Build.0 = Debug|Any CPU
		{96FD0B40-3A8C-4E49-899F-260A41364EF6}.Debug|x86.ActiveCfg = Debug|Any CPU
		{96FD0B40-3A8C-4E49-899F-260A41364EF6}.Debug|x86.Build.0 = Debug|Any CPU
		{96FD0B40-3A8C-4E49-899F-260A41364EF6}.Release|Any CPU.ActiveCfg = Release|Any CPU
		{96FD0B40-3A8C-4E49-899F-260A41364EF6}.Release|Any CPU.Build.0 = Release|Any CPU
		{96FD0B40-3A8C-4E49-899F-260A41364EF6}.Release|arm64.ActiveCfg = Release|Any CPU
		{96FD0B40-3A8C-4E49-899F-260A41364EF6}.Release|arm64.Build.0 = Release|Any CPU
		{96FD0B40-3A8C-4E49-899F-260A41364EF6}.Release|x64.ActiveCfg = Release|Any CPU
		{96FD0B40-3A8C-4E49-899F-260A41364EF6}.Release|x64.Build.0 = Release|Any CPU
		{96FD0B40-3A8C-4E49-899F-260A41364EF6}.Release|x86.ActiveCfg = Release|Any CPU
		{96FD0B40-3A8C-4E49-899F-260A41364EF6}.Release|x86.Build.0 = Release|Any CPU
		{7DA54956-0EA7-428F-B2F8-28EEBE61FE4B}.Debug|Any CPU.ActiveCfg = Debug|Any CPU
		{7DA54956-0EA7-428F-B2F8-28EEBE61FE4B}.Debug|Any CPU.Build.0 = Debug|Any CPU
		{7DA54956-0EA7-428F-B2F8-28EEBE61FE4B}.Debug|arm64.ActiveCfg = Debug|Any CPU
		{7DA54956-0EA7-428F-B2F8-28EEBE61FE4B}.Debug|arm64.Build.0 = Debug|Any CPU
		{7DA54956-0EA7-428F-B2F8-28EEBE61FE4B}.Debug|x64.ActiveCfg = Debug|Any CPU
		{7DA54956-0EA7-428F-B2F8-28EEBE61FE4B}.Debug|x64.Build.0 = Debug|Any CPU
		{7DA54956-0EA7-428F-B2F8-28EEBE61FE4B}.Debug|x86.ActiveCfg = Debug|Any CPU
		{7DA54956-0EA7-428F-B2F8-28EEBE61FE4B}.Debug|x86.Build.0 = Debug|Any CPU
		{7DA54956-0EA7-428F-B2F8-28EEBE61FE4B}.Release|Any CPU.ActiveCfg = Release|Any CPU
		{7DA54956-0EA7-428F-B2F8-28EEBE61FE4B}.Release|Any CPU.Build.0 = Release|Any CPU
		{7DA54956-0EA7-428F-B2F8-28EEBE61FE4B}.Release|arm64.ActiveCfg = Release|Any CPU
		{7DA54956-0EA7-428F-B2F8-28EEBE61FE4B}.Release|arm64.Build.0 = Release|Any CPU
		{7DA54956-0EA7-428F-B2F8-28EEBE61FE4B}.Release|x64.ActiveCfg = Release|Any CPU
		{7DA54956-0EA7-428F-B2F8-28EEBE61FE4B}.Release|x64.Build.0 = Release|Any CPU
		{7DA54956-0EA7-428F-B2F8-28EEBE61FE4B}.Release|x86.ActiveCfg = Release|Any CPU
		{7DA54956-0EA7-428F-B2F8-28EEBE61FE4B}.Release|x86.Build.0 = Release|Any CPU
		{7F6DA9BF-5637-4EF1-9E6D-4D24396757B8}.Debug|Any CPU.ActiveCfg = Debug|Any CPU
		{7F6DA9BF-5637-4EF1-9E6D-4D24396757B8}.Debug|Any CPU.Build.0 = Debug|Any CPU
		{7F6DA9BF-5637-4EF1-9E6D-4D24396757B8}.Debug|arm64.ActiveCfg = Debug|Any CPU
		{7F6DA9BF-5637-4EF1-9E6D-4D24396757B8}.Debug|arm64.Build.0 = Debug|Any CPU
		{7F6DA9BF-5637-4EF1-9E6D-4D24396757B8}.Debug|x64.ActiveCfg = Debug|Any CPU
		{7F6DA9BF-5637-4EF1-9E6D-4D24396757B8}.Debug|x64.Build.0 = Debug|Any CPU
		{7F6DA9BF-5637-4EF1-9E6D-4D24396757B8}.Debug|x86.ActiveCfg = Debug|Any CPU
		{7F6DA9BF-5637-4EF1-9E6D-4D24396757B8}.Debug|x86.Build.0 = Debug|Any CPU
		{7F6DA9BF-5637-4EF1-9E6D-4D24396757B8}.Release|Any CPU.ActiveCfg = Release|Any CPU
		{7F6DA9BF-5637-4EF1-9E6D-4D24396757B8}.Release|Any CPU.Build.0 = Release|Any CPU
		{7F6DA9BF-5637-4EF1-9E6D-4D24396757B8}.Release|arm64.ActiveCfg = Release|Any CPU
		{7F6DA9BF-5637-4EF1-9E6D-4D24396757B8}.Release|arm64.Build.0 = Release|Any CPU
		{7F6DA9BF-5637-4EF1-9E6D-4D24396757B8}.Release|x64.ActiveCfg = Release|Any CPU
		{7F6DA9BF-5637-4EF1-9E6D-4D24396757B8}.Release|x64.Build.0 = Release|Any CPU
		{7F6DA9BF-5637-4EF1-9E6D-4D24396757B8}.Release|x86.ActiveCfg = Release|Any CPU
		{7F6DA9BF-5637-4EF1-9E6D-4D24396757B8}.Release|x86.Build.0 = Release|Any CPU
		{937928F8-F1BD-452B-B502-C7EE24DD57C6}.Debug|Any CPU.ActiveCfg = Debug|Any CPU
		{937928F8-F1BD-452B-B502-C7EE24DD57C6}.Debug|Any CPU.Build.0 = Debug|Any CPU
		{937928F8-F1BD-452B-B502-C7EE24DD57C6}.Debug|arm64.ActiveCfg = Debug|Any CPU
		{937928F8-F1BD-452B-B502-C7EE24DD57C6}.Debug|arm64.Build.0 = Debug|Any CPU
		{937928F8-F1BD-452B-B502-C7EE24DD57C6}.Debug|x64.ActiveCfg = Debug|Any CPU
		{937928F8-F1BD-452B-B502-C7EE24DD57C6}.Debug|x64.Build.0 = Debug|Any CPU
		{937928F8-F1BD-452B-B502-C7EE24DD57C6}.Debug|x86.ActiveCfg = Debug|Any CPU
		{937928F8-F1BD-452B-B502-C7EE24DD57C6}.Debug|x86.Build.0 = Debug|Any CPU
		{937928F8-F1BD-452B-B502-C7EE24DD57C6}.Release|Any CPU.ActiveCfg = Release|Any CPU
		{937928F8-F1BD-452B-B502-C7EE24DD57C6}.Release|Any CPU.Build.0 = Release|Any CPU
		{937928F8-F1BD-452B-B502-C7EE24DD57C6}.Release|arm64.ActiveCfg = Release|Any CPU
		{937928F8-F1BD-452B-B502-C7EE24DD57C6}.Release|arm64.Build.0 = Release|Any CPU
		{937928F8-F1BD-452B-B502-C7EE24DD57C6}.Release|x64.ActiveCfg = Release|Any CPU
		{937928F8-F1BD-452B-B502-C7EE24DD57C6}.Release|x64.Build.0 = Release|Any CPU
		{937928F8-F1BD-452B-B502-C7EE24DD57C6}.Release|x86.ActiveCfg = Release|Any CPU
		{937928F8-F1BD-452B-B502-C7EE24DD57C6}.Release|x86.Build.0 = Release|Any CPU
		{C00695B4-21C2-4A86-A83C-3ED045AC5DD2}.Debug|Any CPU.ActiveCfg = Debug|Any CPU
		{C00695B4-21C2-4A86-A83C-3ED045AC5DD2}.Debug|Any CPU.Build.0 = Debug|Any CPU
		{C00695B4-21C2-4A86-A83C-3ED045AC5DD2}.Debug|arm64.ActiveCfg = Debug|Any CPU
		{C00695B4-21C2-4A86-A83C-3ED045AC5DD2}.Debug|arm64.Build.0 = Debug|Any CPU
		{C00695B4-21C2-4A86-A83C-3ED045AC5DD2}.Debug|x64.ActiveCfg = Debug|Any CPU
		{C00695B4-21C2-4A86-A83C-3ED045AC5DD2}.Debug|x64.Build.0 = Debug|Any CPU
		{C00695B4-21C2-4A86-A83C-3ED045AC5DD2}.Debug|x86.ActiveCfg = Debug|Any CPU
		{C00695B4-21C2-4A86-A83C-3ED045AC5DD2}.Debug|x86.Build.0 = Debug|Any CPU
		{C00695B4-21C2-4A86-A83C-3ED045AC5DD2}.Release|Any CPU.ActiveCfg = Release|Any CPU
		{C00695B4-21C2-4A86-A83C-3ED045AC5DD2}.Release|Any CPU.Build.0 = Release|Any CPU
		{C00695B4-21C2-4A86-A83C-3ED045AC5DD2}.Release|arm64.ActiveCfg = Release|Any CPU
		{C00695B4-21C2-4A86-A83C-3ED045AC5DD2}.Release|arm64.Build.0 = Release|Any CPU
		{C00695B4-21C2-4A86-A83C-3ED045AC5DD2}.Release|x64.ActiveCfg = Release|Any CPU
		{C00695B4-21C2-4A86-A83C-3ED045AC5DD2}.Release|x64.Build.0 = Release|Any CPU
		{C00695B4-21C2-4A86-A83C-3ED045AC5DD2}.Release|x86.ActiveCfg = Release|Any CPU
		{C00695B4-21C2-4A86-A83C-3ED045AC5DD2}.Release|x86.Build.0 = Release|Any CPU
		{0E164451-7D03-4C74-8C36-CB5E7692FBB1}.Debug|Any CPU.ActiveCfg = Debug|Any CPU
		{0E164451-7D03-4C74-8C36-CB5E7692FBB1}.Debug|Any CPU.Build.0 = Debug|Any CPU
		{0E164451-7D03-4C74-8C36-CB5E7692FBB1}.Debug|arm64.ActiveCfg = Debug|Any CPU
		{0E164451-7D03-4C74-8C36-CB5E7692FBB1}.Debug|arm64.Build.0 = Debug|Any CPU
		{0E164451-7D03-4C74-8C36-CB5E7692FBB1}.Debug|x64.ActiveCfg = Debug|Any CPU
		{0E164451-7D03-4C74-8C36-CB5E7692FBB1}.Debug|x64.Build.0 = Debug|Any CPU
		{0E164451-7D03-4C74-8C36-CB5E7692FBB1}.Debug|x86.ActiveCfg = Debug|Any CPU
		{0E164451-7D03-4C74-8C36-CB5E7692FBB1}.Debug|x86.Build.0 = Debug|Any CPU
		{0E164451-7D03-4C74-8C36-CB5E7692FBB1}.Release|Any CPU.ActiveCfg = Release|Any CPU
		{0E164451-7D03-4C74-8C36-CB5E7692FBB1}.Release|Any CPU.Build.0 = Release|Any CPU
		{0E164451-7D03-4C74-8C36-CB5E7692FBB1}.Release|arm64.ActiveCfg = Release|Any CPU
		{0E164451-7D03-4C74-8C36-CB5E7692FBB1}.Release|arm64.Build.0 = Release|Any CPU
		{0E164451-7D03-4C74-8C36-CB5E7692FBB1}.Release|x64.ActiveCfg = Release|Any CPU
		{0E164451-7D03-4C74-8C36-CB5E7692FBB1}.Release|x64.Build.0 = Release|Any CPU
		{0E164451-7D03-4C74-8C36-CB5E7692FBB1}.Release|x86.ActiveCfg = Release|Any CPU
		{0E164451-7D03-4C74-8C36-CB5E7692FBB1}.Release|x86.Build.0 = Release|Any CPU
		{6EE927B7-0671-467A-8EF5-444CB13E606A}.Debug|Any CPU.ActiveCfg = Debug|Any CPU
		{6EE927B7-0671-467A-8EF5-444CB13E606A}.Debug|Any CPU.Build.0 = Debug|Any CPU
		{6EE927B7-0671-467A-8EF5-444CB13E606A}.Debug|arm64.ActiveCfg = Debug|Any CPU
		{6EE927B7-0671-467A-8EF5-444CB13E606A}.Debug|arm64.Build.0 = Debug|Any CPU
		{6EE927B7-0671-467A-8EF5-444CB13E606A}.Debug|x64.ActiveCfg = Debug|Any CPU
		{6EE927B7-0671-467A-8EF5-444CB13E606A}.Debug|x64.Build.0 = Debug|Any CPU
		{6EE927B7-0671-467A-8EF5-444CB13E606A}.Debug|x86.ActiveCfg = Debug|Any CPU
		{6EE927B7-0671-467A-8EF5-444CB13E606A}.Debug|x86.Build.0 = Debug|Any CPU
		{6EE927B7-0671-467A-8EF5-444CB13E606A}.Release|Any CPU.ActiveCfg = Release|Any CPU
		{6EE927B7-0671-467A-8EF5-444CB13E606A}.Release|Any CPU.Build.0 = Release|Any CPU
		{6EE927B7-0671-467A-8EF5-444CB13E606A}.Release|arm64.ActiveCfg = Release|Any CPU
		{6EE927B7-0671-467A-8EF5-444CB13E606A}.Release|arm64.Build.0 = Release|Any CPU
		{6EE927B7-0671-467A-8EF5-444CB13E606A}.Release|x64.ActiveCfg = Release|Any CPU
		{6EE927B7-0671-467A-8EF5-444CB13E606A}.Release|x64.Build.0 = Release|Any CPU
		{6EE927B7-0671-467A-8EF5-444CB13E606A}.Release|x86.ActiveCfg = Release|Any CPU
		{6EE927B7-0671-467A-8EF5-444CB13E606A}.Release|x86.Build.0 = Release|Any CPU
		{F8F0001C-B985-4C23-87CC-40778EF82943}.Debug|Any CPU.ActiveCfg = Debug|Any CPU
		{F8F0001C-B985-4C23-87CC-40778EF82943}.Debug|Any CPU.Build.0 = Debug|Any CPU
		{F8F0001C-B985-4C23-87CC-40778EF82943}.Debug|arm64.ActiveCfg = Debug|Any CPU
		{F8F0001C-B985-4C23-87CC-40778EF82943}.Debug|arm64.Build.0 = Debug|Any CPU
		{F8F0001C-B985-4C23-87CC-40778EF82943}.Debug|x64.ActiveCfg = Debug|Any CPU
		{F8F0001C-B985-4C23-87CC-40778EF82943}.Debug|x64.Build.0 = Debug|Any CPU
		{F8F0001C-B985-4C23-87CC-40778EF82943}.Debug|x86.ActiveCfg = Debug|Any CPU
		{F8F0001C-B985-4C23-87CC-40778EF82943}.Debug|x86.Build.0 = Debug|Any CPU
		{F8F0001C-B985-4C23-87CC-40778EF82943}.Release|Any CPU.ActiveCfg = Release|Any CPU
		{F8F0001C-B985-4C23-87CC-40778EF82943}.Release|Any CPU.Build.0 = Release|Any CPU
		{F8F0001C-B985-4C23-87CC-40778EF82943}.Release|arm64.ActiveCfg = Release|Any CPU
		{F8F0001C-B985-4C23-87CC-40778EF82943}.Release|arm64.Build.0 = Release|Any CPU
		{F8F0001C-B985-4C23-87CC-40778EF82943}.Release|x64.ActiveCfg = Release|Any CPU
		{F8F0001C-B985-4C23-87CC-40778EF82943}.Release|x64.Build.0 = Release|Any CPU
		{F8F0001C-B985-4C23-87CC-40778EF82943}.Release|x86.ActiveCfg = Release|Any CPU
		{F8F0001C-B985-4C23-87CC-40778EF82943}.Release|x86.Build.0 = Release|Any CPU
		{4145ACC8-507D-4F65-94B1-D770412E908C}.Debug|Any CPU.ActiveCfg = Debug|Any CPU
		{4145ACC8-507D-4F65-94B1-D770412E908C}.Debug|Any CPU.Build.0 = Debug|Any CPU
		{4145ACC8-507D-4F65-94B1-D770412E908C}.Debug|arm64.ActiveCfg = Debug|Any CPU
		{4145ACC8-507D-4F65-94B1-D770412E908C}.Debug|arm64.Build.0 = Debug|Any CPU
		{4145ACC8-507D-4F65-94B1-D770412E908C}.Debug|x64.ActiveCfg = Debug|Any CPU
		{4145ACC8-507D-4F65-94B1-D770412E908C}.Debug|x64.Build.0 = Debug|Any CPU
		{4145ACC8-507D-4F65-94B1-D770412E908C}.Debug|x86.ActiveCfg = Debug|Any CPU
		{4145ACC8-507D-4F65-94B1-D770412E908C}.Debug|x86.Build.0 = Debug|Any CPU
		{4145ACC8-507D-4F65-94B1-D770412E908C}.Release|Any CPU.ActiveCfg = Release|Any CPU
		{4145ACC8-507D-4F65-94B1-D770412E908C}.Release|Any CPU.Build.0 = Release|Any CPU
		{4145ACC8-507D-4F65-94B1-D770412E908C}.Release|arm64.ActiveCfg = Release|Any CPU
		{4145ACC8-507D-4F65-94B1-D770412E908C}.Release|arm64.Build.0 = Release|Any CPU
		{4145ACC8-507D-4F65-94B1-D770412E908C}.Release|x64.ActiveCfg = Release|Any CPU
		{4145ACC8-507D-4F65-94B1-D770412E908C}.Release|x64.Build.0 = Release|Any CPU
		{4145ACC8-507D-4F65-94B1-D770412E908C}.Release|x86.ActiveCfg = Release|Any CPU
		{4145ACC8-507D-4F65-94B1-D770412E908C}.Release|x86.Build.0 = Release|Any CPU
		{AE4508BA-9C79-4773-9F7A-E9FC2EF1FFA2}.Debug|Any CPU.ActiveCfg = Debug|Any CPU
		{AE4508BA-9C79-4773-9F7A-E9FC2EF1FFA2}.Debug|Any CPU.Build.0 = Debug|Any CPU
		{AE4508BA-9C79-4773-9F7A-E9FC2EF1FFA2}.Debug|arm64.ActiveCfg = Debug|Any CPU
		{AE4508BA-9C79-4773-9F7A-E9FC2EF1FFA2}.Debug|arm64.Build.0 = Debug|Any CPU
		{AE4508BA-9C79-4773-9F7A-E9FC2EF1FFA2}.Debug|x64.ActiveCfg = Debug|Any CPU
		{AE4508BA-9C79-4773-9F7A-E9FC2EF1FFA2}.Debug|x64.Build.0 = Debug|Any CPU
		{AE4508BA-9C79-4773-9F7A-E9FC2EF1FFA2}.Debug|x86.ActiveCfg = Debug|Any CPU
		{AE4508BA-9C79-4773-9F7A-E9FC2EF1FFA2}.Debug|x86.Build.0 = Debug|Any CPU
		{AE4508BA-9C79-4773-9F7A-E9FC2EF1FFA2}.Release|Any CPU.ActiveCfg = Release|Any CPU
		{AE4508BA-9C79-4773-9F7A-E9FC2EF1FFA2}.Release|Any CPU.Build.0 = Release|Any CPU
		{AE4508BA-9C79-4773-9F7A-E9FC2EF1FFA2}.Release|arm64.ActiveCfg = Release|Any CPU
		{AE4508BA-9C79-4773-9F7A-E9FC2EF1FFA2}.Release|arm64.Build.0 = Release|Any CPU
		{AE4508BA-9C79-4773-9F7A-E9FC2EF1FFA2}.Release|x64.ActiveCfg = Release|Any CPU
		{AE4508BA-9C79-4773-9F7A-E9FC2EF1FFA2}.Release|x64.Build.0 = Release|Any CPU
		{AE4508BA-9C79-4773-9F7A-E9FC2EF1FFA2}.Release|x86.ActiveCfg = Release|Any CPU
		{AE4508BA-9C79-4773-9F7A-E9FC2EF1FFA2}.Release|x86.Build.0 = Release|Any CPU
		{3B5B9088-9DCA-4044-8D6A-87179DA7A816}.Debug|Any CPU.ActiveCfg = Debug|Any CPU
		{3B5B9088-9DCA-4044-8D6A-87179DA7A816}.Debug|Any CPU.Build.0 = Debug|Any CPU
		{3B5B9088-9DCA-4044-8D6A-87179DA7A816}.Debug|arm64.ActiveCfg = Debug|Any CPU
		{3B5B9088-9DCA-4044-8D6A-87179DA7A816}.Debug|arm64.Build.0 = Debug|Any CPU
		{3B5B9088-9DCA-4044-8D6A-87179DA7A816}.Debug|x64.ActiveCfg = Debug|Any CPU
		{3B5B9088-9DCA-4044-8D6A-87179DA7A816}.Debug|x64.Build.0 = Debug|Any CPU
		{3B5B9088-9DCA-4044-8D6A-87179DA7A816}.Debug|x86.ActiveCfg = Debug|Any CPU
		{3B5B9088-9DCA-4044-8D6A-87179DA7A816}.Debug|x86.Build.0 = Debug|Any CPU
		{3B5B9088-9DCA-4044-8D6A-87179DA7A816}.Release|Any CPU.ActiveCfg = Release|Any CPU
		{3B5B9088-9DCA-4044-8D6A-87179DA7A816}.Release|Any CPU.Build.0 = Release|Any CPU
		{3B5B9088-9DCA-4044-8D6A-87179DA7A816}.Release|arm64.ActiveCfg = Release|Any CPU
		{3B5B9088-9DCA-4044-8D6A-87179DA7A816}.Release|arm64.Build.0 = Release|Any CPU
		{3B5B9088-9DCA-4044-8D6A-87179DA7A816}.Release|x64.ActiveCfg = Release|Any CPU
		{3B5B9088-9DCA-4044-8D6A-87179DA7A816}.Release|x64.Build.0 = Release|Any CPU
		{3B5B9088-9DCA-4044-8D6A-87179DA7A816}.Release|x86.ActiveCfg = Release|Any CPU
		{3B5B9088-9DCA-4044-8D6A-87179DA7A816}.Release|x86.Build.0 = Release|Any CPU
		{17E79B6F-DC0D-4C55-8989-D57E7AE53A90}.Debug|Any CPU.ActiveCfg = Debug|Any CPU
		{17E79B6F-DC0D-4C55-8989-D57E7AE53A90}.Debug|Any CPU.Build.0 = Debug|Any CPU
		{17E79B6F-DC0D-4C55-8989-D57E7AE53A90}.Debug|arm64.ActiveCfg = Debug|Any CPU
		{17E79B6F-DC0D-4C55-8989-D57E7AE53A90}.Debug|arm64.Build.0 = Debug|Any CPU
		{17E79B6F-DC0D-4C55-8989-D57E7AE53A90}.Debug|x64.ActiveCfg = Debug|Any CPU
		{17E79B6F-DC0D-4C55-8989-D57E7AE53A90}.Debug|x64.Build.0 = Debug|Any CPU
		{17E79B6F-DC0D-4C55-8989-D57E7AE53A90}.Debug|x86.ActiveCfg = Debug|Any CPU
		{17E79B6F-DC0D-4C55-8989-D57E7AE53A90}.Debug|x86.Build.0 = Debug|Any CPU
		{17E79B6F-DC0D-4C55-8989-D57E7AE53A90}.Release|Any CPU.ActiveCfg = Release|Any CPU
		{17E79B6F-DC0D-4C55-8989-D57E7AE53A90}.Release|Any CPU.Build.0 = Release|Any CPU
		{17E79B6F-DC0D-4C55-8989-D57E7AE53A90}.Release|arm64.ActiveCfg = Release|Any CPU
		{17E79B6F-DC0D-4C55-8989-D57E7AE53A90}.Release|arm64.Build.0 = Release|Any CPU
		{17E79B6F-DC0D-4C55-8989-D57E7AE53A90}.Release|x64.ActiveCfg = Release|Any CPU
		{17E79B6F-DC0D-4C55-8989-D57E7AE53A90}.Release|x64.Build.0 = Release|Any CPU
		{17E79B6F-DC0D-4C55-8989-D57E7AE53A90}.Release|x86.ActiveCfg = Release|Any CPU
		{17E79B6F-DC0D-4C55-8989-D57E7AE53A90}.Release|x86.Build.0 = Release|Any CPU
		{83AEFD8C-A669-40EB-9DE1-41078793FD38}.Debug|Any CPU.ActiveCfg = Debug|Any CPU
		{83AEFD8C-A669-40EB-9DE1-41078793FD38}.Debug|Any CPU.Build.0 = Debug|Any CPU
		{83AEFD8C-A669-40EB-9DE1-41078793FD38}.Debug|arm64.ActiveCfg = Debug|Any CPU
		{83AEFD8C-A669-40EB-9DE1-41078793FD38}.Debug|arm64.Build.0 = Debug|Any CPU
		{83AEFD8C-A669-40EB-9DE1-41078793FD38}.Debug|x64.ActiveCfg = Debug|Any CPU
		{83AEFD8C-A669-40EB-9DE1-41078793FD38}.Debug|x64.Build.0 = Debug|Any CPU
		{83AEFD8C-A669-40EB-9DE1-41078793FD38}.Debug|x86.ActiveCfg = Debug|Any CPU
		{83AEFD8C-A669-40EB-9DE1-41078793FD38}.Debug|x86.Build.0 = Debug|Any CPU
		{83AEFD8C-A669-40EB-9DE1-41078793FD38}.Release|Any CPU.ActiveCfg = Release|Any CPU
		{83AEFD8C-A669-40EB-9DE1-41078793FD38}.Release|Any CPU.Build.0 = Release|Any CPU
		{83AEFD8C-A669-40EB-9DE1-41078793FD38}.Release|arm64.ActiveCfg = Release|Any CPU
		{83AEFD8C-A669-40EB-9DE1-41078793FD38}.Release|arm64.Build.0 = Release|Any CPU
		{83AEFD8C-A669-40EB-9DE1-41078793FD38}.Release|x64.ActiveCfg = Release|Any CPU
		{83AEFD8C-A669-40EB-9DE1-41078793FD38}.Release|x64.Build.0 = Release|Any CPU
		{83AEFD8C-A669-40EB-9DE1-41078793FD38}.Release|x86.ActiveCfg = Release|Any CPU
		{83AEFD8C-A669-40EB-9DE1-41078793FD38}.Release|x86.Build.0 = Release|Any CPU
		{3CB2F226-75F9-44D5-B5DA-41F1D9383786}.Debug|Any CPU.ActiveCfg = Debug|Any CPU
		{3CB2F226-75F9-44D5-B5DA-41F1D9383786}.Debug|Any CPU.Build.0 = Debug|Any CPU
		{3CB2F226-75F9-44D5-B5DA-41F1D9383786}.Debug|arm64.ActiveCfg = Debug|Any CPU
		{3CB2F226-75F9-44D5-B5DA-41F1D9383786}.Debug|arm64.Build.0 = Debug|Any CPU
		{3CB2F226-75F9-44D5-B5DA-41F1D9383786}.Debug|x64.ActiveCfg = Debug|Any CPU
		{3CB2F226-75F9-44D5-B5DA-41F1D9383786}.Debug|x64.Build.0 = Debug|Any CPU
		{3CB2F226-75F9-44D5-B5DA-41F1D9383786}.Debug|x86.ActiveCfg = Debug|Any CPU
		{3CB2F226-75F9-44D5-B5DA-41F1D9383786}.Debug|x86.Build.0 = Debug|Any CPU
		{3CB2F226-75F9-44D5-B5DA-41F1D9383786}.Release|Any CPU.ActiveCfg = Release|Any CPU
		{3CB2F226-75F9-44D5-B5DA-41F1D9383786}.Release|Any CPU.Build.0 = Release|Any CPU
		{3CB2F226-75F9-44D5-B5DA-41F1D9383786}.Release|arm64.ActiveCfg = Release|Any CPU
		{3CB2F226-75F9-44D5-B5DA-41F1D9383786}.Release|arm64.Build.0 = Release|Any CPU
		{3CB2F226-75F9-44D5-B5DA-41F1D9383786}.Release|x64.ActiveCfg = Release|Any CPU
		{3CB2F226-75F9-44D5-B5DA-41F1D9383786}.Release|x64.Build.0 = Release|Any CPU
		{3CB2F226-75F9-44D5-B5DA-41F1D9383786}.Release|x86.ActiveCfg = Release|Any CPU
		{3CB2F226-75F9-44D5-B5DA-41F1D9383786}.Release|x86.Build.0 = Release|Any CPU
		{F435655E-9DD6-4B87-8D98-E48708B243B1}.Debug|Any CPU.ActiveCfg = Debug|Any CPU
		{F435655E-9DD6-4B87-8D98-E48708B243B1}.Debug|Any CPU.Build.0 = Debug|Any CPU
		{F435655E-9DD6-4B87-8D98-E48708B243B1}.Debug|arm64.ActiveCfg = Debug|Any CPU
		{F435655E-9DD6-4B87-8D98-E48708B243B1}.Debug|arm64.Build.0 = Debug|Any CPU
		{F435655E-9DD6-4B87-8D98-E48708B243B1}.Debug|x64.ActiveCfg = Debug|Any CPU
		{F435655E-9DD6-4B87-8D98-E48708B243B1}.Debug|x64.Build.0 = Debug|Any CPU
		{F435655E-9DD6-4B87-8D98-E48708B243B1}.Debug|x86.ActiveCfg = Debug|Any CPU
		{F435655E-9DD6-4B87-8D98-E48708B243B1}.Debug|x86.Build.0 = Debug|Any CPU
		{F435655E-9DD6-4B87-8D98-E48708B243B1}.Release|Any CPU.ActiveCfg = Release|Any CPU
		{F435655E-9DD6-4B87-8D98-E48708B243B1}.Release|Any CPU.Build.0 = Release|Any CPU
		{F435655E-9DD6-4B87-8D98-E48708B243B1}.Release|arm64.ActiveCfg = Release|Any CPU
		{F435655E-9DD6-4B87-8D98-E48708B243B1}.Release|arm64.Build.0 = Release|Any CPU
		{F435655E-9DD6-4B87-8D98-E48708B243B1}.Release|x64.ActiveCfg = Release|Any CPU
		{F435655E-9DD6-4B87-8D98-E48708B243B1}.Release|x64.Build.0 = Release|Any CPU
		{F435655E-9DD6-4B87-8D98-E48708B243B1}.Release|x86.ActiveCfg = Release|Any CPU
		{F435655E-9DD6-4B87-8D98-E48708B243B1}.Release|x86.Build.0 = Release|Any CPU
		{C019403C-F55D-43C8-A120-FC72B2270919}.Debug|Any CPU.ActiveCfg = Debug|Any CPU
		{C019403C-F55D-43C8-A120-FC72B2270919}.Debug|Any CPU.Build.0 = Debug|Any CPU
		{C019403C-F55D-43C8-A120-FC72B2270919}.Debug|arm64.ActiveCfg = Debug|Any CPU
		{C019403C-F55D-43C8-A120-FC72B2270919}.Debug|arm64.Build.0 = Debug|Any CPU
		{C019403C-F55D-43C8-A120-FC72B2270919}.Debug|x64.ActiveCfg = Debug|Any CPU
		{C019403C-F55D-43C8-A120-FC72B2270919}.Debug|x64.Build.0 = Debug|Any CPU
		{C019403C-F55D-43C8-A120-FC72B2270919}.Debug|x86.ActiveCfg = Debug|Any CPU
		{C019403C-F55D-43C8-A120-FC72B2270919}.Debug|x86.Build.0 = Debug|Any CPU
		{C019403C-F55D-43C8-A120-FC72B2270919}.Release|Any CPU.ActiveCfg = Release|Any CPU
		{C019403C-F55D-43C8-A120-FC72B2270919}.Release|Any CPU.Build.0 = Release|Any CPU
		{C019403C-F55D-43C8-A120-FC72B2270919}.Release|arm64.ActiveCfg = Release|Any CPU
		{C019403C-F55D-43C8-A120-FC72B2270919}.Release|arm64.Build.0 = Release|Any CPU
		{C019403C-F55D-43C8-A120-FC72B2270919}.Release|x64.ActiveCfg = Release|Any CPU
		{C019403C-F55D-43C8-A120-FC72B2270919}.Release|x64.Build.0 = Release|Any CPU
		{C019403C-F55D-43C8-A120-FC72B2270919}.Release|x86.ActiveCfg = Release|Any CPU
		{C019403C-F55D-43C8-A120-FC72B2270919}.Release|x86.Build.0 = Release|Any CPU
		{5A738DAD-0CAD-48FB-AA9E-87B2D1F282BA}.Debug|Any CPU.ActiveCfg = Debug|Any CPU
		{5A738DAD-0CAD-48FB-AA9E-87B2D1F282BA}.Debug|Any CPU.Build.0 = Debug|Any CPU
		{5A738DAD-0CAD-48FB-AA9E-87B2D1F282BA}.Debug|arm64.ActiveCfg = Debug|Any CPU
		{5A738DAD-0CAD-48FB-AA9E-87B2D1F282BA}.Debug|arm64.Build.0 = Debug|Any CPU
		{5A738DAD-0CAD-48FB-AA9E-87B2D1F282BA}.Debug|x64.ActiveCfg = Debug|Any CPU
		{5A738DAD-0CAD-48FB-AA9E-87B2D1F282BA}.Debug|x64.Build.0 = Debug|Any CPU
		{5A738DAD-0CAD-48FB-AA9E-87B2D1F282BA}.Debug|x86.ActiveCfg = Debug|Any CPU
		{5A738DAD-0CAD-48FB-AA9E-87B2D1F282BA}.Debug|x86.Build.0 = Debug|Any CPU
		{5A738DAD-0CAD-48FB-AA9E-87B2D1F282BA}.Release|Any CPU.ActiveCfg = Release|Any CPU
		{5A738DAD-0CAD-48FB-AA9E-87B2D1F282BA}.Release|Any CPU.Build.0 = Release|Any CPU
		{5A738DAD-0CAD-48FB-AA9E-87B2D1F282BA}.Release|arm64.ActiveCfg = Release|Any CPU
		{5A738DAD-0CAD-48FB-AA9E-87B2D1F282BA}.Release|arm64.Build.0 = Release|Any CPU
		{5A738DAD-0CAD-48FB-AA9E-87B2D1F282BA}.Release|x64.ActiveCfg = Release|Any CPU
		{5A738DAD-0CAD-48FB-AA9E-87B2D1F282BA}.Release|x64.Build.0 = Release|Any CPU
		{5A738DAD-0CAD-48FB-AA9E-87B2D1F282BA}.Release|x86.ActiveCfg = Release|Any CPU
		{5A738DAD-0CAD-48FB-AA9E-87B2D1F282BA}.Release|x86.Build.0 = Release|Any CPU
	EndGlobalSection
	GlobalSection(SolutionProperties) = preSolution
		HideSolutionNode = FALSE
	EndGlobalSection
	GlobalSection(NestedProjects) = preSolution
		{4C58AE60-E887-489A-B332-ECFD7DC20F4D} = {8CD6F17A-69DF-4950-958B-57206FD36B5E}
		{5A03EEC4-4EAA-4C9F-9E34-8CADD2D7FBD9} = {4C58AE60-E887-489A-B332-ECFD7DC20F4D}
		{5BE31DF9-7A4E-4612-9650-FAE9BF68FBC4} = {4C58AE60-E887-489A-B332-ECFD7DC20F4D}
		{4DB07D95-627F-4CE4-9790-97C9BDF142D9} = {4C58AE60-E887-489A-B332-ECFD7DC20F4D}
		{D7F75F70-70EC-47D7-8FB8-F953052DC96D} = {4C58AE60-E887-489A-B332-ECFD7DC20F4D}
		{23B58928-C04D-45EF-97F4-307A50FFACE4} = {4C58AE60-E887-489A-B332-ECFD7DC20F4D}
		{BE56CEA5-F2B8-47B9-A969-D0235E88A35A} = {4C58AE60-E887-489A-B332-ECFD7DC20F4D}
		{6279C845-92F8-4333-AB99-3D213163593C} = {8CD6F17A-69DF-4950-958B-57206FD36B5E}
		{AF2D8B5B-0A6C-401D-9045-E9572D8A64C7} = {8CD6F17A-69DF-4950-958B-57206FD36B5E}
		{96FD0B40-3A8C-4E49-899F-260A41364EF6} = {DE356FB2-F2B6-4D5D-9B96-579A4DFC770D}
		{7DA54956-0EA7-428F-B2F8-28EEBE61FE4B} = {DE356FB2-F2B6-4D5D-9B96-579A4DFC770D}
		{7F6DA9BF-5637-4EF1-9E6D-4D24396757B8} = {8CD6F17A-69DF-4950-958B-57206FD36B5E}
		{937928F8-F1BD-452B-B502-C7EE24DD57C6} = {8CD6F17A-69DF-4950-958B-57206FD36B5E}
		{C00695B4-21C2-4A86-A83C-3ED045AC5DD2} = {6BE5EC5E-7045-4B3A-9486-44C07DEC247E}
		{0E164451-7D03-4C74-8C36-CB5E7692FBB1} = {DE356FB2-F2B6-4D5D-9B96-579A4DFC770D}
		{6EE927B7-0671-467A-8EF5-444CB13E606A} = {6FC5203C-B525-4E29-AD3C-6E0CA96677A7}
		{F8F0001C-B985-4C23-87CC-40778EF82943} = {6FC5203C-B525-4E29-AD3C-6E0CA96677A7}
		{4145ACC8-507D-4F65-94B1-D770412E908C} = {6FC5203C-B525-4E29-AD3C-6E0CA96677A7}
		{AE4508BA-9C79-4773-9F7A-E9FC2EF1FFA2} = {6FC5203C-B525-4E29-AD3C-6E0CA96677A7}
		{3B5B9088-9DCA-4044-8D6A-87179DA7A816} = {DE356FB2-F2B6-4D5D-9B96-579A4DFC770D}
		{17E79B6F-DC0D-4C55-8989-D57E7AE53A90} = {ADAF8BB1-AB66-41E2-A623-BB8E5D4745B5}
		{83AEFD8C-A669-40EB-9DE1-41078793FD38} = {6FC5203C-B525-4E29-AD3C-6E0CA96677A7}
		{3CB2F226-75F9-44D5-B5DA-41F1D9383786} = {6FC5203C-B525-4E29-AD3C-6E0CA96677A7}
		{F435655E-9DD6-4B87-8D98-E48708B243B1} = {ADAF8BB1-AB66-41E2-A623-BB8E5D4745B5}
		{C019403C-F55D-43C8-A120-FC72B2270919} = {ADAF8BB1-AB66-41E2-A623-BB8E5D4745B5}
		{5A738DAD-0CAD-48FB-AA9E-87B2D1F282BA} = {ADAF8BB1-AB66-41E2-A623-BB8E5D4745B5}
		{4B0435A7-AFAB-4970-BE22-896991B52AB0} = {ADAF8BB1-AB66-41E2-A623-BB8E5D4745B5}
	EndGlobalSection
	GlobalSection(ExtensibilityGlobals) = postSolution
		SolutionGuid = {EFAD32C2-A9C1-4547-A40E-D4013F5DDC66}
	EndGlobalSection
	GlobalSection(SharedMSBuildProjectFiles) = preSolution
		Ligric.UI.Shared\Ligric.UI.Shared.projitems*{23b58928-c04d-45ef-97f4-307a50fface4}*SharedItemsImports = 5
		Ligric.UI.Shared\Ligric.UI.Shared.projitems*{4db07d95-627f-4ce4-9790-97c9bdf142d9}*SharedItemsImports = 5
		Ligric.UI.Shared\Ligric.UI.Shared.projitems*{5a03eec4-4eaa-4c9f-9e34-8cadd2d7fbd9}*SharedItemsImports = 5
		Ligric.UI.Shared\Ligric.UI.Shared.projitems*{5be31df9-7a4e-4612-9650-fae9bf68fbc4}*SharedItemsImports = 5
		Ligric.UI.Shared\Ligric.UI.Shared.projitems*{6279c845-92f8-4333-ab99-3d213163593c}*SharedItemsImports = 13
		Ligric.UI.Shared\Ligric.UI.Shared.projitems*{be56cea5-f2b8-47b9-a969-d0235e88a35a}*SharedItemsImports = 5
		Ligric.UI.Shared\Ligric.UI.Shared.projitems*{d7f75f70-70ec-47d7-8fb8-f953052dc96d}*SharedItemsImports = 5
	EndGlobalSection
EndGlobal
