
Microsoft Visual Studio Solution File, Format Version 12.00
# Visual Studio Version 17
VisualStudioVersion = 17.0.31612.314
MinimumVisualStudioVersion = 10.0.40219.1
Project("{9A19103F-16F7-4668-BE54-9A1E7A4F7556}") = "Test", "Test\Test.csproj", "{D36A3E8F-AF8E-44D2-9CC7-940B7A4B8D49}"
EndProject
Project("{2150E333-8FDC-42A3-9474-1A3956D46DE8}") = "Board", "Board", "{C7B4248B-25F6-4098-AB55-9B6E10908E76}"
EndProject
Project("{2150E333-8FDC-42A3-9474-1A3956D46DE8}") = "Api", "Api", "{321B7A2A-F2F5-4435-AE75-B5481C3EFACF}"
EndProject
Project("{9A19103F-16F7-4668-BE54-9A1E7A4F7556}") = "Common", "DataProviders\Repositories\Common\Common.csproj", "{18BA4F91-0B02-4892-B195-37F47AF38BD2}"
EndProject
Project("{9A19103F-16F7-4668-BE54-9A1E7A4F7556}") = "AbstractionRequestSender", "DataProviders\Api's\AbstractionRequestSender\AbstractionRequestSender.csproj", "{2E22AD48-5092-4105-A864-D3D757093553}"
EndProject
Project("{9A19103F-16F7-4668-BE54-9A1E7A4F7556}") = "BitZlatoApi", "DataProviders\Api's\BitZlatoApi\BitZlatoApi.csproj", "{F3958733-29F9-4277-AF41-7403A6B5E686}"
EndProject
Project("{9A19103F-16F7-4668-BE54-9A1E7A4F7556}") = "BoardRepositories", "DataProviders\Repositories\BoardRepositories\BoardRepositories.csproj", "{50E22F57-8045-40E2-8D83-50E9922F73B8}"
EndProject
Global
	GlobalSection(SolutionConfigurationPlatforms) = preSolution
		Debug|Any CPU = Debug|Any CPU
		Release|Any CPU = Release|Any CPU
	EndGlobalSection
	GlobalSection(ProjectConfigurationPlatforms) = postSolution
		{D36A3E8F-AF8E-44D2-9CC7-940B7A4B8D49}.Debug|Any CPU.ActiveCfg = Debug|Any CPU
		{D36A3E8F-AF8E-44D2-9CC7-940B7A4B8D49}.Debug|Any CPU.Build.0 = Debug|Any CPU
		{D36A3E8F-AF8E-44D2-9CC7-940B7A4B8D49}.Release|Any CPU.ActiveCfg = Release|Any CPU
		{D36A3E8F-AF8E-44D2-9CC7-940B7A4B8D49}.Release|Any CPU.Build.0 = Release|Any CPU
		{18BA4F91-0B02-4892-B195-37F47AF38BD2}.Debug|Any CPU.ActiveCfg = Debug|Any CPU
		{18BA4F91-0B02-4892-B195-37F47AF38BD2}.Debug|Any CPU.Build.0 = Debug|Any CPU
		{18BA4F91-0B02-4892-B195-37F47AF38BD2}.Release|Any CPU.ActiveCfg = Release|Any CPU
		{18BA4F91-0B02-4892-B195-37F47AF38BD2}.Release|Any CPU.Build.0 = Release|Any CPU
		{2E22AD48-5092-4105-A864-D3D757093553}.Debug|Any CPU.ActiveCfg = Debug|Any CPU
		{2E22AD48-5092-4105-A864-D3D757093553}.Debug|Any CPU.Build.0 = Debug|Any CPU
		{2E22AD48-5092-4105-A864-D3D757093553}.Release|Any CPU.ActiveCfg = Release|Any CPU
		{2E22AD48-5092-4105-A864-D3D757093553}.Release|Any CPU.Build.0 = Release|Any CPU
		{F3958733-29F9-4277-AF41-7403A6B5E686}.Debug|Any CPU.ActiveCfg = Debug|Any CPU
		{F3958733-29F9-4277-AF41-7403A6B5E686}.Debug|Any CPU.Build.0 = Debug|Any CPU
		{F3958733-29F9-4277-AF41-7403A6B5E686}.Release|Any CPU.ActiveCfg = Release|Any CPU
		{F3958733-29F9-4277-AF41-7403A6B5E686}.Release|Any CPU.Build.0 = Release|Any CPU
		{50E22F57-8045-40E2-8D83-50E9922F73B8}.Debug|Any CPU.ActiveCfg = Debug|Any CPU
		{50E22F57-8045-40E2-8D83-50E9922F73B8}.Debug|Any CPU.Build.0 = Debug|Any CPU
		{50E22F57-8045-40E2-8D83-50E9922F73B8}.Release|Any CPU.ActiveCfg = Release|Any CPU
		{50E22F57-8045-40E2-8D83-50E9922F73B8}.Release|Any CPU.Build.0 = Release|Any CPU
	EndGlobalSection
	GlobalSection(SolutionProperties) = preSolution
		HideSolutionNode = FALSE
	EndGlobalSection
	GlobalSection(NestedProjects) = preSolution
		{18BA4F91-0B02-4892-B195-37F47AF38BD2} = {C7B4248B-25F6-4098-AB55-9B6E10908E76}
		{2E22AD48-5092-4105-A864-D3D757093553} = {321B7A2A-F2F5-4435-AE75-B5481C3EFACF}
		{F3958733-29F9-4277-AF41-7403A6B5E686} = {321B7A2A-F2F5-4435-AE75-B5481C3EFACF}
		{50E22F57-8045-40E2-8D83-50E9922F73B8} = {C7B4248B-25F6-4098-AB55-9B6E10908E76}
	EndGlobalSection
	GlobalSection(ExtensibilityGlobals) = postSolution
		SolutionGuid = {5A51F364-BE5C-4DD0-BAAB-916A1339C6F5}
	EndGlobalSection
EndGlobal
